interactions:
- request:
    body: '{"properties": {"level": "ReadOnly"}}'
    headers:
      Accept:
      - application/json
      Accept-Encoding:
      - gzip, deflate
      CommandName:
      - lock create
      Connection:
      - keep-alive
      Content-Length:
      - '37'
      Content-Type:
      - application/json; charset=utf-8
      ParameterSetName:
      - -n -g --lock-type
      User-Agent:
      - python/3.8.3 (Windows-10-10.0.19041-SP0) msrest/0.6.9 msrest_azure/0.6.3 azure-mgmt-resource/10.1.0
        Azure-SDK-For-Python AZURECLI/2.8.0
      accept-language:
      - en-US
    method: PUT
    uri: https://management.azure.com/subscriptions/00000000-0000-0000-0000-000000000000/resourceGroups/cli_test_readonly_resource_group_lock000001/providers/Microsoft.Authorization/locks/cli-test-lock000002?api-version=2016-09-01
  response:
    body:
      string: '{"properties":{"level":"ReadOnly"},"id":"/subscriptions/00000000-0000-0000-0000-000000000000/resourceGroups/cli_test_readonly_resource_group_lock000001/providers/Microsoft.Authorization/locks/cli-test-lock000002","type":"Microsoft.Authorization/locks","name":"cli-test-lock000002"}'
    headers:
      cache-control:
      - no-cache
      content-length:
      - '371'
      content-type:
      - application/json; charset=utf-8
      date:
      - Thu, 09 Jul 2020 16:18:00 GMT
      expires:
      - '-1'
      pragma:
      - no-cache
      strict-transport-security:
      - max-age=31536000; includeSubDomains
      x-content-type-options:
      - nosniff
      x-ms-ratelimit-remaining-subscription-writes:
      - '1199'
    status:
      code: 201
      message: Created
- request:
    body: null
    headers:
      Accept:
      - application/json
      Accept-Encoding:
      - gzip, deflate
      CommandName:
      - lock show
      Connection:
      - keep-alive
      ParameterSetName:
      - -g -n
      User-Agent:
      - python/3.8.3 (Windows-10-10.0.19041-SP0) msrest/0.6.9 msrest_azure/0.6.3 azure-mgmt-resource/10.1.0
        Azure-SDK-For-Python AZURECLI/2.8.0
      accept-language:
      - en-US
    method: GET
    uri: https://management.azure.com/subscriptions/00000000-0000-0000-0000-000000000000/providers/Microsoft.Authorization/locks?api-version=2016-09-01
  response:
    body:
      string: '{"value":[{"properties":{"level":"ReadOnly"},"id":"/subscriptions/00000000-0000-0000-0000-000000000000/resourceGroups/cli_test_readonly_resource_group_lock000001/providers/Microsoft.Authorization/locks/cli-test-lock000002","type":"Microsoft.Authorization/locks","name":"cli-test-lock000002"},{"properties":{"level":"ReadOnly","notes":"somenotes"},"id":"/subscriptions/00000000-0000-0000-0000-000000000000/resourceGroups/cli_test_lock_commands_with_ids2nppvddzororjhcmwo2pkxrpmzszwfuxsrvf6uemwgal/providers/Microsoft.Authorization/locks/cli-test-lockeqfygpcegzc6n74pcjepj34bn3sjmuhiu3cqe","type":"Microsoft.Authorization/locks","name":"cli-test-lockeqfygpcegzc6n74pcjepj34bn3sjmuhiu3cqe"},{"properties":{"level":"ReadOnly","notes":"somenotes"},"id":"/subscriptions/00000000-0000-0000-0000-000000000000/resourcegroups/cli_test_lock_commands_with_ids2nppvddzororjhcmwo2pkxrpmzszwfuxsrvf6uemwgal/providers/Microsoft.Network/virtualNetworks/cli-lock-vnetuzz2efnumpfj3xqa3/providers/Microsoft.Authorization/locks/cli-test-lock6t7ty5pm2bgttdgynggov6gbibwytvjbn4i4j","type":"Microsoft.Authorization/locks","name":"cli-test-lock6t7ty5pm2bgttdgynggov6gbibwytvjbn4i4j"},{"properties":{"level":"CanNotDelete"},"id":"/subscriptions/00000000-0000-0000-0000-000000000000/resourcegroups/cli_test_lock_commands_with_ids2nppvddzororjhcmwo2pkxrpmzszwfuxsrvf6uemwgal/providers/Microsoft.Network/virtualNetworks/cli-lock-vnetuzz2efnumpfj3xqa3/subnets/cli-lock-subnetya57m2fwljoqwau/providers/Microsoft.Authorization/locks/cli-test-lockuby52se","type":"Microsoft.Authorization/locks","name":"cli-test-lockuby52se"}]}'
    headers:
      cache-control:
      - no-cache
      content-length:
      - '1684'
      content-type:
      - application/json; charset=utf-8
      date:
      - Thu, 09 Jul 2020 16:18:06 GMT
      expires:
      - '-1'
      pragma:
      - no-cache
      strict-transport-security:
      - max-age=31536000; includeSubDomains
      transfer-encoding:
      - chunked
      vary:
      - Accept-Encoding,Accept-Encoding
      x-content-type-options:
      - nosniff
    status:
      code: 200
      message: OK
- request:
    body: null
    headers:
      Accept:
      - application/json
      Accept-Encoding:
      - gzip, deflate
      CommandName:
      - lock show
      Connection:
      - keep-alive
      ParameterSetName:
      - -g -n
      User-Agent:
      - python/3.8.3 (Windows-10-10.0.19041-SP0) msrest/0.6.9 msrest_azure/0.6.3 azure-mgmt-resource/10.1.0
        Azure-SDK-For-Python AZURECLI/2.8.0
      accept-language:
      - en-US
    method: GET
    uri: https://management.azure.com/subscriptions/00000000-0000-0000-0000-000000000000/resourceGroups/cli_test_readonly_resource_group_lock000001/providers/Microsoft.Authorization/locks/cli-test-lock000002?api-version=2016-09-01
  response:
    body:
      string: '{"properties":{"level":"ReadOnly"},"id":"/subscriptions/00000000-0000-0000-0000-000000000000/resourceGroups/cli_test_readonly_resource_group_lock000001/providers/Microsoft.Authorization/locks/cli-test-lock000002","type":"Microsoft.Authorization/locks","name":"cli-test-lock000002"}'
    headers:
      cache-control:
      - no-cache
      content-length:
      - '371'
      content-type:
      - application/json; charset=utf-8
      date:
      - Thu, 09 Jul 2020 16:18:07 GMT
      expires:
      - '-1'
      pragma:
      - no-cache
      strict-transport-security:
      - max-age=31536000; includeSubDomains
      transfer-encoding:
      - chunked
      vary:
      - Accept-Encoding,Accept-Encoding
      x-content-type-options:
      - nosniff
    status:
      code: 200
      message: OK
- request:
    body: null
    headers:
      Accept:
      - application/json
      Accept-Encoding:
      - gzip, deflate
      CommandName:
      - lock list
      Connection:
      - keep-alive
      ParameterSetName:
      - -g --query
      User-Agent:
      - python/3.8.3 (Windows-10-10.0.19041-SP0) msrest/0.6.9 msrest_azure/0.6.3 azure-mgmt-resource/10.1.0
        Azure-SDK-For-Python AZURECLI/2.8.0
      accept-language:
      - en-US
    method: GET
    uri: https://management.azure.com/subscriptions/00000000-0000-0000-0000-000000000000/resourceGroups/cli_test_readonly_resource_group_lock000001/providers/Microsoft.Authorization/locks?api-version=2016-09-01
  response:
    body:
      string: '{"value":[{"properties":{"level":"ReadOnly"},"id":"/subscriptions/00000000-0000-0000-0000-000000000000/resourceGroups/cli_test_readonly_resource_group_lock000001/providers/Microsoft.Authorization/locks/cli-test-lock000002","type":"Microsoft.Authorization/locks","name":"cli-test-lock000002"}]}'
    headers:
      cache-control:
      - no-cache
      content-length:
      - '383'
      content-type:
      - application/json; charset=utf-8
      date:
      - Thu, 09 Jul 2020 16:18:07 GMT
      expires:
      - '-1'
      pragma:
      - no-cache
      strict-transport-security:
      - max-age=31536000; includeSubDomains
      transfer-encoding:
      - chunked
      vary:
      - Accept-Encoding,Accept-Encoding
      x-content-type-options:
      - nosniff
    status:
      code: 200
      message: OK
- request:
    body: null
    headers:
      Accept:
      - application/json
      Accept-Encoding:
      - gzip, deflate
      CommandName:
      - lock update
      Connection:
      - keep-alive
      ParameterSetName:
      - -n -g --notes --lock-type
      User-Agent:
      - python/3.8.3 (Windows-10-10.0.19041-SP0) msrest/0.6.9 msrest_azure/0.6.3 azure-mgmt-resource/10.1.0
        Azure-SDK-For-Python AZURECLI/2.8.0
      accept-language:
      - en-US
    method: GET
    uri: https://management.azure.com/subscriptions/00000000-0000-0000-0000-000000000000/providers/Microsoft.Authorization/locks?api-version=2016-09-01
  response:
    body:
      string: '{"value":[{"properties":{"level":"ReadOnly"},"id":"/subscriptions/00000000-0000-0000-0000-000000000000/resourceGroups/cli_test_readonly_resource_group_lock000001/providers/Microsoft.Authorization/locks/cli-test-lock000002","type":"Microsoft.Authorization/locks","name":"cli-test-lock000002"},{"properties":{"level":"ReadOnly","notes":"somenotes"},"id":"/subscriptions/00000000-0000-0000-0000-000000000000/resourceGroups/cli_test_lock_commands_with_ids2nppvddzororjhcmwo2pkxrpmzszwfuxsrvf6uemwgal/providers/Microsoft.Authorization/locks/cli-test-lockeqfygpcegzc6n74pcjepj34bn3sjmuhiu3cqe","type":"Microsoft.Authorization/locks","name":"cli-test-lockeqfygpcegzc6n74pcjepj34bn3sjmuhiu3cqe"},{"properties":{"level":"ReadOnly","notes":"somenotes"},"id":"/subscriptions/00000000-0000-0000-0000-000000000000/resourcegroups/cli_test_lock_commands_with_ids2nppvddzororjhcmwo2pkxrpmzszwfuxsrvf6uemwgal/providers/Microsoft.Network/virtualNetworks/cli-lock-vnetuzz2efnumpfj3xqa3/providers/Microsoft.Authorization/locks/cli-test-lock6t7ty5pm2bgttdgynggov6gbibwytvjbn4i4j","type":"Microsoft.Authorization/locks","name":"cli-test-lock6t7ty5pm2bgttdgynggov6gbibwytvjbn4i4j"},{"properties":{"level":"ReadOnly","notes":"somenotes"},"id":"/subscriptions/00000000-0000-0000-0000-000000000000/resourcegroups/cli_test_lock_commands_with_ids2nppvddzororjhcmwo2pkxrpmzszwfuxsrvf6uemwgal/providers/Microsoft.Network/virtualNetworks/cli-lock-vnetuzz2efnumpfj3xqa3/subnets/cli-lock-subnetya57m2fwljoqwau/providers/Microsoft.Authorization/locks/cli-test-lockuby52se","type":"Microsoft.Authorization/locks","name":"cli-test-lockuby52se"}]}'
    headers:
      cache-control:
      - no-cache
      content-length:
      - '1700'
      content-type:
      - application/json; charset=utf-8
      date:
      - Thu, 09 Jul 2020 16:18:08 GMT
      expires:
      - '-1'
      pragma:
      - no-cache
      strict-transport-security:
      - max-age=31536000; includeSubDomains
      transfer-encoding:
      - chunked
      vary:
      - Accept-Encoding,Accept-Encoding
      x-content-type-options:
      - nosniff
    status:
      code: 200
      message: OK
- request:
    body: null
    headers:
      Accept:
      - application/json
      Accept-Encoding:
      - gzip, deflate
      CommandName:
      - lock update
      Connection:
      - keep-alive
      ParameterSetName:
      - -n -g --notes --lock-type
      User-Agent:
      - python/3.8.3 (Windows-10-10.0.19041-SP0) msrest/0.6.9 msrest_azure/0.6.3 azure-mgmt-resource/10.1.0
        Azure-SDK-For-Python AZURECLI/2.8.0
      accept-language:
      - en-US
    method: GET
    uri: https://management.azure.com/subscriptions/00000000-0000-0000-0000-000000000000/resourceGroups/cli_test_readonly_resource_group_lock000001/providers/Microsoft.Authorization/locks/cli-test-lock000002?api-version=2016-09-01
  response:
    body:
      string: '{"properties":{"level":"ReadOnly"},"id":"/subscriptions/00000000-0000-0000-0000-000000000000/resourceGroups/cli_test_readonly_resource_group_lock000001/providers/Microsoft.Authorization/locks/cli-test-lock000002","type":"Microsoft.Authorization/locks","name":"cli-test-lock000002"}'
    headers:
      cache-control:
      - no-cache
      content-length:
      - '371'
      content-type:
      - application/json; charset=utf-8
      date:
      - Thu, 09 Jul 2020 16:18:08 GMT
      expires:
      - '-1'
      pragma:
      - no-cache
      strict-transport-security:
      - max-age=31536000; includeSubDomains
      transfer-encoding:
      - chunked
      vary:
      - Accept-Encoding,Accept-Encoding
      x-content-type-options:
      - nosniff
    status:
      code: 200
      message: OK
- request:
    body: '{"properties": {"level": "CanNotDelete", "notes": "notes000003"}}'
    headers:
      Accept:
      - application/json
      Accept-Encoding:
      - gzip, deflate
      CommandName:
      - lock update
      Connection:
      - keep-alive
      Content-Length:
      - '74'
      Content-Type:
      - application/json; charset=utf-8
      ParameterSetName:
      - -n -g --notes --lock-type
      User-Agent:
      - python/3.8.3 (Windows-10-10.0.19041-SP0) msrest/0.6.9 msrest_azure/0.6.3 azure-mgmt-resource/10.1.0
        Azure-SDK-For-Python AZURECLI/2.8.0
      accept-language:
      - en-US
    method: PUT
    uri: https://management.azure.com/subscriptions/00000000-0000-0000-0000-000000000000/resourceGroups/cli_test_readonly_resource_group_lock000001/providers/Microsoft.Authorization/locks/cli-test-lock000002?api-version=2016-09-01
  response:
    body:
      string: '{"properties":{"level":"CanNotDelete","notes":"notes000003"},"id":"/subscriptions/00000000-0000-0000-0000-000000000000/resourceGroups/cli_test_readonly_resource_group_lock000001/providers/Microsoft.Authorization/locks/cli-test-lock000002","type":"Microsoft.Authorization/locks","name":"cli-test-lock000002"}'
    headers:
      cache-control:
      - no-cache
      content-length:
      - '406'
      content-type:
      - application/json; charset=utf-8
      date:
      - Thu, 09 Jul 2020 16:18:08 GMT
      expires:
      - '-1'
      pragma:
      - no-cache
      strict-transport-security:
      - max-age=31536000; includeSubDomains
      transfer-encoding:
      - chunked
      vary:
      - Accept-Encoding,Accept-Encoding
      x-content-type-options:
      - nosniff
      x-ms-ratelimit-remaining-subscription-writes:
      - '1199'
    status:
      code: 200
      message: OK
- request:
    body: null
    headers:
      Accept:
      - application/json
      Accept-Encoding:
      - gzip, deflate
      CommandName:
      - lock delete
      Connection:
      - keep-alive
      ParameterSetName:
      - -g -n
      User-Agent:
      - python/3.8.3 (Windows-10-10.0.19041-SP0) msrest/0.6.9 msrest_azure/0.6.3 azure-mgmt-resource/10.1.0
        Azure-SDK-For-Python AZURECLI/2.8.0
      accept-language:
      - en-US
    method: GET
    uri: https://management.azure.com/subscriptions/00000000-0000-0000-0000-000000000000/providers/Microsoft.Authorization/locks?api-version=2016-09-01
  response:
    body:
      string: '{"value":[{"properties":{"level":"CanNotDelete","notes":"notes000003"},"id":"/subscriptions/00000000-0000-0000-0000-000000000000/resourceGroups/cli_test_readonly_resource_group_lock000001/providers/Microsoft.Authorization/locks/cli-test-lock000002","type":"Microsoft.Authorization/locks","name":"cli-test-lock000002"},{"properties":{"level":"ReadOnly","notes":"somenotes"},"id":"/subscriptions/00000000-0000-0000-0000-000000000000/resourcegroups/cli_test_lock_commands_with_ids2nppvddzororjhcmwo2pkxrpmzszwfuxsrvf6uemwgal/providers/Microsoft.Network/virtualNetworks/cli-lock-vnetuzz2efnumpfj3xqa3/subnets/cli-lock-subnetya57m2fwljoqwau/providers/Microsoft.Authorization/locks/cli-test-lockuby52se","type":"Microsoft.Authorization/locks","name":"cli-test-lockuby52se"}]}'
    headers:
      cache-control:
      - no-cache
      content-length:
      - '868'
      content-type:
      - application/json; charset=utf-8
      date:
      - Thu, 09 Jul 2020 16:18:08 GMT
      expires:
      - '-1'
      pragma:
      - no-cache
      strict-transport-security:
      - max-age=31536000; includeSubDomains
      transfer-encoding:
      - chunked
      vary:
      - Accept-Encoding,Accept-Encoding
      x-content-type-options:
      - nosniff
    status:
      code: 200
      message: OK
- request:
    body: null
    headers:
      Accept:
      - application/json
      Accept-Encoding:
      - gzip, deflate
      CommandName:
      - lock delete
      Connection:
      - keep-alive
      Content-Length:
      - '0'
      ParameterSetName:
      - -g -n
      User-Agent:
      - python/3.8.3 (Windows-10-10.0.19041-SP0) msrest/0.6.9 msrest_azure/0.6.3 azure-mgmt-resource/10.1.0
        Azure-SDK-For-Python AZURECLI/2.8.0
      accept-language:
      - en-US
    method: DELETE
    uri: https://management.azure.com/subscriptions/00000000-0000-0000-0000-000000000000/resourceGroups/cli_test_readonly_resource_group_lock000001/providers/Microsoft.Authorization/locks/cli-test-lock000002?api-version=2016-09-01
  response:
    body:
      string: ''
    headers:
      cache-control:
      - no-cache
      content-length:
      - '0'
      date:
      - Thu, 09 Jul 2020 16:18:09 GMT
      expires:
      - '-1'
      pragma:
      - no-cache
      strict-transport-security:
      - max-age=31536000; includeSubDomains
      x-content-type-options:
      - nosniff
      x-ms-ratelimit-remaining-subscription-deletes:
      - '14999'
    status:
      code: 200
      message: OK
version: 1
