interactions:
- request:
    body: null
    headers:
      Accept:
      - application/json
      Accept-Encoding:
      - gzip, deflate
      CommandName:
      - network vnet create
      Connection:
      - keep-alive
      ParameterSetName:
      - -n -g
      User-Agent:
      - python/3.8.3 (Windows-10-10.0.19041-SP0) msrest/0.6.9 msrest_azure/0.6.3 azure-mgmt-resource/10.1.0
        Azure-SDK-For-Python AZURECLI/2.8.0
      accept-language:
      - en-US
    method: GET
    uri: https://management.azure.com/subscriptions/00000000-0000-0000-0000-000000000000/resourcegroups/cli_test_readonly_resource_lock000001?api-version=2020-06-01
  response:
    body:
      string: '{"id":"/subscriptions/00000000-0000-0000-0000-000000000000/resourceGroups/cli_test_readonly_resource_lock000001","name":"cli_test_readonly_resource_lock000001","type":"Microsoft.Resources/resourceGroups","location":"westus","tags":{"product":"azurecli","cause":"automation","date":"2020-07-09T16:18:03Z"},"properties":{"provisioningState":"Succeeded"}}'
    headers:
      cache-control:
      - no-cache
      content-length:
      - '428'
      content-type:
      - application/json; charset=utf-8
      date:
      - Thu, 09 Jul 2020 16:18:06 GMT
      expires:
      - '-1'
      pragma:
      - no-cache
      strict-transport-security:
      - max-age=31536000; includeSubDomains
      vary:
      - Accept-Encoding
      x-content-type-options:
      - nosniff
    status:
      code: 200
      message: OK
- request:
    body: '{"location": "westus", "tags": {}, "properties": {"addressSpace": {"addressPrefixes":
      ["10.0.0.0/16"]}, "dhcpOptions": {}}}'
    headers:
      Accept:
      - application/json
      Accept-Encoding:
      - gzip, deflate
      CommandName:
      - network vnet create
      Connection:
      - keep-alive
      Content-Length:
      - '123'
      Content-Type:
      - application/json; charset=utf-8
      ParameterSetName:
      - -n -g
      User-Agent:
      - python/3.8.3 (Windows-10-10.0.19041-SP0) msrest/0.6.9 msrest_azure/0.6.3 azure-mgmt-network/11.0.0
        Azure-SDK-For-Python AZURECLI/2.8.0
      accept-language:
      - en-US
    method: PUT
    uri: https://management.azure.com/subscriptions/00000000-0000-0000-0000-000000000000/resourceGroups/cli_test_readonly_resource_lock000001/providers/Microsoft.Network/virtualNetworks/cli.lock.rsrc000002?api-version=2020-05-01
  response:
    body:
      string: "{\r\n  \"name\": \"cli.lock.rsrc000002\",\r\n  \"id\": \"/subscriptions/00000000-0000-0000-0000-000000000000/resourceGroups/cli_test_readonly_resource_lock000001/providers/Microsoft.Network/virtualNetworks/cli.lock.rsrc000002\",\r\n
        \ \"etag\": \"W/\\\"04b30e38-3cf2-4cff-a47f-be18452a2961\\\"\",\r\n  \"type\":
        \"Microsoft.Network/virtualNetworks\",\r\n  \"location\": \"westus\",\r\n
        \ \"tags\": {},\r\n  \"properties\": {\r\n    \"provisioningState\": \"Updating\",\r\n
        \   \"resourceGuid\": \"cde9f94a-d4cf-4897-9ab3-c84edcbd1b20\",\r\n    \"addressSpace\":
        {\r\n      \"addressPrefixes\": [\r\n        \"10.0.0.0/16\"\r\n      ]\r\n
        \   },\r\n    \"dhcpOptions\": {\r\n      \"dnsServers\": []\r\n    },\r\n
        \   \"subnets\": [],\r\n    \"virtualNetworkPeerings\": [],\r\n    \"enableDdosProtection\":
        false,\r\n    \"enableVmProtection\": false\r\n  }\r\n}"
    headers:
      azure-asyncnotification:
      - Enabled
      azure-asyncoperation:
      - https://management.azure.com/subscriptions/00000000-0000-0000-0000-000000000000/providers/Microsoft.Network/locations/westus/operations/e9cc2989-bc06-410f-b07e-a0d422f0f674?api-version=2020-05-01
      cache-control:
      - no-cache
      content-length:
      - '816'
      content-type:
      - application/json; charset=utf-8
      date:
      - Thu, 09 Jul 2020 16:18:08 GMT
      expires:
      - '-1'
      pragma:
      - no-cache
      server:
      - Microsoft-HTTPAPI/2.0
      - Microsoft-HTTPAPI/2.0
      strict-transport-security:
      - max-age=31536000; includeSubDomains
      x-content-type-options:
      - nosniff
      x-ms-arm-service-request-id:
      - 708636e5-a94b-4ae1-8f12-a82cbc0b79da
      x-ms-ratelimit-remaining-subscription-writes:
      - '1199'
    status:
      code: 201
      message: Created
- request:
    body: null
    headers:
      Accept:
      - application/json
      Accept-Encoding:
      - gzip, deflate
      CommandName:
      - network vnet create
      Connection:
      - keep-alive
      ParameterSetName:
      - -n -g
      User-Agent:
      - python/3.8.3 (Windows-10-10.0.19041-SP0) msrest/0.6.9 msrest_azure/0.6.3 azure-mgmt-network/11.0.0
        Azure-SDK-For-Python AZURECLI/2.8.0
    method: GET
    uri: https://management.azure.com/subscriptions/00000000-0000-0000-0000-000000000000/providers/Microsoft.Network/locations/westus/operations/e9cc2989-bc06-410f-b07e-a0d422f0f674?api-version=2020-05-01
  response:
    body:
      string: "{\r\n  \"status\": \"Succeeded\"\r\n}"
    headers:
      cache-control:
      - no-cache
      content-length:
      - '29'
      content-type:
      - application/json; charset=utf-8
      date:
      - Thu, 09 Jul 2020 16:18:11 GMT
      expires:
      - '-1'
      pragma:
      - no-cache
      server:
      - Microsoft-HTTPAPI/2.0
      - Microsoft-HTTPAPI/2.0
      strict-transport-security:
      - max-age=31536000; includeSubDomains
      transfer-encoding:
      - chunked
      vary:
      - Accept-Encoding
      x-content-type-options:
      - nosniff
      x-ms-arm-service-request-id:
      - d8230b9f-6dd5-47a6-bf19-1d9eb6518526
    status:
      code: 200
      message: OK
- request:
    body: null
    headers:
      Accept:
      - application/json
      Accept-Encoding:
      - gzip, deflate
      CommandName:
      - network vnet create
      Connection:
      - keep-alive
      ParameterSetName:
      - -n -g
      User-Agent:
      - python/3.8.3 (Windows-10-10.0.19041-SP0) msrest/0.6.9 msrest_azure/0.6.3 azure-mgmt-network/11.0.0
        Azure-SDK-For-Python AZURECLI/2.8.0
    method: GET
    uri: https://management.azure.com/subscriptions/00000000-0000-0000-0000-000000000000/resourceGroups/cli_test_readonly_resource_lock000001/providers/Microsoft.Network/virtualNetworks/cli.lock.rsrc000002?api-version=2020-05-01
  response:
    body:
      string: "{\r\n  \"name\": \"cli.lock.rsrc000002\",\r\n  \"id\": \"/subscriptions/00000000-0000-0000-0000-000000000000/resourceGroups/cli_test_readonly_resource_lock000001/providers/Microsoft.Network/virtualNetworks/cli.lock.rsrc000002\",\r\n
        \ \"etag\": \"W/\\\"cf64c367-b299-4463-84df-109bcf334ca9\\\"\",\r\n  \"type\":
        \"Microsoft.Network/virtualNetworks\",\r\n  \"location\": \"westus\",\r\n
        \ \"tags\": {},\r\n  \"properties\": {\r\n    \"provisioningState\": \"Succeeded\",\r\n
        \   \"resourceGuid\": \"cde9f94a-d4cf-4897-9ab3-c84edcbd1b20\",\r\n    \"addressSpace\":
        {\r\n      \"addressPrefixes\": [\r\n        \"10.0.0.0/16\"\r\n      ]\r\n
        \   },\r\n    \"dhcpOptions\": {\r\n      \"dnsServers\": []\r\n    },\r\n
        \   \"subnets\": [],\r\n    \"virtualNetworkPeerings\": [],\r\n    \"enableDdosProtection\":
        false,\r\n    \"enableVmProtection\": false\r\n  }\r\n}"
    headers:
      cache-control:
      - no-cache
      content-length:
      - '817'
      content-type:
      - application/json; charset=utf-8
      date:
      - Thu, 09 Jul 2020 16:18:11 GMT
      etag:
      - W/"cf64c367-b299-4463-84df-109bcf334ca9"
      expires:
      - '-1'
      pragma:
      - no-cache
      server:
      - Microsoft-HTTPAPI/2.0
      - Microsoft-HTTPAPI/2.0
      strict-transport-security:
      - max-age=31536000; includeSubDomains
      transfer-encoding:
      - chunked
      vary:
      - Accept-Encoding
      x-content-type-options:
      - nosniff
      x-ms-arm-service-request-id:
      - 427c76b2-14a6-416b-88dc-d40ef4ec8bce
    status:
      code: 200
      message: OK
- request:
    body: '{"properties": {"level": "ReadOnly"}}'
    headers:
      Accept:
      - application/json
      Accept-Encoding:
      - gzip, deflate
      CommandName:
      - lock create
      Connection:
      - keep-alive
      Content-Length:
      - '37'
      Content-Type:
      - application/json; charset=utf-8
      ParameterSetName:
      - -n -g --resource-type --resource-name --lock-type
      User-Agent:
      - python/3.8.3 (Windows-10-10.0.19041-SP0) msrest/0.6.9 msrest_azure/0.6.3 azure-mgmt-resource/10.1.0
        Azure-SDK-For-Python AZURECLI/2.8.0
      accept-language:
      - en-US
    method: PUT
    uri: https://management.azure.com/subscriptions/00000000-0000-0000-0000-000000000000/resourcegroups/cli_test_readonly_resource_lock000001/providers/Microsoft.Network/virtualNetworks/cli.lock.rsrc000002/providers/Microsoft.Authorization/locks/cli-test-lock000003?api-version=2016-09-01
  response:
    body:
      string: '{"properties":{"level":"ReadOnly"},"id":"/subscriptions/00000000-0000-0000-0000-000000000000/resourcegroups/cli_test_readonly_resource_lock000001/providers/Microsoft.Network/virtualNetworks/cli.lock.rsrc000002/providers/Microsoft.Authorization/locks/cli-test-lock000003","type":"Microsoft.Authorization/locks","name":"cli-test-lock000003"}'
    headers:
      cache-control:
      - no-cache
      content-length:
      - '498'
      content-type:
      - application/json; charset=utf-8
      date:
      - Thu, 09 Jul 2020 16:18:13 GMT
      expires:
      - '-1'
      pragma:
      - no-cache
      strict-transport-security:
      - max-age=31536000; includeSubDomains
      x-content-type-options:
      - nosniff
      x-ms-ratelimit-remaining-subscription-writes:
      - '1199'
    status:
      code: 201
      message: Created
version: 1
