interactions:
- request:
    body: '{"properties": {"level": "ReadOnly"}}'
    headers:
      Accept:
      - application/json
      Accept-Encoding:
      - gzip, deflate
      CommandName:
      - lock create
      Connection:
      - keep-alive
      Content-Length:
      - '37'
      Content-Type:
      - application/json; charset=utf-8
      ParameterSetName:
      - -n -g --lock-type
      User-Agent:
      - python/3.8.3 (Windows-10-10.0.19041-SP0) msrest/0.6.9 msrest_azure/0.6.3 azure-mgmt-resource/10.0.0
        Azure-SDK-For-Python AZURECLI/2.8.0
      accept-language:
      - en-US
    method: PUT
    uri: https://management.azure.com/subscriptions/00000000-0000-0000-0000-000000000000/resourceGroups/cli_test_readonly_resource_group_lock000001/providers/Microsoft.Authorization/locks/cli-test-lock000002?api-version=2016-09-01
  response:
    body:
      string: '{"properties":{"level":"ReadOnly"},"id":"/subscriptions/00000000-0000-0000-0000-000000000000/resourceGroups/cli_test_readonly_resource_group_lock000001/providers/Microsoft.Authorization/locks/cli-test-lock000002","type":"Microsoft.Authorization/locks","name":"cli-test-lock000002"}'
    headers:
      cache-control:
      - no-cache
      content-length:
      - '371'
      content-type:
      - application/json; charset=utf-8
      date:
      - Tue, 30 Jun 2020 22:12:29 GMT
      expires:
      - '-1'
      pragma:
      - no-cache
      strict-transport-security:
      - max-age=31536000; includeSubDomains
      x-content-type-options:
      - nosniff
      x-ms-ratelimit-remaining-subscription-writes:
      - '1198'
    status:
      code: 201
      message: Created
- request:
    body: null
    headers:
      Accept:
      - application/json
      Accept-Encoding:
      - gzip, deflate
      CommandName:
      - lock show
      Connection:
      - keep-alive
      ParameterSetName:
      - -g -n
      User-Agent:
      - python/3.8.3 (Windows-10-10.0.19041-SP0) msrest/0.6.9 msrest_azure/0.6.3 azure-mgmt-resource/10.0.0
        Azure-SDK-For-Python AZURECLI/2.8.0
      accept-language:
      - en-US
    method: GET
    uri: https://management.azure.com/subscriptions/00000000-0000-0000-0000-000000000000/providers/Microsoft.Authorization/locks?api-version=2016-09-01
  response:
    body:
      string: '{"value":[{"properties":{"level":"ReadOnly"},"id":"/subscriptions/00000000-0000-0000-0000-000000000000/resourceGroups/cli_test_readonly_resource_group_lock000001/providers/Microsoft.Authorization/locks/cli-test-lock000002","type":"Microsoft.Authorization/locks","name":"cli-test-lock000002"},{"properties":{"level":"CanNotDelete"},"id":"/subscriptions/00000000-0000-0000-0000-000000000000/resourcegroups/cli_test_lock_with_resource_idxl44a6xqn2jmj3tqujgyfzfckv3tribvyus3yrnvgn2o4/providers/Microsoft.Network/virtualNetworks/cli-lock-vnetcsj3krmujocmxqzew/providers/Microsoft.Authorization/locks/cli-test-lock7tpyfcqktmf3lyag7dizi7pvpger3ukmgrpms","type":"Microsoft.Authorization/locks","name":"cli-test-lock7tpyfcqktmf3lyag7dizi7pvpger3ukmgrpms"},{"properties":{"level":"CanNotDelete"},"id":"/subscriptions/00000000-0000-0000-0000-000000000000/resourcegroups/cli_test_lock_with_resource_idxl44a6xqn2jmj3tqujgyfzfckv3tribvyus3yrnvgn2o4/providers/Microsoft.Network/virtualNetworks/cli-lock-vnetcsj3krmujocmxqzew/subnets/cli-lock-subnetfnopps44cldxxh4/providers/Microsoft.Authorization/locks/cli-test-lockomk73q7","type":"Microsoft.Authorization/locks","name":"cli-test-lockomk73q7"},{"properties":{"level":"ReadOnly","notes":"somenotes"},"id":"/subscriptions/00000000-0000-0000-0000-000000000000/resourceGroups/cli_test_lock_commands_with_idsz4ntdrbb4rb3vyc3egkh6rhs6kzolkygxhqewmcvzgkb/providers/Microsoft.Authorization/locks/cli-test-locklzd6rf7wuwhs6f6gdegr5knqs6f3czi47endj","type":"Microsoft.Authorization/locks","name":"cli-test-locklzd6rf7wuwhs6f6gdegr5knqs6f3czi47endj"},{"properties":{"level":"ReadOnly","notes":"somenotes"},"id":"/subscriptions/00000000-0000-0000-0000-000000000000/resourcegroups/cli_test_lock_commands_with_idsz4ntdrbb4rb3vyc3egkh6rhs6kzolkygxhqewmcvzgkb/providers/Microsoft.Network/virtualNetworks/cli-lock-vnetzhtixcdmnr56cembp/providers/Microsoft.Authorization/locks/cli-test-lockqi6yjx7y2jx3uctmqujkhczwle2f4cvamdvmp","type":"Microsoft.Authorization/locks","name":"cli-test-lockqi6yjx7y2jx3uctmqujkhczwle2f4cvamdvmp"},{"properties":{"level":"CanNotDelete"},"id":"/subscriptions/00000000-0000-0000-0000-000000000000/resourcegroups/cli_test_lock_commands_with_idsz4ntdrbb4rb3vyc3egkh6rhs6kzolkygxhqewmcvzgkb/providers/Microsoft.Network/virtualNetworks/cli-lock-vnetzhtixcdmnr56cembp/subnets/cli-lock-subnetccndfdcvypw5psl/providers/Microsoft.Authorization/locks/cli-test-lockbnuh7rw","type":"Microsoft.Authorization/locks","name":"cli-test-lockbnuh7rw"}]}'
    headers:
      cache-control:
      - no-cache
      content-length:
      - '2573'
      content-type:
      - application/json; charset=utf-8
      date:
      - Tue, 30 Jun 2020 22:12:34 GMT
      expires:
      - '-1'
      pragma:
      - no-cache
      strict-transport-security:
      - max-age=31536000; includeSubDomains
      transfer-encoding:
      - chunked
      vary:
      - Accept-Encoding,Accept-Encoding
      x-content-type-options:
      - nosniff
    status:
      code: 200
      message: OK
- request:
    body: null
    headers:
      Accept:
      - application/json
      Accept-Encoding:
      - gzip, deflate
      CommandName:
      - lock show
      Connection:
      - keep-alive
      ParameterSetName:
      - -g -n
      User-Agent:
      - python/3.8.3 (Windows-10-10.0.19041-SP0) msrest/0.6.9 msrest_azure/0.6.3 azure-mgmt-resource/10.0.0
        Azure-SDK-For-Python AZURECLI/2.8.0
      accept-language:
      - en-US
    method: GET
    uri: https://management.azure.com/subscriptions/00000000-0000-0000-0000-000000000000/resourceGroups/cli_test_readonly_resource_group_lock000001/providers/Microsoft.Authorization/locks/cli-test-lock000002?api-version=2016-09-01
  response:
    body:
      string: '{"properties":{"level":"ReadOnly"},"id":"/subscriptions/00000000-0000-0000-0000-000000000000/resourceGroups/cli_test_readonly_resource_group_lock000001/providers/Microsoft.Authorization/locks/cli-test-lock000002","type":"Microsoft.Authorization/locks","name":"cli-test-lock000002"}'
    headers:
      cache-control:
      - no-cache
      content-length:
      - '371'
      content-type:
      - application/json; charset=utf-8
      date:
      - Tue, 30 Jun 2020 22:12:35 GMT
      expires:
      - '-1'
      pragma:
      - no-cache
      strict-transport-security:
      - max-age=31536000; includeSubDomains
      transfer-encoding:
      - chunked
      vary:
      - Accept-Encoding,Accept-Encoding
      x-content-type-options:
      - nosniff
    status:
      code: 200
      message: OK
- request:
    body: null
    headers:
      Accept:
      - application/json
      Accept-Encoding:
      - gzip, deflate
      CommandName:
      - lock list
      Connection:
      - keep-alive
      ParameterSetName:
      - -g --query
      User-Agent:
      - python/3.8.3 (Windows-10-10.0.19041-SP0) msrest/0.6.9 msrest_azure/0.6.3 azure-mgmt-resource/10.0.0
        Azure-SDK-For-Python AZURECLI/2.8.0
      accept-language:
      - en-US
    method: GET
    uri: https://management.azure.com/subscriptions/00000000-0000-0000-0000-000000000000/resourceGroups/cli_test_readonly_resource_group_lock000001/providers/Microsoft.Authorization/locks?api-version=2016-09-01
  response:
    body:
      string: '{"value":[{"properties":{"level":"ReadOnly"},"id":"/subscriptions/00000000-0000-0000-0000-000000000000/resourceGroups/cli_test_readonly_resource_group_lock000001/providers/Microsoft.Authorization/locks/cli-test-lock000002","type":"Microsoft.Authorization/locks","name":"cli-test-lock000002"}]}'
    headers:
      cache-control:
      - no-cache
      content-length:
      - '383'
      content-type:
      - application/json; charset=utf-8
      date:
      - Tue, 30 Jun 2020 22:12:35 GMT
      expires:
      - '-1'
      pragma:
      - no-cache
      strict-transport-security:
      - max-age=31536000; includeSubDomains
      transfer-encoding:
      - chunked
      vary:
      - Accept-Encoding,Accept-Encoding
      x-content-type-options:
      - nosniff
    status:
      code: 200
      message: OK
- request:
    body: null
    headers:
      Accept:
      - application/json
      Accept-Encoding:
      - gzip, deflate
      CommandName:
      - lock update
      Connection:
      - keep-alive
      ParameterSetName:
      - -n -g --notes --lock-type
      User-Agent:
      - python/3.8.3 (Windows-10-10.0.19041-SP0) msrest/0.6.9 msrest_azure/0.6.3 azure-mgmt-resource/10.0.0
        Azure-SDK-For-Python AZURECLI/2.8.0
      accept-language:
      - en-US
    method: GET
    uri: https://management.azure.com/subscriptions/00000000-0000-0000-0000-000000000000/providers/Microsoft.Authorization/locks?api-version=2016-09-01
  response:
    body:
      string: '{"value":[{"properties":{"level":"ReadOnly"},"id":"/subscriptions/00000000-0000-0000-0000-000000000000/resourceGroups/cli_test_readonly_resource_group_lock000001/providers/Microsoft.Authorization/locks/cli-test-lock000002","type":"Microsoft.Authorization/locks","name":"cli-test-lock000002"},{"properties":{"level":"CanNotDelete"},"id":"/subscriptions/00000000-0000-0000-0000-000000000000/resourcegroups/cli_test_lock_with_resource_idxl44a6xqn2jmj3tqujgyfzfckv3tribvyus3yrnvgn2o4/providers/Microsoft.Network/virtualNetworks/cli-lock-vnetcsj3krmujocmxqzew/providers/Microsoft.Authorization/locks/cli-test-lock7tpyfcqktmf3lyag7dizi7pvpger3ukmgrpms","type":"Microsoft.Authorization/locks","name":"cli-test-lock7tpyfcqktmf3lyag7dizi7pvpger3ukmgrpms"},{"properties":{"level":"CanNotDelete"},"id":"/subscriptions/00000000-0000-0000-0000-000000000000/resourcegroups/cli_test_lock_with_resource_idxl44a6xqn2jmj3tqujgyfzfckv3tribvyus3yrnvgn2o4/providers/Microsoft.Network/virtualNetworks/cli-lock-vnetcsj3krmujocmxqzew/subnets/cli-lock-subnetfnopps44cldxxh4/providers/Microsoft.Authorization/locks/cli-test-lockomk73q7","type":"Microsoft.Authorization/locks","name":"cli-test-lockomk73q7"},{"properties":{"level":"ReadOnly","notes":"somenotes"},"id":"/subscriptions/00000000-0000-0000-0000-000000000000/resourceGroups/cli_test_lock_commands_with_idsz4ntdrbb4rb3vyc3egkh6rhs6kzolkygxhqewmcvzgkb/providers/Microsoft.Authorization/locks/cli-test-locklzd6rf7wuwhs6f6gdegr5knqs6f3czi47endj","type":"Microsoft.Authorization/locks","name":"cli-test-locklzd6rf7wuwhs6f6gdegr5knqs6f3czi47endj"},{"properties":{"level":"ReadOnly","notes":"somenotes"},"id":"/subscriptions/00000000-0000-0000-0000-000000000000/resourcegroups/cli_test_lock_commands_with_idsz4ntdrbb4rb3vyc3egkh6rhs6kzolkygxhqewmcvzgkb/providers/Microsoft.Network/virtualNetworks/cli-lock-vnetzhtixcdmnr56cembp/providers/Microsoft.Authorization/locks/cli-test-lockqi6yjx7y2jx3uctmqujkhczwle2f4cvamdvmp","type":"Microsoft.Authorization/locks","name":"cli-test-lockqi6yjx7y2jx3uctmqujkhczwle2f4cvamdvmp"},{"properties":{"level":"ReadOnly","notes":"somenotes"},"id":"/subscriptions/00000000-0000-0000-0000-000000000000/resourcegroups/cli_test_lock_commands_with_idsz4ntdrbb4rb3vyc3egkh6rhs6kzolkygxhqewmcvzgkb/providers/Microsoft.Network/virtualNetworks/cli-lock-vnetzhtixcdmnr56cembp/subnets/cli-lock-subnetccndfdcvypw5psl/providers/Microsoft.Authorization/locks/cli-test-lockbnuh7rw","type":"Microsoft.Authorization/locks","name":"cli-test-lockbnuh7rw"}]}'
    headers:
      cache-control:
      - no-cache
      content-length:
      - '2589'
      content-type:
      - application/json; charset=utf-8
      date:
      - Tue, 30 Jun 2020 22:12:35 GMT
      expires:
      - '-1'
      pragma:
      - no-cache
      strict-transport-security:
      - max-age=31536000; includeSubDomains
      transfer-encoding:
      - chunked
      vary:
      - Accept-Encoding,Accept-Encoding
      x-content-type-options:
      - nosniff
    status:
      code: 200
      message: OK
- request:
    body: null
    headers:
      Accept:
      - application/json
      Accept-Encoding:
      - gzip, deflate
      CommandName:
      - lock update
      Connection:
      - keep-alive
      ParameterSetName:
      - -n -g --notes --lock-type
      User-Agent:
      - python/3.8.3 (Windows-10-10.0.19041-SP0) msrest/0.6.9 msrest_azure/0.6.3 azure-mgmt-resource/10.0.0
        Azure-SDK-For-Python AZURECLI/2.8.0
      accept-language:
      - en-US
    method: GET
    uri: https://management.azure.com/subscriptions/00000000-0000-0000-0000-000000000000/resourceGroups/cli_test_readonly_resource_group_lock000001/providers/Microsoft.Authorization/locks/cli-test-lock000002?api-version=2016-09-01
  response:
    body:
      string: '{"properties":{"level":"ReadOnly"},"id":"/subscriptions/00000000-0000-0000-0000-000000000000/resourceGroups/cli_test_readonly_resource_group_lock000001/providers/Microsoft.Authorization/locks/cli-test-lock000002","type":"Microsoft.Authorization/locks","name":"cli-test-lock000002"}'
    headers:
      cache-control:
      - no-cache
      content-length:
      - '371'
      content-type:
      - application/json; charset=utf-8
      date:
      - Tue, 30 Jun 2020 22:12:36 GMT
      expires:
      - '-1'
      pragma:
      - no-cache
      strict-transport-security:
      - max-age=31536000; includeSubDomains
      transfer-encoding:
      - chunked
      vary:
      - Accept-Encoding,Accept-Encoding
      x-content-type-options:
      - nosniff
    status:
      code: 200
      message: OK
- request:
    body: '{"properties": {"level": "CanNotDelete", "notes": "notes000003"}}'
    headers:
      Accept:
      - application/json
      Accept-Encoding:
      - gzip, deflate
      CommandName:
      - lock update
      Connection:
      - keep-alive
      Content-Length:
      - '74'
      Content-Type:
      - application/json; charset=utf-8
      ParameterSetName:
      - -n -g --notes --lock-type
      User-Agent:
      - python/3.8.3 (Windows-10-10.0.19041-SP0) msrest/0.6.9 msrest_azure/0.6.3 azure-mgmt-resource/10.0.0
        Azure-SDK-For-Python AZURECLI/2.8.0
      accept-language:
      - en-US
    method: PUT
    uri: https://management.azure.com/subscriptions/00000000-0000-0000-0000-000000000000/resourceGroups/cli_test_readonly_resource_group_lock000001/providers/Microsoft.Authorization/locks/cli-test-lock000002?api-version=2016-09-01
  response:
    body:
      string: '{"properties":{"level":"CanNotDelete","notes":"notes000003"},"id":"/subscriptions/00000000-0000-0000-0000-000000000000/resourceGroups/cli_test_readonly_resource_group_lock000001/providers/Microsoft.Authorization/locks/cli-test-lock000002","type":"Microsoft.Authorization/locks","name":"cli-test-lock000002"}'
    headers:
      cache-control:
      - no-cache
      content-length:
      - '406'
      content-type:
      - application/json; charset=utf-8
      date:
      - Tue, 30 Jun 2020 22:12:36 GMT
      expires:
      - '-1'
      pragma:
      - no-cache
      strict-transport-security:
      - max-age=31536000; includeSubDomains
      transfer-encoding:
      - chunked
      vary:
      - Accept-Encoding,Accept-Encoding
      x-content-type-options:
      - nosniff
      x-ms-ratelimit-remaining-subscription-writes:
      - '1199'
    status:
      code: 200
      message: OK
- request:
    body: null
    headers:
      Accept:
      - application/json
      Accept-Encoding:
      - gzip, deflate
      CommandName:
      - lock delete
      Connection:
      - keep-alive
      ParameterSetName:
      - -g -n
      User-Agent:
      - python/3.8.3 (Windows-10-10.0.19041-SP0) msrest/0.6.9 msrest_azure/0.6.3 azure-mgmt-resource/10.0.0
        Azure-SDK-For-Python AZURECLI/2.8.0
      accept-language:
      - en-US
    method: GET
    uri: https://management.azure.com/subscriptions/00000000-0000-0000-0000-000000000000/providers/Microsoft.Authorization/locks?api-version=2016-09-01
  response:
    body:
      string: '{"value":[{"properties":{"level":"CanNotDelete","notes":"notes000003"},"id":"/subscriptions/00000000-0000-0000-0000-000000000000/resourceGroups/cli_test_readonly_resource_group_lock000001/providers/Microsoft.Authorization/locks/cli-test-lock000002","type":"Microsoft.Authorization/locks","name":"cli-test-lock000002"},{"properties":{"level":"CanNotDelete"},"id":"/subscriptions/00000000-0000-0000-0000-000000000000/resourcegroups/cli_test_lock_with_resource_idxl44a6xqn2jmj3tqujgyfzfckv3tribvyus3yrnvgn2o4/providers/Microsoft.Network/virtualNetworks/cli-lock-vnetcsj3krmujocmxqzew/providers/Microsoft.Authorization/locks/cli-test-lock7tpyfcqktmf3lyag7dizi7pvpger3ukmgrpms","type":"Microsoft.Authorization/locks","name":"cli-test-lock7tpyfcqktmf3lyag7dizi7pvpger3ukmgrpms"},{"properties":{"level":"CanNotDelete"},"id":"/subscriptions/00000000-0000-0000-0000-000000000000/resourcegroups/cli_test_lock_with_resource_idxl44a6xqn2jmj3tqujgyfzfckv3tribvyus3yrnvgn2o4/providers/Microsoft.Network/virtualNetworks/cli-lock-vnetcsj3krmujocmxqzew/subnets/cli-lock-subnetfnopps44cldxxh4/providers/Microsoft.Authorization/locks/cli-test-lockomk73q7","type":"Microsoft.Authorization/locks","name":"cli-test-lockomk73q7"},{"properties":{"level":"ReadOnly","notes":"somenotes"},"id":"/subscriptions/00000000-0000-0000-0000-000000000000/resourcegroups/cli_test_lock_commands_with_idsz4ntdrbb4rb3vyc3egkh6rhs6kzolkygxhqewmcvzgkb/providers/Microsoft.Network/virtualNetworks/cli-lock-vnetzhtixcdmnr56cembp/subnets/cli-lock-subnetccndfdcvypw5psl/providers/Microsoft.Authorization/locks/cli-test-lockbnuh7rw","type":"Microsoft.Authorization/locks","name":"cli-test-lockbnuh7rw"}]}'
    headers:
      cache-control:
      - no-cache
      content-length:
      - '1757'
      content-type:
      - application/json; charset=utf-8
      date:
      - Tue, 30 Jun 2020 22:12:37 GMT
      expires:
      - '-1'
      pragma:
      - no-cache
      strict-transport-security:
      - max-age=31536000; includeSubDomains
      transfer-encoding:
      - chunked
      vary:
      - Accept-Encoding,Accept-Encoding
      x-content-type-options:
      - nosniff
    status:
      code: 200
      message: OK
- request:
    body: null
    headers:
      Accept:
      - application/json
      Accept-Encoding:
      - gzip, deflate
      CommandName:
      - lock delete
      Connection:
      - keep-alive
      Content-Length:
      - '0'
      ParameterSetName:
      - -g -n
      User-Agent:
      - python/3.8.3 (Windows-10-10.0.19041-SP0) msrest/0.6.9 msrest_azure/0.6.3 azure-mgmt-resource/10.0.0
        Azure-SDK-For-Python AZURECLI/2.8.0
      accept-language:
      - en-US
    method: DELETE
    uri: https://management.azure.com/subscriptions/00000000-0000-0000-0000-000000000000/resourceGroups/cli_test_readonly_resource_group_lock000001/providers/Microsoft.Authorization/locks/cli-test-lock000002?api-version=2016-09-01
  response:
    body:
      string: ''
    headers:
      cache-control:
      - no-cache
      content-length:
      - '0'
      date:
      - Tue, 30 Jun 2020 22:12:37 GMT
      expires:
      - '-1'
      pragma:
      - no-cache
      strict-transport-security:
      - max-age=31536000; includeSubDomains
      x-content-type-options:
      - nosniff
      x-ms-ratelimit-remaining-subscription-deletes:
      - '14997'
    status:
      code: 200
      message: OK
version: 1
