interactions:
- request:
    body: '{"properties": {"level": "CanNotDelete"}}'
    headers:
      Accept:
      - application/json
      Accept-Encoding:
      - gzip, deflate
      CommandName:
      - lock create
      Connection:
      - keep-alive
      Content-Length:
      - '41'
      Content-Type:
      - application/json; charset=utf-8
      ParameterSetName:
      - -n -g --lock-type
      User-Agent:
      - python/3.6.5 (Windows-10-10.0.17134-SP0) msrest/0.6.10 msrest_azure/0.6.1
        azure-mgmt-resource/4.0.0 Azure-SDK-For-Python AZURECLI/2.0.74
      accept-language:
      - en-US
    method: PUT
    uri: https://management.azure.com/subscriptions/00000000-0000-0000-0000-000000000000/resourceGroups/cli_test_cannotdelete_resource_group_lock000001/providers/Microsoft.Authorization/locks/cli-test-lock000002?api-version=2016-09-01
  response:
    body:
      string: '{"properties":{"level":"CanNotDelete"},"id":"/subscriptions/00000000-0000-0000-0000-000000000000/resourceGroups/cli_test_cannotdelete_resource_group_lock000001/providers/Microsoft.Authorization/locks/cli-test-lock000002","type":"Microsoft.Authorization/locks","name":"cli-test-lock000002"}'
    headers:
      cache-control:
      - no-cache
      content-length:
      - '375'
      content-type:
      - application/json; charset=utf-8
      date:
      - Fri, 04 Oct 2019 04:54:54 GMT
      expires:
      - '-1'
      pragma:
      - no-cache
      strict-transport-security:
      - max-age=31536000; includeSubDomains
      x-content-type-options:
      - nosniff
      x-ms-ratelimit-remaining-subscription-writes:
      - '1199'
    status:
      code: 201
      message: Created
- request:
    body: null
    headers:
      Accept:
      - application/json
      Accept-Encoding:
      - gzip, deflate
      CommandName:
      - lock show
      Connection:
      - keep-alive
      ParameterSetName:
      - -g -n
      User-Agent:
      - python/3.6.5 (Windows-10-10.0.17134-SP0) msrest/0.6.10 msrest_azure/0.6.1
        azure-mgmt-resource/4.0.0 Azure-SDK-For-Python AZURECLI/2.0.74
      accept-language:
      - en-US
    method: GET
    uri: https://management.azure.com/subscriptions/00000000-0000-0000-0000-000000000000/providers/Microsoft.Authorization/locks?api-version=2016-09-01
  response:
    body:
      string: '{"value":[{"properties":{"level":"CanNotDelete"},"id":"/subscriptions/00000000-0000-0000-0000-000000000000/resourceGroups/cli_test_cannotdelete_resource_group_lock000001/providers/Microsoft.Authorization/locks/cli-test-lock000002","type":"Microsoft.Authorization/locks","name":"cli-test-lock000002"}]}'
    headers:
      cache-control:
      - no-cache
      content-length:
      - '387'
      content-type:
      - application/json; charset=utf-8
      date:
      - Fri, 04 Oct 2019 04:54:54 GMT
      expires:
      - '-1'
      pragma:
      - no-cache
      strict-transport-security:
      - max-age=31536000; includeSubDomains
      transfer-encoding:
      - chunked
      vary:
      - Accept-Encoding,Accept-Encoding
      x-content-type-options:
      - nosniff
    status:
      code: 200
      message: OK
- request:
    body: null
    headers:
      Accept:
      - application/json
      Accept-Encoding:
      - gzip, deflate
      CommandName:
      - lock show
      Connection:
      - keep-alive
      ParameterSetName:
      - -g -n
      User-Agent:
      - python/3.6.5 (Windows-10-10.0.17134-SP0) msrest/0.6.10 msrest_azure/0.6.1
        azure-mgmt-resource/4.0.0 Azure-SDK-For-Python AZURECLI/2.0.74
      accept-language:
      - en-US
    method: GET
    uri: https://management.azure.com/subscriptions/00000000-0000-0000-0000-000000000000/resourceGroups/cli_test_cannotdelete_resource_group_lock000001/providers/Microsoft.Authorization/locks/cli-test-lock000002?api-version=2016-09-01
  response:
    body:
      string: '{"properties":{"level":"CanNotDelete"},"id":"/subscriptions/00000000-0000-0000-0000-000000000000/resourceGroups/cli_test_cannotdelete_resource_group_lock000001/providers/Microsoft.Authorization/locks/cli-test-lock000002","type":"Microsoft.Authorization/locks","name":"cli-test-lock000002"}'
    headers:
      cache-control:
      - no-cache
      content-length:
      - '375'
      content-type:
      - application/json; charset=utf-8
      date:
      - Fri, 04 Oct 2019 04:54:54 GMT
      expires:
      - '-1'
      pragma:
      - no-cache
      strict-transport-security:
      - max-age=31536000; includeSubDomains
      transfer-encoding:
      - chunked
      vary:
      - Accept-Encoding,Accept-Encoding
      x-content-type-options:
      - nosniff
    status:
      code: 200
      message: OK
- request:
    body: null
    headers:
      Accept:
      - application/json
      Accept-Encoding:
      - gzip, deflate
      CommandName:
      - lock list
      Connection:
      - keep-alive
      ParameterSetName:
      - -g --query
      User-Agent:
      - python/3.6.5 (Windows-10-10.0.17134-SP0) msrest/0.6.10 msrest_azure/0.6.1
        azure-mgmt-resource/4.0.0 Azure-SDK-For-Python AZURECLI/2.0.74
      accept-language:
      - en-US
    method: GET
    uri: https://management.azure.com/subscriptions/00000000-0000-0000-0000-000000000000/resourceGroups/cli_test_cannotdelete_resource_group_lock000001/providers/Microsoft.Authorization/locks?api-version=2016-09-01
  response:
    body:
      string: '{"value":[{"properties":{"level":"CanNotDelete"},"id":"/subscriptions/00000000-0000-0000-0000-000000000000/resourceGroups/cli_test_cannotdelete_resource_group_lock000001/providers/Microsoft.Authorization/locks/cli-test-lock000002","type":"Microsoft.Authorization/locks","name":"cli-test-lock000002"}]}'
    headers:
      cache-control:
      - no-cache
      content-length:
      - '387'
      content-type:
      - application/json; charset=utf-8
      date:
      - Fri, 04 Oct 2019 04:54:59 GMT
      expires:
      - '-1'
      pragma:
      - no-cache
      strict-transport-security:
      - max-age=31536000; includeSubDomains
      transfer-encoding:
      - chunked
      vary:
      - Accept-Encoding,Accept-Encoding
      x-content-type-options:
      - nosniff
    status:
      code: 200
      message: OK
- request:
    body: null
    headers:
      Accept:
      - application/json
      Accept-Encoding:
      - gzip, deflate
      CommandName:
      - lock update
      Connection:
      - keep-alive
      ParameterSetName:
      - -n -g --notes --lock-type
      User-Agent:
      - python/3.6.5 (Windows-10-10.0.17134-SP0) msrest/0.6.10 msrest_azure/0.6.1
        azure-mgmt-resource/4.0.0 Azure-SDK-For-Python AZURECLI/2.0.74
      accept-language:
      - en-US
    method: GET
    uri: https://management.azure.com/subscriptions/00000000-0000-0000-0000-000000000000/providers/Microsoft.Authorization/locks?api-version=2016-09-01
  response:
    body:
      string: '{"value":[{"properties":{"level":"CanNotDelete"},"id":"/subscriptions/00000000-0000-0000-0000-000000000000/resourceGroups/cli_test_cannotdelete_resource_group_lock000001/providers/Microsoft.Authorization/locks/cli-test-lock000002","type":"Microsoft.Authorization/locks","name":"cli-test-lock000002"},{"properties":{"level":"CanNotDelete"},"id":"/subscriptions/00000000-0000-0000-0000-000000000000/resourcegroups/cli_test_cannotdelete_resource_lockwxa47jmnawyndyexvlmpftefxgj5sxhevy2jcst5/providers/Microsoft.Network/virtualNetworks/cli.lock.rsrcjgrmgaejv733hyfjp/providers/Microsoft.Authorization/locks/cli-test-locktaslgnbbmpbhpwv3no3blh56sua5un73w56vpwvto323m6mw5jmqoxphi4mmj","type":"Microsoft.Authorization/locks","name":"cli-test-locktaslgnbbmpbhpwv3no3blh56sua5un73w56vpwvto323m6mw5jmqoxphi4mmj"}]}'
    headers:
      cache-control:
      - no-cache
      content-length:
      - '890'
      content-type:
      - application/json; charset=utf-8
      date:
      - Fri, 04 Oct 2019 04:54:59 GMT
      expires:
      - '-1'
      pragma:
      - no-cache
      strict-transport-security:
      - max-age=31536000; includeSubDomains
      transfer-encoding:
      - chunked
      vary:
      - Accept-Encoding,Accept-Encoding
      x-content-type-options:
      - nosniff
    status:
      code: 200
      message: OK
- request:
    body: null
    headers:
      Accept:
      - application/json
      Accept-Encoding:
      - gzip, deflate
      CommandName:
      - lock update
      Connection:
      - keep-alive
      ParameterSetName:
      - -n -g --notes --lock-type
      User-Agent:
      - python/3.6.5 (Windows-10-10.0.17134-SP0) msrest/0.6.10 msrest_azure/0.6.1
        azure-mgmt-resource/4.0.0 Azure-SDK-For-Python AZURECLI/2.0.74
      accept-language:
      - en-US
    method: GET
    uri: https://management.azure.com/subscriptions/00000000-0000-0000-0000-000000000000/resourceGroups/cli_test_cannotdelete_resource_group_lock000001/providers/Microsoft.Authorization/locks/cli-test-lock000002?api-version=2016-09-01
  response:
    body:
      string: '{"properties":{"level":"CanNotDelete"},"id":"/subscriptions/00000000-0000-0000-0000-000000000000/resourceGroups/cli_test_cannotdelete_resource_group_lock000001/providers/Microsoft.Authorization/locks/cli-test-lock000002","type":"Microsoft.Authorization/locks","name":"cli-test-lock000002"}'
    headers:
      cache-control:
      - no-cache
      content-length:
      - '375'
      content-type:
      - application/json; charset=utf-8
      date:
      - Fri, 04 Oct 2019 04:54:59 GMT
      expires:
      - '-1'
      pragma:
      - no-cache
      strict-transport-security:
      - max-age=31536000; includeSubDomains
      transfer-encoding:
      - chunked
      vary:
      - Accept-Encoding,Accept-Encoding
      x-content-type-options:
      - nosniff
    status:
      code: 200
      message: OK
- request:
    body: '{"properties": {"level": "ReadOnly", "notes": "notes000003"}}'
    headers:
      Accept:
      - application/json
      Accept-Encoding:
      - gzip, deflate
      CommandName:
      - lock update
      Connection:
      - keep-alive
      Content-Length:
      - '70'
      Content-Type:
      - application/json; charset=utf-8
      ParameterSetName:
      - -n -g --notes --lock-type
      User-Agent:
      - python/3.6.5 (Windows-10-10.0.17134-SP0) msrest/0.6.10 msrest_azure/0.6.1
        azure-mgmt-resource/4.0.0 Azure-SDK-For-Python AZURECLI/2.0.74
      accept-language:
      - en-US
    method: PUT
    uri: https://management.azure.com/subscriptions/00000000-0000-0000-0000-000000000000/resourceGroups/cli_test_cannotdelete_resource_group_lock000001/providers/Microsoft.Authorization/locks/cli-test-lock000002?api-version=2016-09-01
  response:
    body:
      string: '{"properties":{"level":"ReadOnly","notes":"notes000003"},"id":"/subscriptions/00000000-0000-0000-0000-000000000000/resourceGroups/cli_test_cannotdelete_resource_group_lock000001/providers/Microsoft.Authorization/locks/cli-test-lock000002","type":"Microsoft.Authorization/locks","name":"cli-test-lock000002"}'
    headers:
      cache-control:
      - no-cache
      content-length:
      - '402'
      content-type:
      - application/json; charset=utf-8
      date:
      - Fri, 04 Oct 2019 04:54:59 GMT
      expires:
      - '-1'
      pragma:
      - no-cache
      strict-transport-security:
      - max-age=31536000; includeSubDomains
      transfer-encoding:
      - chunked
      vary:
      - Accept-Encoding,Accept-Encoding
      x-content-type-options:
      - nosniff
      x-ms-ratelimit-remaining-subscription-writes:
      - '1199'
    status:
      code: 200
      message: OK
- request:
    body: null
    headers:
      Accept:
      - application/json
      Accept-Encoding:
      - gzip, deflate
      CommandName:
      - lock delete
      Connection:
      - keep-alive
      ParameterSetName:
      - -g -n
      User-Agent:
      - python/3.6.5 (Windows-10-10.0.17134-SP0) msrest/0.6.10 msrest_azure/0.6.1
        azure-mgmt-resource/4.0.0 Azure-SDK-For-Python AZURECLI/2.0.74
      accept-language:
      - en-US
    method: GET
    uri: https://management.azure.com/subscriptions/00000000-0000-0000-0000-000000000000/providers/Microsoft.Authorization/locks?api-version=2016-09-01
  response:
    body:
      string: '{"value":[{"properties":{"level":"ReadOnly","notes":"notes000003"},"id":"/subscriptions/00000000-0000-0000-0000-000000000000/resourceGroups/cli_test_cannotdelete_resource_group_lock000001/providers/Microsoft.Authorization/locks/cli-test-lock000002","type":"Microsoft.Authorization/locks","name":"cli-test-lock000002"},{"properties":{"level":"CanNotDelete"},"id":"/subscriptions/00000000-0000-0000-0000-000000000000/resourcegroups/cli_test_cannotdelete_resource_lockwxa47jmnawyndyexvlmpftefxgj5sxhevy2jcst5/providers/Microsoft.Network/virtualNetworks/cli.lock.rsrcjgrmgaejv733hyfjp/providers/Microsoft.Authorization/locks/cli-test-locktaslgnbbmpbhpwv3no3blh56sua5un73w56vpwvto323m6mw5jmqoxphi4mmj","type":"Microsoft.Authorization/locks","name":"cli-test-locktaslgnbbmpbhpwv3no3blh56sua5un73w56vpwvto323m6mw5jmqoxphi4mmj"}]}'
    headers:
      cache-control:
      - no-cache
      content-length:
      - '917'
      content-type:
      - application/json; charset=utf-8
      date:
      - Fri, 04 Oct 2019 04:55:00 GMT
      expires:
      - '-1'
      pragma:
      - no-cache
      strict-transport-security:
      - max-age=31536000; includeSubDomains
      transfer-encoding:
      - chunked
      vary:
      - Accept-Encoding,Accept-Encoding
      x-content-type-options:
      - nosniff
    status:
      code: 200
      message: OK
- request:
    body: null
    headers:
      Accept:
      - application/json
      Accept-Encoding:
      - gzip, deflate
      CommandName:
      - lock delete
      Connection:
      - keep-alive
      Content-Length:
      - '0'
      ParameterSetName:
      - -g -n
      User-Agent:
      - python/3.6.5 (Windows-10-10.0.17134-SP0) msrest/0.6.10 msrest_azure/0.6.1
        azure-mgmt-resource/4.0.0 Azure-SDK-For-Python AZURECLI/2.0.74
      accept-language:
      - en-US
    method: DELETE
    uri: https://management.azure.com/subscriptions/00000000-0000-0000-0000-000000000000/resourceGroups/cli_test_cannotdelete_resource_group_lock000001/providers/Microsoft.Authorization/locks/cli-test-lock000002?api-version=2016-09-01
  response:
    body:
      string: ''
    headers:
      cache-control:
      - no-cache
      content-length:
      - '0'
      date:
      - Fri, 04 Oct 2019 04:55:01 GMT
      expires:
      - '-1'
      pragma:
      - no-cache
      strict-transport-security:
      - max-age=31536000; includeSubDomains
      x-content-type-options:
      - nosniff
      x-ms-ratelimit-remaining-subscription-deletes:
      - '14999'
    status:
      code: 200
      message: OK
version: 1
