interactions:
- request:
    body: '{"properties": {"level": "ReadOnly"}}'
    headers:
      Accept:
      - application/json
      Accept-Encoding:
      - gzip, deflate
      CommandName:
      - lock create
      Connection:
      - keep-alive
      Content-Length:
      - '37'
      Content-Type:
      - application/json; charset=utf-8
      ParameterSetName:
      - -n -g --lock-type
      User-Agent:
      - python/3.8.6 (Windows-10-10.0.19041-SP0) msrest/0.6.18 msrest_azure/0.6.3
        azure-mgmt-resource/12.0.0 Azure-SDK-For-Python AZURECLI/2.16.0
      accept-language:
      - en-US
    method: PUT
    uri: https://management.azure.com/subscriptions/00000000-0000-0000-0000-000000000000/resourceGroups/cli_test_readonly_resource_group_lock000001/providers/Microsoft.Authorization/locks/cli-test-lock000002?api-version=2016-09-01
  response:
    body:
      string: '{"properties":{"level":"ReadOnly"},"id":"/subscriptions/00000000-0000-0000-0000-000000000000/resourceGroups/cli_test_readonly_resource_group_lock000001/providers/Microsoft.Authorization/locks/cli-test-lock000002","type":"Microsoft.Authorization/locks","name":"cli-test-lock000002"}'
    headers:
      cache-control:
      - no-cache
      content-length:
      - '371'
      content-type:
      - application/json; charset=utf-8
      date:
      - Wed, 09 Dec 2020 15:46:43 GMT
      expires:
      - '-1'
      pragma:
      - no-cache
      strict-transport-security:
      - max-age=31536000; includeSubDomains
      x-content-type-options:
      - nosniff
      x-ms-ratelimit-remaining-subscription-writes:
      - '1198'
    status:
      code: 201
      message: Created
- request:
    body: null
    headers:
      Accept:
      - application/json
      Accept-Encoding:
      - gzip, deflate
      CommandName:
      - lock show
      Connection:
      - keep-alive
      ParameterSetName:
      - -g -n
      User-Agent:
      - python/3.8.6 (Windows-10-10.0.19041-SP0) msrest/0.6.18 msrest_azure/0.6.3
        azure-mgmt-resource/12.0.0 Azure-SDK-For-Python AZURECLI/2.16.0
      accept-language:
      - en-US
    method: GET
    uri: https://management.azure.com/subscriptions/00000000-0000-0000-0000-000000000000/providers/Microsoft.Authorization/locks?api-version=2016-09-01
  response:
    body:
      string: '{"value":[{"properties":{"level":"CanNotDelete","notes":"Auto-created
        by Azure Backup for storage accounts registered with a Recovery Services Vault.
        This lock is intended to guard against deletion of backups due to accidental
        deletion of the storage account."},"id":"/subscriptions/00000000-0000-0000-0000-000000000000/resourcegroups/gokul-testrg4/providers/microsoft.storage/storageAccounts/cd2zky4hqprtqazscripts/providers/Microsoft.Authorization/locks/AzureBackupProtectionLock","type":"Microsoft.Authorization/locks","name":"AzureBackupProtectionLock"},{"properties":{"level":"ReadOnly"},"id":"/subscriptions/00000000-0000-0000-0000-000000000000/resourceGroups/cli_test_readonly_resource_group_lock000001/providers/Microsoft.Authorization/locks/cli-test-lock000002","type":"Microsoft.Authorization/locks","name":"cli-test-lock000002"},{"properties":{"level":"CanNotDelete","notes":"Deleting
        a domain will make it unavailable to purchase for 60 days. Please remove the
        lock before deleting this domain."},"id":"/subscriptions/00000000-0000-0000-0000-000000000000/resourcegroups/dania-what-if/providers/Microsoft.DomainRegistration/domains/alias140.net/providers/Microsoft.Authorization/locks/alias140.net","type":"Microsoft.Authorization/locks","name":"alias140.net"},{"properties":{"level":"CanNotDelete","notes":"This
        DNS zone was created when purchasing a domain and is likely still required
        by the domain. If you still want to delete this DNS zone please remove the
        lock and delete the zone."},"id":"/subscriptions/00000000-0000-0000-0000-000000000000/resourcegroups/dania-what-if/providers/Microsoft.Network/dnszones/alias140.net/providers/Microsoft.Authorization/locks/alias140.net","type":"Microsoft.Authorization/locks","name":"alias140.net"}]}'
    headers:
      cache-control:
      - no-cache
      content-length:
      - '1846'
      content-type:
      - application/json; charset=utf-8
      date:
      - Wed, 09 Dec 2020 15:46:48 GMT
      expires:
      - '-1'
      pragma:
      - no-cache
      strict-transport-security:
      - max-age=31536000; includeSubDomains
      transfer-encoding:
      - chunked
      vary:
      - Accept-Encoding,Accept-Encoding
      x-content-type-options:
      - nosniff
    status:
      code: 200
      message: OK
- request:
    body: null
    headers:
      Accept:
      - application/json
      Accept-Encoding:
      - gzip, deflate
      CommandName:
      - lock show
      Connection:
      - keep-alive
      ParameterSetName:
      - -g -n
      User-Agent:
      - python/3.8.6 (Windows-10-10.0.19041-SP0) msrest/0.6.18 msrest_azure/0.6.3
        azure-mgmt-resource/12.0.0 Azure-SDK-For-Python AZURECLI/2.16.0
      accept-language:
      - en-US
    method: GET
    uri: https://management.azure.com/subscriptions/00000000-0000-0000-0000-000000000000/resourceGroups/cli_test_readonly_resource_group_lock000001/providers/Microsoft.Authorization/locks/cli-test-lock000002?api-version=2016-09-01
  response:
    body:
      string: '{"properties":{"level":"ReadOnly"},"id":"/subscriptions/00000000-0000-0000-0000-000000000000/resourceGroups/cli_test_readonly_resource_group_lock000001/providers/Microsoft.Authorization/locks/cli-test-lock000002","type":"Microsoft.Authorization/locks","name":"cli-test-lock000002"}'
    headers:
      cache-control:
      - no-cache
      content-length:
      - '371'
      content-type:
      - application/json; charset=utf-8
      date:
      - Wed, 09 Dec 2020 15:46:48 GMT
      expires:
      - '-1'
      pragma:
      - no-cache
      strict-transport-security:
      - max-age=31536000; includeSubDomains
      transfer-encoding:
      - chunked
      vary:
      - Accept-Encoding,Accept-Encoding
      x-content-type-options:
      - nosniff
    status:
      code: 200
      message: OK
- request:
    body: null
    headers:
      Accept:
      - application/json
      Accept-Encoding:
      - gzip, deflate
      CommandName:
      - lock list
      Connection:
      - keep-alive
      ParameterSetName:
      - -g --query
      User-Agent:
      - python/3.8.6 (Windows-10-10.0.19041-SP0) msrest/0.6.18 msrest_azure/0.6.3
        azure-mgmt-resource/12.0.0 Azure-SDK-For-Python AZURECLI/2.16.0
      accept-language:
      - en-US
    method: GET
    uri: https://management.azure.com/subscriptions/00000000-0000-0000-0000-000000000000/resourceGroups/cli_test_readonly_resource_group_lock000001/providers/Microsoft.Authorization/locks?api-version=2016-09-01
  response:
    body:
      string: '{"value":[{"properties":{"level":"ReadOnly"},"id":"/subscriptions/00000000-0000-0000-0000-000000000000/resourceGroups/cli_test_readonly_resource_group_lock000001/providers/Microsoft.Authorization/locks/cli-test-lock000002","type":"Microsoft.Authorization/locks","name":"cli-test-lock000002"}]}'
    headers:
      cache-control:
      - no-cache
      content-length:
      - '383'
      content-type:
      - application/json; charset=utf-8
      date:
      - Wed, 09 Dec 2020 15:46:48 GMT
      expires:
      - '-1'
      pragma:
      - no-cache
      strict-transport-security:
      - max-age=31536000; includeSubDomains
      transfer-encoding:
      - chunked
      vary:
      - Accept-Encoding,Accept-Encoding
      x-content-type-options:
      - nosniff
    status:
      code: 200
      message: OK
- request:
    body: null
    headers:
      Accept:
      - application/json
      Accept-Encoding:
      - gzip, deflate
      CommandName:
      - lock update
      Connection:
      - keep-alive
      ParameterSetName:
      - -n -g --notes --lock-type
      User-Agent:
      - python/3.8.6 (Windows-10-10.0.19041-SP0) msrest/0.6.18 msrest_azure/0.6.3
        azure-mgmt-resource/12.0.0 Azure-SDK-For-Python AZURECLI/2.16.0
      accept-language:
      - en-US
    method: GET
    uri: https://management.azure.com/subscriptions/00000000-0000-0000-0000-000000000000/providers/Microsoft.Authorization/locks?api-version=2016-09-01
  response:
    body:
      string: '{"value":[{"properties":{"level":"CanNotDelete","notes":"Auto-created
        by Azure Backup for storage accounts registered with a Recovery Services Vault.
        This lock is intended to guard against deletion of backups due to accidental
        deletion of the storage account."},"id":"/subscriptions/00000000-0000-0000-0000-000000000000/resourcegroups/gokul-testrg4/providers/microsoft.storage/storageAccounts/cd2zky4hqprtqazscripts/providers/Microsoft.Authorization/locks/AzureBackupProtectionLock","type":"Microsoft.Authorization/locks","name":"AzureBackupProtectionLock"},{"properties":{"level":"ReadOnly"},"id":"/subscriptions/00000000-0000-0000-0000-000000000000/resourceGroups/cli_test_readonly_resource_group_lock000001/providers/Microsoft.Authorization/locks/cli-test-lock000002","type":"Microsoft.Authorization/locks","name":"cli-test-lock000002"},{"properties":{"level":"CanNotDelete","notes":"Deleting
        a domain will make it unavailable to purchase for 60 days. Please remove the
        lock before deleting this domain."},"id":"/subscriptions/00000000-0000-0000-0000-000000000000/resourcegroups/dania-what-if/providers/Microsoft.DomainRegistration/domains/alias140.net/providers/Microsoft.Authorization/locks/alias140.net","type":"Microsoft.Authorization/locks","name":"alias140.net"},{"properties":{"level":"CanNotDelete","notes":"This
        DNS zone was created when purchasing a domain and is likely still required
        by the domain. If you still want to delete this DNS zone please remove the
        lock and delete the zone."},"id":"/subscriptions/00000000-0000-0000-0000-000000000000/resourcegroups/dania-what-if/providers/Microsoft.Network/dnszones/alias140.net/providers/Microsoft.Authorization/locks/alias140.net","type":"Microsoft.Authorization/locks","name":"alias140.net"}]}'
    headers:
      cache-control:
      - no-cache
      content-length:
      - '1846'
      content-type:
      - application/json; charset=utf-8
      date:
      - Wed, 09 Dec 2020 15:46:49 GMT
      expires:
      - '-1'
      pragma:
      - no-cache
      strict-transport-security:
      - max-age=31536000; includeSubDomains
      transfer-encoding:
      - chunked
      vary:
      - Accept-Encoding,Accept-Encoding
      x-content-type-options:
      - nosniff
    status:
      code: 200
      message: OK
- request:
    body: null
    headers:
      Accept:
      - application/json
      Accept-Encoding:
      - gzip, deflate
      CommandName:
      - lock update
      Connection:
      - keep-alive
      ParameterSetName:
      - -n -g --notes --lock-type
      User-Agent:
      - python/3.8.6 (Windows-10-10.0.19041-SP0) msrest/0.6.18 msrest_azure/0.6.3
        azure-mgmt-resource/12.0.0 Azure-SDK-For-Python AZURECLI/2.16.0
      accept-language:
      - en-US
    method: GET
    uri: https://management.azure.com/subscriptions/00000000-0000-0000-0000-000000000000/resourceGroups/cli_test_readonly_resource_group_lock000001/providers/Microsoft.Authorization/locks/cli-test-lock000002?api-version=2016-09-01
  response:
    body:
      string: '{"properties":{"level":"ReadOnly"},"id":"/subscriptions/00000000-0000-0000-0000-000000000000/resourceGroups/cli_test_readonly_resource_group_lock000001/providers/Microsoft.Authorization/locks/cli-test-lock000002","type":"Microsoft.Authorization/locks","name":"cli-test-lock000002"}'
    headers:
      cache-control:
      - no-cache
      content-length:
      - '371'
      content-type:
      - application/json; charset=utf-8
      date:
      - Wed, 09 Dec 2020 15:46:49 GMT
      expires:
      - '-1'
      pragma:
      - no-cache
      strict-transport-security:
      - max-age=31536000; includeSubDomains
      transfer-encoding:
      - chunked
      vary:
      - Accept-Encoding,Accept-Encoding
      x-content-type-options:
      - nosniff
    status:
      code: 200
      message: OK
- request:
    body: '{"properties": {"level": "CanNotDelete", "notes": "notes000003"}}'
    headers:
      Accept:
      - application/json
      Accept-Encoding:
      - gzip, deflate
      CommandName:
      - lock update
      Connection:
      - keep-alive
      Content-Length:
      - '74'
      Content-Type:
      - application/json; charset=utf-8
      ParameterSetName:
      - -n -g --notes --lock-type
      User-Agent:
      - python/3.8.6 (Windows-10-10.0.19041-SP0) msrest/0.6.18 msrest_azure/0.6.3
        azure-mgmt-resource/12.0.0 Azure-SDK-For-Python AZURECLI/2.16.0
      accept-language:
      - en-US
    method: PUT
    uri: https://management.azure.com/subscriptions/00000000-0000-0000-0000-000000000000/resourceGroups/cli_test_readonly_resource_group_lock000001/providers/Microsoft.Authorization/locks/cli-test-lock000002?api-version=2016-09-01
  response:
    body:
      string: '{"properties":{"level":"CanNotDelete","notes":"notes000003"},"id":"/subscriptions/00000000-0000-0000-0000-000000000000/resourceGroups/cli_test_readonly_resource_group_lock000001/providers/Microsoft.Authorization/locks/cli-test-lock000002","type":"Microsoft.Authorization/locks","name":"cli-test-lock000002"}'
    headers:
      cache-control:
      - no-cache
      content-length:
      - '406'
      content-type:
      - application/json; charset=utf-8
      date:
      - Wed, 09 Dec 2020 15:46:49 GMT
      expires:
      - '-1'
      pragma:
      - no-cache
      strict-transport-security:
      - max-age=31536000; includeSubDomains
      transfer-encoding:
      - chunked
      vary:
      - Accept-Encoding,Accept-Encoding
      x-content-type-options:
      - nosniff
      x-ms-ratelimit-remaining-subscription-writes:
      - '1199'
    status:
      code: 200
      message: OK
- request:
    body: null
    headers:
      Accept:
      - application/json
      Accept-Encoding:
      - gzip, deflate
      CommandName:
      - lock delete
      Connection:
      - keep-alive
      ParameterSetName:
      - -g -n
      User-Agent:
      - python/3.8.6 (Windows-10-10.0.19041-SP0) msrest/0.6.18 msrest_azure/0.6.3
        azure-mgmt-resource/12.0.0 Azure-SDK-For-Python AZURECLI/2.16.0
      accept-language:
      - en-US
    method: GET
    uri: https://management.azure.com/subscriptions/00000000-0000-0000-0000-000000000000/providers/Microsoft.Authorization/locks?api-version=2016-09-01
  response:
    body:
      string: '{"value":[{"properties":{"level":"CanNotDelete","notes":"Auto-created
        by Azure Backup for storage accounts registered with a Recovery Services Vault.
        This lock is intended to guard against deletion of backups due to accidental
        deletion of the storage account."},"id":"/subscriptions/00000000-0000-0000-0000-000000000000/resourcegroups/gokul-testrg4/providers/microsoft.storage/storageAccounts/cd2zky4hqprtqazscripts/providers/Microsoft.Authorization/locks/AzureBackupProtectionLock","type":"Microsoft.Authorization/locks","name":"AzureBackupProtectionLock"},{"properties":{"level":"CanNotDelete","notes":"notes000003"},"id":"/subscriptions/00000000-0000-0000-0000-000000000000/resourceGroups/cli_test_readonly_resource_group_lock000001/providers/Microsoft.Authorization/locks/cli-test-lock000002","type":"Microsoft.Authorization/locks","name":"cli-test-lock000002"},{"properties":{"level":"CanNotDelete","notes":"Deleting
        a domain will make it unavailable to purchase for 60 days. Please remove the
        lock before deleting this domain."},"id":"/subscriptions/00000000-0000-0000-0000-000000000000/resourcegroups/dania-what-if/providers/Microsoft.DomainRegistration/domains/alias140.net/providers/Microsoft.Authorization/locks/alias140.net","type":"Microsoft.Authorization/locks","name":"alias140.net"},{"properties":{"level":"CanNotDelete","notes":"This
        DNS zone was created when purchasing a domain and is likely still required
        by the domain. If you still want to delete this DNS zone please remove the
        lock and delete the zone."},"id":"/subscriptions/00000000-0000-0000-0000-000000000000/resourcegroups/dania-what-if/providers/Microsoft.Network/dnszones/alias140.net/providers/Microsoft.Authorization/locks/alias140.net","type":"Microsoft.Authorization/locks","name":"alias140.net"}]}'
    headers:
      cache-control:
      - no-cache
      content-length:
      - '1881'
      content-type:
      - application/json; charset=utf-8
      date:
      - Wed, 09 Dec 2020 15:46:50 GMT
      expires:
      - '-1'
      pragma:
      - no-cache
      strict-transport-security:
      - max-age=31536000; includeSubDomains
      transfer-encoding:
      - chunked
      vary:
      - Accept-Encoding,Accept-Encoding
      x-content-type-options:
      - nosniff
    status:
      code: 200
      message: OK
- request:
    body: null
    headers:
      Accept:
      - application/json
      Accept-Encoding:
      - gzip, deflate
      CommandName:
      - lock delete
      Connection:
      - keep-alive
      Content-Length:
      - '0'
      ParameterSetName:
      - -g -n
      User-Agent:
      - python/3.8.6 (Windows-10-10.0.19041-SP0) msrest/0.6.18 msrest_azure/0.6.3
        azure-mgmt-resource/12.0.0 Azure-SDK-For-Python AZURECLI/2.16.0
      accept-language:
      - en-US
    method: DELETE
    uri: https://management.azure.com/subscriptions/00000000-0000-0000-0000-000000000000/resourceGroups/cli_test_readonly_resource_group_lock000001/providers/Microsoft.Authorization/locks/cli-test-lock000002?api-version=2016-09-01
  response:
    body:
      string: ''
    headers:
      cache-control:
      - no-cache
      content-length:
      - '0'
      date:
      - Wed, 09 Dec 2020 15:46:50 GMT
      expires:
      - '-1'
      pragma:
      - no-cache
      strict-transport-security:
      - max-age=31536000; includeSubDomains
      x-content-type-options:
      - nosniff
      x-ms-ratelimit-remaining-subscription-deletes:
      - '14999'
    status:
      code: 200
      message: OK
version: 1
