
Microsoft Visual Studio Solution File, Format Version 12.00
# Visual Studio 15
VisualStudioVersion = 15.0.27703.2018
MinimumVisualStudioVersion = 10.0.40219.1
Project("{888888A0-9F3D-457C-B088-3A5042F75D52}") = "sphinx", "sphinx.pyproj", "{049FDA00-8C5C-43B8-B908-C60ADB29813D}"
EndProject
Global
	GlobalSection(SolutionConfigurationPlatforms) = preSolution
		Debug|Any CPU = Debug|Any CPU
		Release|Any CPU = Release|Any CPU
	EndGlobalSection
	GlobalSection(ProjectConfigurationPlatforms) = postSolution
		{049FDA00-8C5C-43B8-B908-C60ADB29813D}.Debug|Any CPU.ActiveCfg = Debug|Any CPU
		{049FDA00-8C5C-43B8-B908-C60ADB29813D}.Release|Any CPU.ActiveCfg = Release|Any CPU
	EndGlobalSection
	GlobalSection(SolutionProperties) = preSolution
		HideSolutionNode = FALSE
	EndGlobalSection
	GlobalSection(ExtensibilityGlobals) = postSolution
		SolutionGuid = {E86FA202-EE47-4610-88A7-EC8B30AD3EF9}
	EndGlobalSection
EndGlobal
