interactions:
- request:
    body: '{"tags": {"use": "az-test"}, "location": "westus"}'
    headers:
      Accept: [application/json]
      Accept-Encoding: ['gzip, deflate']
      CommandName: [group create]
      Connection: [keep-alive]
      Content-Length: ['50']
      Content-Type: [application/json; charset=utf-8]
      User-Agent: [python/3.5.3 (Windows-10-10.0.15063-SP0) requests/2.9.1 msrest/0.4.14
          msrest_azure/0.4.14 resourcemanagementclient/1.1.0 Azure-SDK-For-Python
          AZURECLI/2.0.16+dev]
      accept-language: [en-US]
    method: PUT
    uri: https://management.azure.com/subscriptions/00000000-0000-0000-0000-000000000000/resourcegroups/cli_test_cannotdelete_resource_group_lock000001?api-version=2017-05-10
  response:
    body: {string: '{"id":"/subscriptions/00000000-0000-0000-0000-000000000000/resourceGroups/cli_test_cannotdelete_resource_group_lock000001","name":"cli_test_cannotdelete_resource_group_lock000001","location":"westus","tags":{"use":"az-test"},"properties":{"provisioningState":"Succeeded"}}'}
    headers:
      cache-control: [no-cache]
      content-length: ['328']
      content-type: [application/json; charset=utf-8]
      date: ['Tue, 19 Sep 2017 18:47:17 GMT']
      expires: ['-1']
      pragma: [no-cache]
      strict-transport-security: [max-age=31536000; includeSubDomains]
      x-ms-ratelimit-remaining-subscription-writes: ['1196']
    status: {code: 201, message: Created}
- request:
    body: 'b''{"name": "cli-test-lock000002", "properties": {"level": "CanNotDelete"}}'''
    headers:
      Accept: [application/json]
      Accept-Encoding: ['gzip, deflate']
      CommandName: [lock create]
      Connection: [keep-alive]
      Content-Length: ['101']
      Content-Type: [application/json; charset=utf-8]
      User-Agent: [python/3.5.3 (Windows-10-10.0.15063-SP0) requests/2.9.1 msrest/0.4.14
          msrest_azure/0.4.14 managementlockclient/1.1.0 Azure-SDK-For-Python AZURECLI/2.0.16+dev]
      accept-language: [en-US]
    method: PUT
    uri: https://management.azure.com/subscriptions/00000000-0000-0000-0000-000000000000/resourceGroups/cli_test_cannotdelete_resource_group_lock000001/providers/Microsoft.Authorization/locks/cli-test-lock000002?api-version=2016-09-01
  response:
    body: {string: '{"properties":{"level":"CanNotDelete"},"id":"/subscriptions/00000000-0000-0000-0000-000000000000/resourceGroups/cli_test_cannotdelete_resource_group_lock000001/providers/Microsoft.Authorization/locks/cli-test-lock000002","type":"Microsoft.Authorization/locks","name":"cli-test-lock000002"}'}
    headers:
      cache-control: [no-cache]
      content-length: ['375']
      content-type: [application/json; charset=utf-8]
      date: ['Tue, 19 Sep 2017 18:47:18 GMT']
      expires: ['-1']
      pragma: [no-cache]
      strict-transport-security: [max-age=31536000; includeSubDomains]
      x-ms-ratelimit-remaining-subscription-writes: ['1196']
    status: {code: 201, message: Created}
- request:
    body: null
    headers:
      Accept: [application/json]
      Accept-Encoding: ['gzip, deflate']
      CommandName: [lock show]
      Connection: [keep-alive]
      Content-Type: [application/json; charset=utf-8]
      User-Agent: [python/3.5.3 (Windows-10-10.0.15063-SP0) requests/2.9.1 msrest/0.4.14
          msrest_azure/0.4.14 managementlockclient/1.1.0 Azure-SDK-For-Python AZURECLI/2.0.16+dev]
      accept-language: [en-US]
    method: GET
    uri: https://management.azure.com/subscriptions/00000000-0000-0000-0000-000000000000/providers/Microsoft.Authorization/locks?api-version=2016-09-01
  response:
    body: {string: '{"value":[{"properties":{"level":"ReadOnly"},"id":"/subscriptions/00000000-0000-0000-0000-000000000000/resourceGroups/cli_test_readonly_resource_group_lockyg55mqk35gnyugailubkgryitidvrczwp5xsvj/providers/Microsoft.Authorization/locks/cli-test-lockmirbpraflhwmjkhcbmpimd2vlzjrcvkrnkp","type":"Microsoft.Authorization/locks","name":"cli-test-lockmirbpraflhwmjkhcbmpimd2vlzjrcvkrnkp"},{"properties":{"level":"CanNotDelete"},"id":"/subscriptions/00000000-0000-0000-0000-000000000000/resourceGroups/cli_test_cannotdelete_resource_group_lockshyn6vu4ouyymz7cn6eqcj3hngarh6ahhn/providers/Microsoft.Authorization/locks/cli-test-lockxljkeaunujkjx3ymbsgexg36nnd3cabthkl","type":"Microsoft.Authorization/locks","name":"cli-test-lockxljkeaunujkjx3ymbsgexg36nnd3cabthkl"},{"properties":{"level":"CanNotDelete","notes":""},"id":"/subscriptions/00000000-0000-0000-0000-000000000000/resourceGroups/yugangw2/providers/Microsoft.Authorization/locks/nodel","type":"Microsoft.Authorization/locks","name":"nodel"},{"properties":{"level":"ReadOnly"},"id":"/subscriptions/00000000-0000-0000-0000-000000000000/resourcegroups/cli_test_readonly_resource_lockgtrguxbytxj6d2mvdjo6pca5scgafx55no2tafhh77tg/providers/Microsoft.Network/virtualNetworks/cli.lock.rsrchjnwouiiaquvdi7js/providers/Microsoft.Authorization/locks/cli-test-lockrx3wngzw6jdsnnyk4iyzpeyvqwc6ndwnl4thd7un75prfeznqaqazwdjnnbh2","type":"Microsoft.Authorization/locks","name":"cli-test-lockrx3wngzw6jdsnnyk4iyzpeyvqwc6ndwnl4thd7un75prfeznqaqazwdjnnbh2"},{"properties":{"level":"CanNotDelete","notes":"please
        keep"},"id":"/subscriptions/00000000-0000-0000-0000-000000000000/resourceGroups/sdk-test/providers/Microsoft.Authorization/locks/sdk-test-lock","type":"Microsoft.Authorization/locks","name":"sdk-test-lock"},{"properties":{"level":"CanNotDelete","notes":"Reserved
        resource locked by ''cliautomationlab'' lab."},"id":"/subscriptions/00000000-0000-0000-0000-000000000000/resourcegroups/cliautomation/providers/Microsoft.Storage/storageAccounts/acliautomationlab2987/providers/Microsoft.Authorization/locks/DevTestLabs
        Lock","type":"Microsoft.Authorization/locks","name":"DevTestLabs Lock"},{"properties":{"level":"CanNotDelete","notes":"Reserved
        resource locked by ''cliautomationlab'' lab."},"id":"/subscriptions/00000000-0000-0000-0000-000000000000/resourcegroups/cliautomation/providers/Microsoft.KeyVault/vaults/cliautomationlab786/providers/Microsoft.Authorization/locks/DevTestLabs
        Lock","type":"Microsoft.Authorization/locks","name":"DevTestLabs Lock"},{"properties":{"level":"CanNotDelete","notes":"Reserved
        resource locked by ''cliautomationlab'' lab."},"id":"/subscriptions/00000000-0000-0000-0000-000000000000/resourcegroups/cliautomation/providers/Microsoft.Network/virtualNetworks/Dtlcliautomationlab/providers/Microsoft.Authorization/locks/DevTestLabs
        Lock","type":"Microsoft.Authorization/locks","name":"DevTestLabs Lock"},{"properties":{"level":"CanNotDelete","notes":"Pending
        support ticket: REG:117080316140410"},"id":"/subscriptions/00000000-0000-0000-0000-000000000000/resourceGroups/rg2del/providers/Microsoft.Authorization/locks/nottodelete","type":"Microsoft.Authorization/locks","name":"nottodelete"},{"properties":{"level":"CanNotDelete"},"id":"/subscriptions/00000000-0000-0000-0000-000000000000/resourceGroups/cli_test_lock_commands_with_ids4d6txrywdfjatmqhkralj2yadvydlrfz3shyafymhpbg/providers/Microsoft.Authorization/locks/cli-test-locklsvjitahs5t7vtj7imsjhelzhofmwlit3xlan","type":"Microsoft.Authorization/locks","name":"cli-test-locklsvjitahs5t7vtj7imsjhelzhofmwlit3xlan"},{"properties":{"level":"CanNotDelete"},"id":"/subscriptions/00000000-0000-0000-0000-000000000000/resourcegroups/cli_test_lock_commands_with_ids4d6txrywdfjatmqhkralj2yadvydlrfz3shyafymhpbg/providers/Microsoft.Network/virtualNetworks/cli-lock-vneth52byta2c2bjk7wo6/providers/Microsoft.Authorization/locks/cli-test-lockyo4iyq5xl26e4u75fpt65srzhpieydriqkl7l","type":"Microsoft.Authorization/locks","name":"cli-test-lockyo4iyq5xl26e4u75fpt65srzhpieydriqkl7l"},{"properties":{"level":"CanNotDelete"},"id":"/subscriptions/00000000-0000-0000-0000-000000000000/resourcegroups/cli_test_lock_commands_with_ids4d6txrywdfjatmqhkralj2yadvydlrfz3shyafymhpbg/providers/Microsoft.Network/virtualNetworks/cli-lock-vneth52byta2c2bjk7wo6/subnets/cli-lock-subnetmhdfpf233zerobt/providers/Microsoft.Authorization/locks/cli-test-lockzf5vqre","type":"Microsoft.Authorization/locks","name":"cli-test-lockzf5vqre"},{"properties":{"level":"CanNotDelete","notes":"Reserved
        resource locked by ''cliautomationlab'' lab."},"id":"/subscriptions/00000000-0000-0000-0000-000000000000/resourcegroups/cliautomation01/providers/Microsoft.Storage/storageAccounts/acliautomationlab2281/providers/Microsoft.Authorization/locks/DevTestLabs
        Lock","type":"Microsoft.Authorization/locks","name":"DevTestLabs Lock"},{"properties":{"level":"CanNotDelete","notes":"Reserved
        resource locked by ''cliautomationlab'' lab."},"id":"/subscriptions/00000000-0000-0000-0000-000000000000/resourcegroups/cliautomation01/providers/Microsoft.KeyVault/vaults/cliautomationlab6073/providers/Microsoft.Authorization/locks/DevTestLabs
        Lock","type":"Microsoft.Authorization/locks","name":"DevTestLabs Lock"},{"properties":{"level":"CanNotDelete","notes":"Reserved
        resource locked by ''cliautomationlab'' lab."},"id":"/subscriptions/00000000-0000-0000-0000-000000000000/resourcegroups/cliautomation01/providers/Microsoft.Network/virtualNetworks/Dtlcliautomationlab/providers/Microsoft.Authorization/locks/DevTestLabs
        Lock","type":"Microsoft.Authorization/locks","name":"DevTestLabs Lock"},{"properties":{"level":"CanNotDelete","notes":""},"id":"/subscriptions/00000000-0000-0000-0000-000000000000/resourceGroups/lmazuel/providers/Microsoft.Authorization/locks/nodelete","type":"Microsoft.Authorization/locks","name":"nodelete"},{"properties":{"level":"CanNotDelete"},"id":"/subscriptions/00000000-0000-0000-0000-000000000000/resourceGroups/cli_test_cannotdelete_resource_group_lock000001/providers/Microsoft.Authorization/locks/cli-test-lock000002","type":"Microsoft.Authorization/locks","name":"cli-test-lock000002"},{"properties":{"level":"CanNotDelete","notes":""},"id":"/subscriptions/00000000-0000-0000-0000-000000000000/resourceGroups/yugangw/providers/Microsoft.Authorization/locks/nodelete","type":"Microsoft.Authorization/locks","name":"nodelete"},{"properties":{"level":"CanNotDelete","notes":"Until
        work is done, keep this around!"},"id":"/subscriptions/00000000-0000-0000-0000-000000000000/resourceGroups/tjp-vpn/providers/Microsoft.Network/virtualNetworks/vnet1/providers/Microsoft.Authorization/locks/lock1","type":"Microsoft.Authorization/locks","name":"lock1"}]}'}
    headers:
      cache-control: [no-cache]
      content-length: ['6734']
      content-type: [application/json; charset=utf-8]
      date: ['Tue, 19 Sep 2017 18:47:18 GMT']
      expires: ['-1']
      pragma: [no-cache]
      strict-transport-security: [max-age=31536000; includeSubDomains]
      transfer-encoding: [chunked]
      vary: ['Accept-Encoding,Accept-Encoding']
    status: {code: 200, message: OK}
- request:
    body: null
    headers:
      Accept: [application/json]
      Accept-Encoding: ['gzip, deflate']
      CommandName: [lock show]
      Connection: [keep-alive]
      Content-Type: [application/json; charset=utf-8]
      User-Agent: [python/3.5.3 (Windows-10-10.0.15063-SP0) requests/2.9.1 msrest/0.4.14
          msrest_azure/0.4.14 managementlockclient/1.1.0 Azure-SDK-For-Python AZURECLI/2.0.16+dev]
      accept-language: [en-US]
    method: GET
    uri: https://management.azure.com/subscriptions/00000000-0000-0000-0000-000000000000/resourceGroups/cli_test_cannotdelete_resource_group_lock000001/providers/Microsoft.Authorization/locks/cli-test-lock000002?api-version=2016-09-01
  response:
    body: {string: '{"properties":{"level":"CanNotDelete"},"id":"/subscriptions/00000000-0000-0000-0000-000000000000/resourceGroups/cli_test_cannotdelete_resource_group_lock000001/providers/Microsoft.Authorization/locks/cli-test-lock000002","type":"Microsoft.Authorization/locks","name":"cli-test-lock000002"}'}
    headers:
      cache-control: [no-cache]
      content-length: ['375']
      content-type: [application/json; charset=utf-8]
      date: ['Tue, 19 Sep 2017 18:47:18 GMT']
      expires: ['-1']
      pragma: [no-cache]
      strict-transport-security: [max-age=31536000; includeSubDomains]
      transfer-encoding: [chunked]
      vary: ['Accept-Encoding,Accept-Encoding']
    status: {code: 200, message: OK}
- request:
    body: null
    headers:
      Accept: [application/json]
      Accept-Encoding: ['gzip, deflate']
      CommandName: [lock list]
      Connection: [keep-alive]
      Content-Type: [application/json; charset=utf-8]
      User-Agent: [python/3.5.3 (Windows-10-10.0.15063-SP0) requests/2.9.1 msrest/0.4.14
          msrest_azure/0.4.14 managementlockclient/1.1.0 Azure-SDK-For-Python AZURECLI/2.0.16+dev]
      accept-language: [en-US]
    method: GET
    uri: https://management.azure.com/subscriptions/00000000-0000-0000-0000-000000000000/resourceGroups/cli_test_cannotdelete_resource_group_lock000001/providers/Microsoft.Authorization/locks?api-version=2016-09-01
  response:
    body: {string: '{"value":[{"properties":{"level":"CanNotDelete"},"id":"/subscriptions/00000000-0000-0000-0000-000000000000/resourceGroups/cli_test_cannotdelete_resource_group_lock000001/providers/Microsoft.Authorization/locks/cli-test-lock000002","type":"Microsoft.Authorization/locks","name":"cli-test-lock000002"}]}'}
    headers:
      cache-control: [no-cache]
      content-length: ['387']
      content-type: [application/json; charset=utf-8]
      date: ['Tue, 19 Sep 2017 18:47:19 GMT']
      expires: ['-1']
      pragma: [no-cache]
      strict-transport-security: [max-age=31536000; includeSubDomains]
      transfer-encoding: [chunked]
      vary: ['Accept-Encoding,Accept-Encoding']
    status: {code: 200, message: OK}
- request:
    body: null
    headers:
      Accept: [application/json]
      Accept-Encoding: ['gzip, deflate']
      CommandName: [lock update]
      Connection: [keep-alive]
      Content-Type: [application/json; charset=utf-8]
      User-Agent: [python/3.5.3 (Windows-10-10.0.15063-SP0) requests/2.9.1 msrest/0.4.14
          msrest_azure/0.4.14 managementlockclient/1.1.0 Azure-SDK-For-Python AZURECLI/2.0.16+dev]
      accept-language: [en-US]
    method: GET
    uri: https://management.azure.com/subscriptions/00000000-0000-0000-0000-000000000000/providers/Microsoft.Authorization/locks?api-version=2016-09-01
  response:
    body: {string: '{"value":[{"properties":{"level":"ReadOnly"},"id":"/subscriptions/00000000-0000-0000-0000-000000000000/resourceGroups/cli_test_readonly_resource_group_lockyg55mqk35gnyugailubkgryitidvrczwp5xsvj/providers/Microsoft.Authorization/locks/cli-test-lockmirbpraflhwmjkhcbmpimd2vlzjrcvkrnkp","type":"Microsoft.Authorization/locks","name":"cli-test-lockmirbpraflhwmjkhcbmpimd2vlzjrcvkrnkp"},{"properties":{"level":"CanNotDelete"},"id":"/subscriptions/00000000-0000-0000-0000-000000000000/resourceGroups/cli_test_cannotdelete_resource_group_lockshyn6vu4ouyymz7cn6eqcj3hngarh6ahhn/providers/Microsoft.Authorization/locks/cli-test-lockxljkeaunujkjx3ymbsgexg36nnd3cabthkl","type":"Microsoft.Authorization/locks","name":"cli-test-lockxljkeaunujkjx3ymbsgexg36nnd3cabthkl"},{"properties":{"level":"CanNotDelete","notes":""},"id":"/subscriptions/00000000-0000-0000-0000-000000000000/resourceGroups/yugangw2/providers/Microsoft.Authorization/locks/nodel","type":"Microsoft.Authorization/locks","name":"nodel"},{"properties":{"level":"ReadOnly"},"id":"/subscriptions/00000000-0000-0000-0000-000000000000/resourcegroups/cli_test_readonly_resource_lockgtrguxbytxj6d2mvdjo6pca5scgafx55no2tafhh77tg/providers/Microsoft.Network/virtualNetworks/cli.lock.rsrchjnwouiiaquvdi7js/providers/Microsoft.Authorization/locks/cli-test-lockrx3wngzw6jdsnnyk4iyzpeyvqwc6ndwnl4thd7un75prfeznqaqazwdjnnbh2","type":"Microsoft.Authorization/locks","name":"cli-test-lockrx3wngzw6jdsnnyk4iyzpeyvqwc6ndwnl4thd7un75prfeznqaqazwdjnnbh2"},{"properties":{"level":"CanNotDelete","notes":"please
        keep"},"id":"/subscriptions/00000000-0000-0000-0000-000000000000/resourceGroups/sdk-test/providers/Microsoft.Authorization/locks/sdk-test-lock","type":"Microsoft.Authorization/locks","name":"sdk-test-lock"},{"properties":{"level":"CanNotDelete","notes":"Reserved
        resource locked by ''cliautomationlab'' lab."},"id":"/subscriptions/00000000-0000-0000-0000-000000000000/resourcegroups/cliautomation/providers/Microsoft.Storage/storageAccounts/acliautomationlab2987/providers/Microsoft.Authorization/locks/DevTestLabs
        Lock","type":"Microsoft.Authorization/locks","name":"DevTestLabs Lock"},{"properties":{"level":"CanNotDelete","notes":"Reserved
        resource locked by ''cliautomationlab'' lab."},"id":"/subscriptions/00000000-0000-0000-0000-000000000000/resourcegroups/cliautomation/providers/Microsoft.KeyVault/vaults/cliautomationlab786/providers/Microsoft.Authorization/locks/DevTestLabs
        Lock","type":"Microsoft.Authorization/locks","name":"DevTestLabs Lock"},{"properties":{"level":"CanNotDelete","notes":"Reserved
        resource locked by ''cliautomationlab'' lab."},"id":"/subscriptions/00000000-0000-0000-0000-000000000000/resourcegroups/cliautomation/providers/Microsoft.Network/virtualNetworks/Dtlcliautomationlab/providers/Microsoft.Authorization/locks/DevTestLabs
        Lock","type":"Microsoft.Authorization/locks","name":"DevTestLabs Lock"},{"properties":{"level":"CanNotDelete","notes":"Pending
        support ticket: REG:117080316140410"},"id":"/subscriptions/00000000-0000-0000-0000-000000000000/resourceGroups/rg2del/providers/Microsoft.Authorization/locks/nottodelete","type":"Microsoft.Authorization/locks","name":"nottodelete"},{"properties":{"level":"CanNotDelete"},"id":"/subscriptions/00000000-0000-0000-0000-000000000000/resourceGroups/cli_test_lock_commands_with_ids4d6txrywdfjatmqhkralj2yadvydlrfz3shyafymhpbg/providers/Microsoft.Authorization/locks/cli-test-locklsvjitahs5t7vtj7imsjhelzhofmwlit3xlan","type":"Microsoft.Authorization/locks","name":"cli-test-locklsvjitahs5t7vtj7imsjhelzhofmwlit3xlan"},{"properties":{"level":"CanNotDelete"},"id":"/subscriptions/00000000-0000-0000-0000-000000000000/resourcegroups/cli_test_lock_commands_with_ids4d6txrywdfjatmqhkralj2yadvydlrfz3shyafymhpbg/providers/Microsoft.Network/virtualNetworks/cli-lock-vneth52byta2c2bjk7wo6/providers/Microsoft.Authorization/locks/cli-test-lockyo4iyq5xl26e4u75fpt65srzhpieydriqkl7l","type":"Microsoft.Authorization/locks","name":"cli-test-lockyo4iyq5xl26e4u75fpt65srzhpieydriqkl7l"},{"properties":{"level":"CanNotDelete"},"id":"/subscriptions/00000000-0000-0000-0000-000000000000/resourcegroups/cli_test_lock_commands_with_ids4d6txrywdfjatmqhkralj2yadvydlrfz3shyafymhpbg/providers/Microsoft.Network/virtualNetworks/cli-lock-vneth52byta2c2bjk7wo6/subnets/cli-lock-subnetmhdfpf233zerobt/providers/Microsoft.Authorization/locks/cli-test-lockzf5vqre","type":"Microsoft.Authorization/locks","name":"cli-test-lockzf5vqre"},{"properties":{"level":"CanNotDelete","notes":"Reserved
        resource locked by ''cliautomationlab'' lab."},"id":"/subscriptions/00000000-0000-0000-0000-000000000000/resourcegroups/cliautomation01/providers/Microsoft.Storage/storageAccounts/acliautomationlab2281/providers/Microsoft.Authorization/locks/DevTestLabs
        Lock","type":"Microsoft.Authorization/locks","name":"DevTestLabs Lock"},{"properties":{"level":"CanNotDelete","notes":"Reserved
        resource locked by ''cliautomationlab'' lab."},"id":"/subscriptions/00000000-0000-0000-0000-000000000000/resourcegroups/cliautomation01/providers/Microsoft.KeyVault/vaults/cliautomationlab6073/providers/Microsoft.Authorization/locks/DevTestLabs
        Lock","type":"Microsoft.Authorization/locks","name":"DevTestLabs Lock"},{"properties":{"level":"CanNotDelete","notes":"Reserved
        resource locked by ''cliautomationlab'' lab."},"id":"/subscriptions/00000000-0000-0000-0000-000000000000/resourcegroups/cliautomation01/providers/Microsoft.Network/virtualNetworks/Dtlcliautomationlab/providers/Microsoft.Authorization/locks/DevTestLabs
        Lock","type":"Microsoft.Authorization/locks","name":"DevTestLabs Lock"},{"properties":{"level":"CanNotDelete","notes":""},"id":"/subscriptions/00000000-0000-0000-0000-000000000000/resourceGroups/lmazuel/providers/Microsoft.Authorization/locks/nodelete","type":"Microsoft.Authorization/locks","name":"nodelete"},{"properties":{"level":"CanNotDelete"},"id":"/subscriptions/00000000-0000-0000-0000-000000000000/resourceGroups/cli_test_cannotdelete_resource_group_lock000001/providers/Microsoft.Authorization/locks/cli-test-lock000002","type":"Microsoft.Authorization/locks","name":"cli-test-lock000002"},{"properties":{"level":"CanNotDelete","notes":""},"id":"/subscriptions/00000000-0000-0000-0000-000000000000/resourceGroups/yugangw/providers/Microsoft.Authorization/locks/nodelete","type":"Microsoft.Authorization/locks","name":"nodelete"},{"properties":{"level":"CanNotDelete","notes":"Until
        work is done, keep this around!"},"id":"/subscriptions/00000000-0000-0000-0000-000000000000/resourceGroups/tjp-vpn/providers/Microsoft.Network/virtualNetworks/vnet1/providers/Microsoft.Authorization/locks/lock1","type":"Microsoft.Authorization/locks","name":"lock1"}]}'}
    headers:
      cache-control: [no-cache]
      content-length: ['6734']
      content-type: [application/json; charset=utf-8]
      date: ['Tue, 19 Sep 2017 18:47:21 GMT']
      expires: ['-1']
      pragma: [no-cache]
      strict-transport-security: [max-age=31536000; includeSubDomains]
      transfer-encoding: [chunked]
      vary: ['Accept-Encoding,Accept-Encoding']
    status: {code: 200, message: OK}
- request:
    body: null
    headers:
      Accept: [application/json]
      Accept-Encoding: ['gzip, deflate']
      CommandName: [lock update]
      Connection: [keep-alive]
      Content-Type: [application/json; charset=utf-8]
      User-Agent: [python/3.5.3 (Windows-10-10.0.15063-SP0) requests/2.9.1 msrest/0.4.14
          msrest_azure/0.4.14 managementlockclient/1.1.0 Azure-SDK-For-Python AZURECLI/2.0.16+dev]
      accept-language: [en-US]
    method: GET
    uri: https://management.azure.com/subscriptions/00000000-0000-0000-0000-000000000000/resourceGroups/cli_test_cannotdelete_resource_group_lock000001/providers/Microsoft.Authorization/locks/cli-test-lock000002?api-version=2016-09-01
  response:
    body: {string: '{"properties":{"level":"CanNotDelete"},"id":"/subscriptions/00000000-0000-0000-0000-000000000000/resourceGroups/cli_test_cannotdelete_resource_group_lock000001/providers/Microsoft.Authorization/locks/cli-test-lock000002","type":"Microsoft.Authorization/locks","name":"cli-test-lock000002"}'}
    headers:
      cache-control: [no-cache]
      content-length: ['375']
      content-type: [application/json; charset=utf-8]
      date: ['Tue, 19 Sep 2017 18:47:21 GMT']
      expires: ['-1']
      pragma: [no-cache]
      strict-transport-security: [max-age=31536000; includeSubDomains]
      transfer-encoding: [chunked]
      vary: ['Accept-Encoding,Accept-Encoding']
    status: {code: 200, message: OK}
- request:
    body: 'b''b\''{"name": "cli-test-lock000002", "properties": {"level": "ReadOnly",
      "notes": "notes000003"}}\'''''
    headers:
      Accept: [application/json]
      Accept-Encoding: ['gzip, deflate']
      CommandName: [lock update]
      Connection: [keep-alive]
      Content-Length: ['130']
      Content-Type: [application/json; charset=utf-8]
      User-Agent: [python/3.5.3 (Windows-10-10.0.15063-SP0) requests/2.9.1 msrest/0.4.14
          msrest_azure/0.4.14 managementlockclient/1.1.0 Azure-SDK-For-Python AZURECLI/2.0.16+dev]
      accept-language: [en-US]
    method: PUT
    uri: https://management.azure.com/subscriptions/00000000-0000-0000-0000-000000000000/resourceGroups/cli_test_cannotdelete_resource_group_lock000001/providers/Microsoft.Authorization/locks/cli-test-lock000002?api-version=2016-09-01
  response:
    body: {string: '{"properties":{"level":"ReadOnly","notes":"notes000003"},"id":"/subscriptions/00000000-0000-0000-0000-000000000000/resourceGroups/cli_test_cannotdelete_resource_group_lock000001/providers/Microsoft.Authorization/locks/cli-test-lock000002","type":"Microsoft.Authorization/locks","name":"cli-test-lock000002"}'}
    headers:
      cache-control: [no-cache]
      content-length: ['402']
      content-type: [application/json; charset=utf-8]
      date: ['Tue, 19 Sep 2017 18:47:21 GMT']
      expires: ['-1']
      pragma: [no-cache]
      strict-transport-security: [max-age=31536000; includeSubDomains]
      transfer-encoding: [chunked]
      vary: ['Accept-Encoding,Accept-Encoding']
      x-ms-ratelimit-remaining-subscription-writes: ['1198']
    status: {code: 200, message: OK}
- request:
    body: null
    headers:
      Accept: [application/json]
      Accept-Encoding: ['gzip, deflate']
      CommandName: [lock delete]
      Connection: [keep-alive]
      Content-Type: [application/json; charset=utf-8]
      User-Agent: [python/3.5.3 (Windows-10-10.0.15063-SP0) requests/2.9.1 msrest/0.4.14
          msrest_azure/0.4.14 managementlockclient/1.1.0 Azure-SDK-For-Python AZURECLI/2.0.16+dev]
      accept-language: [en-US]
    method: GET
    uri: https://management.azure.com/subscriptions/00000000-0000-0000-0000-000000000000/providers/Microsoft.Authorization/locks?api-version=2016-09-01
  response:
    body: {string: '{"value":[{"properties":{"level":"ReadOnly"},"id":"/subscriptions/00000000-0000-0000-0000-000000000000/resourceGroups/cli_test_readonly_resource_group_lockyg55mqk35gnyugailubkgryitidvrczwp5xsvj/providers/Microsoft.Authorization/locks/cli-test-lockmirbpraflhwmjkhcbmpimd2vlzjrcvkrnkp","type":"Microsoft.Authorization/locks","name":"cli-test-lockmirbpraflhwmjkhcbmpimd2vlzjrcvkrnkp"},{"properties":{"level":"CanNotDelete"},"id":"/subscriptions/00000000-0000-0000-0000-000000000000/resourceGroups/cli_test_cannotdelete_resource_group_lockshyn6vu4ouyymz7cn6eqcj3hngarh6ahhn/providers/Microsoft.Authorization/locks/cli-test-lockxljkeaunujkjx3ymbsgexg36nnd3cabthkl","type":"Microsoft.Authorization/locks","name":"cli-test-lockxljkeaunujkjx3ymbsgexg36nnd3cabthkl"},{"properties":{"level":"CanNotDelete","notes":""},"id":"/subscriptions/00000000-0000-0000-0000-000000000000/resourceGroups/yugangw2/providers/Microsoft.Authorization/locks/nodel","type":"Microsoft.Authorization/locks","name":"nodel"},{"properties":{"level":"ReadOnly"},"id":"/subscriptions/00000000-0000-0000-0000-000000000000/resourcegroups/cli_test_readonly_resource_lockgtrguxbytxj6d2mvdjo6pca5scgafx55no2tafhh77tg/providers/Microsoft.Network/virtualNetworks/cli.lock.rsrchjnwouiiaquvdi7js/providers/Microsoft.Authorization/locks/cli-test-lockrx3wngzw6jdsnnyk4iyzpeyvqwc6ndwnl4thd7un75prfeznqaqazwdjnnbh2","type":"Microsoft.Authorization/locks","name":"cli-test-lockrx3wngzw6jdsnnyk4iyzpeyvqwc6ndwnl4thd7un75prfeznqaqazwdjnnbh2"},{"properties":{"level":"CanNotDelete","notes":"please
        keep"},"id":"/subscriptions/00000000-0000-0000-0000-000000000000/resourceGroups/sdk-test/providers/Microsoft.Authorization/locks/sdk-test-lock","type":"Microsoft.Authorization/locks","name":"sdk-test-lock"},{"properties":{"level":"CanNotDelete","notes":"Reserved
        resource locked by ''cliautomationlab'' lab."},"id":"/subscriptions/00000000-0000-0000-0000-000000000000/resourcegroups/cliautomation/providers/Microsoft.Storage/storageAccounts/acliautomationlab2987/providers/Microsoft.Authorization/locks/DevTestLabs
        Lock","type":"Microsoft.Authorization/locks","name":"DevTestLabs Lock"},{"properties":{"level":"CanNotDelete","notes":"Reserved
        resource locked by ''cliautomationlab'' lab."},"id":"/subscriptions/00000000-0000-0000-0000-000000000000/resourcegroups/cliautomation/providers/Microsoft.KeyVault/vaults/cliautomationlab786/providers/Microsoft.Authorization/locks/DevTestLabs
        Lock","type":"Microsoft.Authorization/locks","name":"DevTestLabs Lock"},{"properties":{"level":"CanNotDelete","notes":"Reserved
        resource locked by ''cliautomationlab'' lab."},"id":"/subscriptions/00000000-0000-0000-0000-000000000000/resourcegroups/cliautomation/providers/Microsoft.Network/virtualNetworks/Dtlcliautomationlab/providers/Microsoft.Authorization/locks/DevTestLabs
        Lock","type":"Microsoft.Authorization/locks","name":"DevTestLabs Lock"},{"properties":{"level":"CanNotDelete","notes":"Pending
        support ticket: REG:117080316140410"},"id":"/subscriptions/00000000-0000-0000-0000-000000000000/resourceGroups/rg2del/providers/Microsoft.Authorization/locks/nottodelete","type":"Microsoft.Authorization/locks","name":"nottodelete"},{"properties":{"level":"CanNotDelete"},"id":"/subscriptions/00000000-0000-0000-0000-000000000000/resourceGroups/cli_test_lock_commands_with_ids4d6txrywdfjatmqhkralj2yadvydlrfz3shyafymhpbg/providers/Microsoft.Authorization/locks/cli-test-locklsvjitahs5t7vtj7imsjhelzhofmwlit3xlan","type":"Microsoft.Authorization/locks","name":"cli-test-locklsvjitahs5t7vtj7imsjhelzhofmwlit3xlan"},{"properties":{"level":"CanNotDelete"},"id":"/subscriptions/00000000-0000-0000-0000-000000000000/resourcegroups/cli_test_lock_commands_with_ids4d6txrywdfjatmqhkralj2yadvydlrfz3shyafymhpbg/providers/Microsoft.Network/virtualNetworks/cli-lock-vneth52byta2c2bjk7wo6/providers/Microsoft.Authorization/locks/cli-test-lockyo4iyq5xl26e4u75fpt65srzhpieydriqkl7l","type":"Microsoft.Authorization/locks","name":"cli-test-lockyo4iyq5xl26e4u75fpt65srzhpieydriqkl7l"},{"properties":{"level":"CanNotDelete"},"id":"/subscriptions/00000000-0000-0000-0000-000000000000/resourcegroups/cli_test_lock_commands_with_ids4d6txrywdfjatmqhkralj2yadvydlrfz3shyafymhpbg/providers/Microsoft.Network/virtualNetworks/cli-lock-vneth52byta2c2bjk7wo6/subnets/cli-lock-subnetmhdfpf233zerobt/providers/Microsoft.Authorization/locks/cli-test-lockzf5vqre","type":"Microsoft.Authorization/locks","name":"cli-test-lockzf5vqre"},{"properties":{"level":"CanNotDelete","notes":"Reserved
        resource locked by ''cliautomationlab'' lab."},"id":"/subscriptions/00000000-0000-0000-0000-000000000000/resourcegroups/cliautomation01/providers/Microsoft.Storage/storageAccounts/acliautomationlab2281/providers/Microsoft.Authorization/locks/DevTestLabs
        Lock","type":"Microsoft.Authorization/locks","name":"DevTestLabs Lock"},{"properties":{"level":"CanNotDelete","notes":"Reserved
        resource locked by ''cliautomationlab'' lab."},"id":"/subscriptions/00000000-0000-0000-0000-000000000000/resourcegroups/cliautomation01/providers/Microsoft.KeyVault/vaults/cliautomationlab6073/providers/Microsoft.Authorization/locks/DevTestLabs
        Lock","type":"Microsoft.Authorization/locks","name":"DevTestLabs Lock"},{"properties":{"level":"CanNotDelete","notes":"Reserved
        resource locked by ''cliautomationlab'' lab."},"id":"/subscriptions/00000000-0000-0000-0000-000000000000/resourcegroups/cliautomation01/providers/Microsoft.Network/virtualNetworks/Dtlcliautomationlab/providers/Microsoft.Authorization/locks/DevTestLabs
        Lock","type":"Microsoft.Authorization/locks","name":"DevTestLabs Lock"},{"properties":{"level":"CanNotDelete","notes":""},"id":"/subscriptions/00000000-0000-0000-0000-000000000000/resourceGroups/lmazuel/providers/Microsoft.Authorization/locks/nodelete","type":"Microsoft.Authorization/locks","name":"nodelete"},{"properties":{"level":"ReadOnly","notes":"notes000003"},"id":"/subscriptions/00000000-0000-0000-0000-000000000000/resourceGroups/cli_test_cannotdelete_resource_group_lock000001/providers/Microsoft.Authorization/locks/cli-test-lock000002","type":"Microsoft.Authorization/locks","name":"cli-test-lock000002"},{"properties":{"level":"CanNotDelete","notes":""},"id":"/subscriptions/00000000-0000-0000-0000-000000000000/resourceGroups/yugangw/providers/Microsoft.Authorization/locks/nodelete","type":"Microsoft.Authorization/locks","name":"nodelete"},{"properties":{"level":"CanNotDelete","notes":"Until
        work is done, keep this around!"},"id":"/subscriptions/00000000-0000-0000-0000-000000000000/resourceGroups/tjp-vpn/providers/Microsoft.Network/virtualNetworks/vnet1/providers/Microsoft.Authorization/locks/lock1","type":"Microsoft.Authorization/locks","name":"lock1"}]}'}
    headers:
      cache-control: [no-cache]
      content-length: ['6761']
      content-type: [application/json; charset=utf-8]
      date: ['Tue, 19 Sep 2017 18:47:22 GMT']
      expires: ['-1']
      pragma: [no-cache]
      strict-transport-security: [max-age=31536000; includeSubDomains]
      transfer-encoding: [chunked]
      vary: ['Accept-Encoding,Accept-Encoding']
    status: {code: 200, message: OK}
- request:
    body: null
    headers:
      Accept: [application/json]
      Accept-Encoding: ['gzip, deflate']
      CommandName: [lock delete]
      Connection: [keep-alive]
      Content-Length: ['0']
      Content-Type: [application/json; charset=utf-8]
      User-Agent: [python/3.5.3 (Windows-10-10.0.15063-SP0) requests/2.9.1 msrest/0.4.14
          msrest_azure/0.4.14 managementlockclient/1.1.0 Azure-SDK-For-Python AZURECLI/2.0.16+dev]
      accept-language: [en-US]
    method: DELETE
    uri: https://management.azure.com/subscriptions/00000000-0000-0000-0000-000000000000/resourceGroups/cli_test_cannotdelete_resource_group_lock000001/providers/Microsoft.Authorization/locks/cli-test-lock000002?api-version=2016-09-01
  response:
    body: {string: ''}
    headers:
      cache-control: [no-cache]
      content-length: ['0']
      date: ['Tue, 19 Sep 2017 18:47:22 GMT']
      expires: ['-1']
      pragma: [no-cache]
      strict-transport-security: [max-age=31536000; includeSubDomains]
      x-ms-ratelimit-remaining-subscription-writes: ['1194']
    status: {code: 200, message: OK}
- request:
    body: null
    headers:
      Accept: [application/json]
      Accept-Encoding: ['gzip, deflate']
      CommandName: [group delete]
      Connection: [keep-alive]
      Content-Length: ['0']
      Content-Type: [application/json; charset=utf-8]
      User-Agent: [python/3.5.3 (Windows-10-10.0.15063-SP0) requests/2.9.1 msrest/0.4.14
          msrest_azure/0.4.14 resourcemanagementclient/1.1.0 Azure-SDK-For-Python
          AZURECLI/2.0.16+dev]
      accept-language: [en-US]
    method: DELETE
    uri: https://management.azure.com/subscriptions/00000000-0000-0000-0000-000000000000/resourcegroups/cli_test_cannotdelete_resource_group_lock000001?api-version=2017-05-10
  response:
    body: {string: ''}
    headers:
      cache-control: [no-cache]
      content-length: ['0']
      date: ['Tue, 19 Sep 2017 18:47:22 GMT']
      expires: ['-1']
      location: ['https://management.azure.com/subscriptions/00000000-0000-0000-0000-000000000000/operationresults/eyJqb2JJZCI6IlJFU09VUkNFR1JPVVBERUxFVElPTkpPQi1DTEk6NUZURVNUOjVGQ0FOTk9UREVMRVRFOjVGUkVTT1VSQ0U6NUZHUk9VUDo1RnxBQzIwOEI3M0ZEQjYyNEVCLVdFU1RVUyIsImpvYkxvY2F0aW9uIjoid2VzdHVzIn0?api-version=2017-05-10']
      pragma: [no-cache]
      strict-transport-security: [max-age=31536000; includeSubDomains]
      x-ms-ratelimit-remaining-subscription-writes: ['1198']
    status: {code: 202, message: Accepted}
version: 1
