interactions:
- request:
    body: '{"location": "westus", "tags": {"use": "az-test"}}'
    headers:
      Accept: [application/json]
      Accept-Encoding: ['gzip, deflate']
      CommandName: [group create]
      Connection: [keep-alive]
      Content-Length: ['50']
      Content-Type: [application/json; charset=utf-8]
      User-Agent: [python/3.5.3 (Windows-10-10.0.16299-SP0) requests/2.18.4 msrest/0.4.19
          msrest_azure/0.4.17 resourcemanagementclient/1.2.1 Azure-SDK-For-Python
          AZURECLI/2.0.22]
      accept-language: [en-US]
    method: PUT
    uri: https://management.azure.com/subscriptions/00000000-0000-0000-0000-000000000000/resourcegroups/cli_test_cannotdelete_resource_lock000001?api-version=2017-05-10
  response:
    body: {string: '{"id":"/subscriptions/00000000-0000-0000-0000-000000000000/resourceGroups/cli_test_cannotdelete_resource_lock000001","name":"cli_test_cannotdelete_resource_lock000001","location":"westus","tags":{"use":"az-test"},"properties":{"provisioningState":"Succeeded"}}'}
    headers:
      cache-control: [no-cache]
      content-length: ['328']
      content-type: [application/json; charset=utf-8]
      date: ['Wed, 29 Nov 2017 21:38:55 GMT']
      expires: ['-1']
      pragma: [no-cache]
      strict-transport-security: [max-age=31536000; includeSubDomains]
      x-ms-ratelimit-remaining-subscription-writes: ['1199']
    status: {code: 201, message: Created}
- request:
    body: null
    headers:
      Accept: [application/json]
      Accept-Encoding: ['gzip, deflate']
      CommandName: [network vnet create]
      Connection: [keep-alive]
      Content-Type: [application/json; charset=utf-8]
      User-Agent: [python/3.5.3 (Windows-10-10.0.16299-SP0) requests/2.18.4 msrest/0.4.19
          msrest_azure/0.4.17 resourcemanagementclient/1.2.1 Azure-SDK-For-Python
          AZURECLI/2.0.22]
      accept-language: [en-US]
    method: GET
    uri: https://management.azure.com/subscriptions/00000000-0000-0000-0000-000000000000/resourcegroups/cli_test_cannotdelete_resource_lock000001?api-version=2017-05-10
  response:
    body: {string: '{"id":"/subscriptions/00000000-0000-0000-0000-000000000000/resourceGroups/cli_test_cannotdelete_resource_lock000001","name":"cli_test_cannotdelete_resource_lock000001","location":"westus","tags":{"use":"az-test"},"properties":{"provisioningState":"Succeeded"}}'}
    headers:
      cache-control: [no-cache]
      content-length: ['328']
      content-type: [application/json; charset=utf-8]
      date: ['Wed, 29 Nov 2017 21:38:56 GMT']
      expires: ['-1']
      pragma: [no-cache]
      strict-transport-security: [max-age=31536000; includeSubDomains]
      vary: [Accept-Encoding]
    status: {code: 200, message: OK}
- request:
    body: '{"properties": {"dhcpOptions": {}, "addressSpace": {"addressPrefixes":
      ["10.0.0.0/16"]}}, "location": "westus", "tags": {}}'
    headers:
      Accept: [application/json]
      Accept-Encoding: ['gzip, deflate']
      CommandName: [network vnet create]
      Connection: [keep-alive]
      Content-Length: ['123']
      Content-Type: [application/json; charset=utf-8]
      User-Agent: [python/3.5.3 (Windows-10-10.0.16299-SP0) requests/2.18.4 msrest/0.4.19
          msrest_azure/0.4.17 networkmanagementclient/1.6.0 Azure-SDK-For-Python AZURECLI/2.0.22]
      accept-language: [en-US]
    method: PUT
    uri: https://management.azure.com/subscriptions/00000000-0000-0000-0000-000000000000/resourceGroups/cli_test_cannotdelete_resource_lock000001/providers/Microsoft.Network/virtualNetworks/cli.lock.rsrc000002?api-version=2017-10-01
  response:
    body: {string: "{\r\n  \"name\": \"cli.lock.rsrc000002\",\r\n  \"id\": \"/subscriptions/00000000-0000-0000-0000-000000000000/resourceGroups/cli_test_cannotdelete_resource_lock000001/providers/Microsoft.Network/virtualNetworks/cli.lock.rsrc000002\"\
        ,\r\n  \"etag\": \"W/\\\"f040e808-ea27-4a4c-b1c7-7190e04ba1dc\\\"\",\r\n \
        \ \"type\": \"Microsoft.Network/virtualNetworks\",\r\n  \"location\": \"westus\"\
        ,\r\n  \"tags\": {},\r\n  \"properties\": {\r\n    \"provisioningState\":\
        \ \"Updating\",\r\n    \"resourceGuid\": \"564fb29a-0bee-424f-8829-6bf1239234c3\"\
        ,\r\n    \"addressSpace\": {\r\n      \"addressPrefixes\": [\r\n        \"\
        10.0.0.0/16\"\r\n      ]\r\n    },\r\n    \"dhcpOptions\": {\r\n      \"dnsServers\"\
        : []\r\n    },\r\n    \"subnets\": [],\r\n    \"virtualNetworkPeerings\":\
        \ [],\r\n    \"enableDdosProtection\": false,\r\n    \"enableVmProtection\"\
        : false\r\n  }\r\n}"}
    headers:
      azure-asyncoperation: ['https://management.azure.com/subscriptions/00000000-0000-0000-0000-000000000000/providers/Microsoft.Network/locations/westus/operations/a3bcd8ec-1801-48ec-9fb2-e75914b8dc4a?api-version=2017-10-01']
      cache-control: [no-cache]
      content-length: ['816']
      content-type: [application/json; charset=utf-8]
      date: ['Wed, 29 Nov 2017 21:38:56 GMT']
      expires: ['-1']
      pragma: [no-cache]
      server: [Microsoft-HTTPAPI/2.0, Microsoft-HTTPAPI/2.0]
      strict-transport-security: [max-age=31536000; includeSubDomains]
      x-ms-ratelimit-remaining-subscription-writes: ['1198']
    status: {code: 201, message: Created}
- request:
    body: null
    headers:
      Accept: [application/json]
      Accept-Encoding: ['gzip, deflate']
      CommandName: [network vnet create]
      Connection: [keep-alive]
      Content-Type: [application/json; charset=utf-8]
      User-Agent: [python/3.5.3 (Windows-10-10.0.16299-SP0) requests/2.18.4 msrest/0.4.19
          msrest_azure/0.4.17 networkmanagementclient/1.6.0 Azure-SDK-For-Python AZURECLI/2.0.22]
      accept-language: [en-US]
    method: GET
    uri: https://management.azure.com/subscriptions/00000000-0000-0000-0000-000000000000/providers/Microsoft.Network/locations/westus/operations/a3bcd8ec-1801-48ec-9fb2-e75914b8dc4a?api-version=2017-10-01
  response:
    body: {string: "{\r\n  \"status\": \"Succeeded\"\r\n}"}
    headers:
      cache-control: [no-cache]
      content-length: ['29']
      content-type: [application/json; charset=utf-8]
      date: ['Wed, 29 Nov 2017 21:39:00 GMT']
      expires: ['-1']
      pragma: [no-cache]
      server: [Microsoft-HTTPAPI/2.0, Microsoft-HTTPAPI/2.0]
      strict-transport-security: [max-age=31536000; includeSubDomains]
      transfer-encoding: [chunked]
      vary: [Accept-Encoding]
    status: {code: 200, message: OK}
- request:
    body: null
    headers:
      Accept: [application/json]
      Accept-Encoding: ['gzip, deflate']
      CommandName: [network vnet create]
      Connection: [keep-alive]
      Content-Type: [application/json; charset=utf-8]
      User-Agent: [python/3.5.3 (Windows-10-10.0.16299-SP0) requests/2.18.4 msrest/0.4.19
          msrest_azure/0.4.17 networkmanagementclient/1.6.0 Azure-SDK-For-Python AZURECLI/2.0.22]
      accept-language: [en-US]
    method: GET
    uri: https://management.azure.com/subscriptions/00000000-0000-0000-0000-000000000000/resourceGroups/cli_test_cannotdelete_resource_lock000001/providers/Microsoft.Network/virtualNetworks/cli.lock.rsrc000002?api-version=2017-10-01
  response:
    body: {string: "{\r\n  \"name\": \"cli.lock.rsrc000002\",\r\n  \"id\": \"/subscriptions/00000000-0000-0000-0000-000000000000/resourceGroups/cli_test_cannotdelete_resource_lock000001/providers/Microsoft.Network/virtualNetworks/cli.lock.rsrc000002\"\
        ,\r\n  \"etag\": \"W/\\\"cddf3d0d-7fd2-4b2c-8c8f-57f129c3af87\\\"\",\r\n \
        \ \"type\": \"Microsoft.Network/virtualNetworks\",\r\n  \"location\": \"westus\"\
        ,\r\n  \"tags\": {},\r\n  \"properties\": {\r\n    \"provisioningState\":\
        \ \"Succeeded\",\r\n    \"resourceGuid\": \"564fb29a-0bee-424f-8829-6bf1239234c3\"\
        ,\r\n    \"addressSpace\": {\r\n      \"addressPrefixes\": [\r\n        \"\
        10.0.0.0/16\"\r\n      ]\r\n    },\r\n    \"dhcpOptions\": {\r\n      \"dnsServers\"\
        : []\r\n    },\r\n    \"subnets\": [],\r\n    \"virtualNetworkPeerings\":\
        \ [],\r\n    \"enableDdosProtection\": false,\r\n    \"enableVmProtection\"\
        : false\r\n  }\r\n}"}
    headers:
      cache-control: [no-cache]
      content-length: ['817']
      content-type: [application/json; charset=utf-8]
      date: ['Wed, 29 Nov 2017 21:39:00 GMT']
      etag: [W/"cddf3d0d-7fd2-4b2c-8c8f-57f129c3af87"]
      expires: ['-1']
      pragma: [no-cache]
      server: [Microsoft-HTTPAPI/2.0, Microsoft-HTTPAPI/2.0]
      strict-transport-security: [max-age=31536000; includeSubDomains]
      transfer-encoding: [chunked]
      vary: [Accept-Encoding]
    status: {code: 200, message: OK}
- request:
    body: 'b''{"name": "cli-test-lock000003", "properties": {"level": "CanNotDelete"}}'''
    headers:
      Accept: [application/json]
      Accept-Encoding: ['gzip, deflate']
      CommandName: [lock create]
      Connection: [keep-alive]
      Content-Length: ['127']
      Content-Type: [application/json; charset=utf-8]
      User-Agent: [python/3.5.3 (Windows-10-10.0.16299-SP0) requests/2.18.4 msrest/0.4.19
          msrest_azure/0.4.17 managementlockclient/1.2.1 Azure-SDK-For-Python AZURECLI/2.0.22]
      accept-language: [en-US]
    method: PUT
    uri: https://management.azure.com/subscriptions/00000000-0000-0000-0000-000000000000/resourcegroups/cli_test_cannotdelete_resource_lock000001/providers/Microsoft.Network/virtualNetworks/cli.lock.rsrc000002/providers/Microsoft.Authorization/locks/cli-test-lock000003?api-version=2016-09-01
  response:
    body: {string: '{"properties":{"level":"CanNotDelete"},"id":"/subscriptions/00000000-0000-0000-0000-000000000000/resourcegroups/cli_test_cannotdelete_resource_lock000001/providers/Microsoft.Network/virtualNetworks/cli.lock.rsrc000002/providers/Microsoft.Authorization/locks/cli-test-lock000003","type":"Microsoft.Authorization/locks","name":"cli-test-lock000003"}'}
    headers:
      cache-control: [no-cache]
      content-length: ['502']
      content-type: [application/json; charset=utf-8]
      date: ['Wed, 29 Nov 2017 21:39:11 GMT']
      expires: ['-1']
      pragma: [no-cache]
      strict-transport-security: [max-age=31536000; includeSubDomains]
      x-ms-ratelimit-remaining-subscription-writes: ['1199']
    status: {code: 201, message: Created}
- request:
    body: null
    headers:
      Accept: [application/json]
      Accept-Encoding: ['gzip, deflate']
      CommandName: [lock show]
      Connection: [keep-alive]
      Content-Type: [application/json; charset=utf-8]
      User-Agent: [python/3.5.3 (Windows-10-10.0.16299-SP0) requests/2.18.4 msrest/0.4.19
          msrest_azure/0.4.17 managementlockclient/1.2.1 Azure-SDK-For-Python AZURECLI/2.0.22]
      accept-language: [en-US]
    method: GET
    uri: https://management.azure.com/subscriptions/00000000-0000-0000-0000-000000000000/providers/Microsoft.Authorization/locks?api-version=2016-09-01
  response:
    body: {string: '{"value":[{"properties":{"level":"CanNotDelete"},"id":"/subscriptions/00000000-0000-0000-0000-000000000000/resourcegroups/cli_test_cannotdelete_resource_lock000001/providers/Microsoft.Network/virtualNetworks/cli.lock.rsrc000002/providers/Microsoft.Authorization/locks/cli-test-lock000003","type":"Microsoft.Authorization/locks","name":"cli-test-lock000003"},{"properties":{"level":"CanNotDelete"},"id":"/subscriptions/00000000-0000-0000-0000-000000000000/resourceGroups/vm625810group/providers/Microsoft.Authorization/locks/rglock","type":"Microsoft.Authorization/locks","name":"rglock"},{"properties":{"level":"ReadOnly","notes":"vm
        readonly lock"},"id":"/subscriptions/00000000-0000-0000-0000-000000000000/resourceGroups/vm625810group/providers/Microsoft.Compute/virtualMachines/vm625810/providers/Microsoft.Authorization/locks/vmlock","type":"Microsoft.Authorization/locks","name":"vmlock"},{"properties":{"level":"ReadOnly"},"id":"/subscriptions/00000000-0000-0000-0000-000000000000/resourceGroups/rged92722916/providers/Microsoft.Network/virtualNetworks/nete1352643ac/subnets/subnet1/providers/Microsoft.Authorization/locks/subnetLock","type":"Microsoft.Authorization/locks","name":"subnetLock"},{"properties":{"level":"CanNotDelete"},"id":"/subscriptions/00000000-0000-0000-0000-000000000000/resourceGroups/anu-tc/providers/Microsoft.Authorization/locks/myLock","type":"Microsoft.Authorization/locks","name":"myLock"},{"properties":{"level":"CanNotDelete"},"id":"/subscriptions/00000000-0000-0000-0000-000000000000/resourceGroups/javacsmrg8678/providers/Microsoft.Authorization/locks/myLock4","type":"Microsoft.Authorization/locks","name":"myLock4"},{"properties":{"level":"CanNotDelete"},"id":"/subscriptions/00000000-0000-0000-0000-000000000000/resourceGroups/javacsmrg8678/providers/Microsoft.Storage/storageAccounts/stg24699/providers/Microsoft.Authorization/locks/myLock3","type":"Microsoft.Authorization/locks","name":"myLock3"},{"properties":{"level":"CanNotDelete"},"id":"/subscriptions/00000000-0000-0000-0000-000000000000/resourcegroups/javacsmrg8678/providers/Microsoft.Storage/storageAccounts/stg24699/providers/Microsoft.Authorization/locks/myLock6","type":"Microsoft.Authorization/locks","name":"myLock6"},{"properties":{"level":"CanNotDelete","notes":"please
        keep"},"id":"/subscriptions/00000000-0000-0000-0000-000000000000/resourceGroups/sdk-test/providers/Microsoft.Authorization/locks/sdk-test-lock","type":"Microsoft.Authorization/locks","name":"sdk-test-lock"},{"properties":{"level":"CanNotDelete","notes":"Reserved
        resource locked by ''cliautomationlab'' lab."},"id":"/subscriptions/00000000-0000-0000-0000-000000000000/resourcegroups/cliautomation/providers/Microsoft.Storage/storageAccounts/acliautomationlab2987/providers/Microsoft.Authorization/locks/DevTestLabs
        Lock","type":"Microsoft.Authorization/locks","name":"DevTestLabs Lock"},{"properties":{"level":"CanNotDelete","notes":"Reserved
        resource locked by ''cliautomationlab'' lab."},"id":"/subscriptions/00000000-0000-0000-0000-000000000000/resourcegroups/cliautomation/providers/Microsoft.KeyVault/vaults/cliautomationlab786/providers/Microsoft.Authorization/locks/DevTestLabs
        Lock","type":"Microsoft.Authorization/locks","name":"DevTestLabs Lock"},{"properties":{"level":"CanNotDelete","notes":"Reserved
        resource locked by ''cliautomationlab'' lab."},"id":"/subscriptions/00000000-0000-0000-0000-000000000000/resourcegroups/cliautomation/providers/Microsoft.Network/virtualNetworks/Dtlcliautomationlab/providers/Microsoft.Authorization/locks/DevTestLabs
        Lock","type":"Microsoft.Authorization/locks","name":"DevTestLabs Lock"},{"properties":{"level":"CanNotDelete","notes":"Pending
        support ticket: REG:117080316140410"},"id":"/subscriptions/00000000-0000-0000-0000-000000000000/resourceGroups/rg2del/providers/Microsoft.Authorization/locks/nottodelete","type":"Microsoft.Authorization/locks","name":"nottodelete"},{"properties":{"level":"ReadOnly","notes":"vm
        readonly lock"},"id":"/subscriptions/00000000-0000-0000-0000-000000000000/resourceGroups/vm795032group/providers/Microsoft.Compute/virtualMachines/vm795032/providers/Microsoft.Authorization/locks/vmlock","type":"Microsoft.Authorization/locks","name":"vmlock"},{"properties":{"level":"CanNotDelete"},"id":"/subscriptions/00000000-0000-0000-0000-000000000000/resourceGroups/wilxgroup/providers/Microsoft.Authorization/locks/mylock","type":"Microsoft.Authorization/locks","name":"mylock"},{"properties":{"level":"CanNotDelete","notes":"Reserved
        resource locked by ''cliautomationlab'' lab."},"id":"/subscriptions/00000000-0000-0000-0000-000000000000/resourcegroups/cliautomation01/providers/Microsoft.Storage/storageAccounts/acliautomationlab2281/providers/Microsoft.Authorization/locks/DevTestLabs
        Lock","type":"Microsoft.Authorization/locks","name":"DevTestLabs Lock"},{"properties":{"level":"CanNotDelete","notes":"Reserved
        resource locked by ''cliautomationlab'' lab."},"id":"/subscriptions/00000000-0000-0000-0000-000000000000/resourcegroups/cliautomation01/providers/Microsoft.KeyVault/vaults/cliautomationlab6073/providers/Microsoft.Authorization/locks/DevTestLabs
        Lock","type":"Microsoft.Authorization/locks","name":"DevTestLabs Lock"},{"properties":{"level":"CanNotDelete","notes":"Reserved
        resource locked by ''cliautomationlab'' lab."},"id":"/subscriptions/00000000-0000-0000-0000-000000000000/resourcegroups/cliautomation01/providers/Microsoft.Network/virtualNetworks/Dtlcliautomationlab/providers/Microsoft.Authorization/locks/DevTestLabs
        Lock","type":"Microsoft.Authorization/locks","name":"DevTestLabs Lock"},{"properties":{"level":"CanNotDelete"},"id":"/subscriptions/00000000-0000-0000-0000-000000000000/resourceGroups/anu-abc/providers/Microsoft.Authorization/locks/lock-1","type":"Microsoft.Authorization/locks","name":"lock-1"},{"properties":{"level":"CanNotDelete"},"id":"/subscriptions/00000000-0000-0000-0000-000000000000/resourceGroups/anu-abc/providers/Microsoft.Storage/storageAccounts/anustg234/providers/Microsoft.Authorization/locks/lock-2","type":"Microsoft.Authorization/locks","name":"lock-2"},{"properties":{"level":"CanNotDelete","notes":""},"id":"/subscriptions/00000000-0000-0000-0000-000000000000/resourceGroups/yugangw/providers/Microsoft.Authorization/locks/nodel","type":"Microsoft.Authorization/locks","name":"nodel"}]}'}
    headers:
      cache-control: [no-cache]
      content-length: ['6448']
      content-type: [application/json; charset=utf-8]
      date: ['Wed, 29 Nov 2017 21:39:11 GMT']
      expires: ['-1']
      pragma: [no-cache]
      strict-transport-security: [max-age=31536000; includeSubDomains]
      transfer-encoding: [chunked]
      vary: ['Accept-Encoding,Accept-Encoding']
    status: {code: 200, message: OK}
- request:
    body: null
    headers:
      Accept: [application/json]
      Accept-Encoding: ['gzip, deflate']
      CommandName: [lock show]
      Connection: [keep-alive]
      Content-Type: [application/json; charset=utf-8]
      User-Agent: [python/3.5.3 (Windows-10-10.0.16299-SP0) requests/2.18.4 msrest/0.4.19
          msrest_azure/0.4.17 managementlockclient/1.2.1 Azure-SDK-For-Python AZURECLI/2.0.22]
      accept-language: [en-US]
    method: GET
    uri: https://management.azure.com/subscriptions/00000000-0000-0000-0000-000000000000/resourcegroups/cli_test_cannotdelete_resource_lock000001/providers/Microsoft.Network/virtualNetworks/cli.lock.rsrc000002/providers/Microsoft.Authorization/locks/cli-test-lock000003?api-version=2016-09-01
  response:
    body: {string: '{"properties":{"level":"CanNotDelete"},"id":"/subscriptions/00000000-0000-0000-0000-000000000000/resourcegroups/cli_test_cannotdelete_resource_lock000001/providers/Microsoft.Network/virtualNetworks/cli.lock.rsrc000002/providers/Microsoft.Authorization/locks/cli-test-lock000003","type":"Microsoft.Authorization/locks","name":"cli-test-lock000003"}'}
    headers:
      cache-control: [no-cache]
      content-length: ['502']
      content-type: [application/json; charset=utf-8]
      date: ['Wed, 29 Nov 2017 21:39:12 GMT']
      expires: ['-1']
      pragma: [no-cache]
      strict-transport-security: [max-age=31536000; includeSubDomains]
      transfer-encoding: [chunked]
      vary: ['Accept-Encoding,Accept-Encoding']
    status: {code: 200, message: OK}
- request:
    body: null
    headers:
      Accept: [application/json]
      Accept-Encoding: ['gzip, deflate']
      CommandName: [lock list]
      Connection: [keep-alive]
      Content-Type: [application/json; charset=utf-8]
      User-Agent: [python/3.5.3 (Windows-10-10.0.16299-SP0) requests/2.18.4 msrest/0.4.19
          msrest_azure/0.4.17 managementlockclient/1.2.1 Azure-SDK-For-Python AZURECLI/2.0.22]
      accept-language: [en-US]
    method: GET
    uri: https://management.azure.com/subscriptions/00000000-0000-0000-0000-000000000000/providers/Microsoft.Authorization/locks?api-version=2016-09-01
  response:
    body: {string: '{"value":[{"properties":{"level":"CanNotDelete"},"id":"/subscriptions/00000000-0000-0000-0000-000000000000/resourcegroups/cli_test_cannotdelete_resource_lock000001/providers/Microsoft.Network/virtualNetworks/cli.lock.rsrc000002/providers/Microsoft.Authorization/locks/cli-test-lock000003","type":"Microsoft.Authorization/locks","name":"cli-test-lock000003"},{"properties":{"level":"CanNotDelete"},"id":"/subscriptions/00000000-0000-0000-0000-000000000000/resourceGroups/vm625810group/providers/Microsoft.Authorization/locks/rglock","type":"Microsoft.Authorization/locks","name":"rglock"},{"properties":{"level":"ReadOnly","notes":"vm
        readonly lock"},"id":"/subscriptions/00000000-0000-0000-0000-000000000000/resourceGroups/vm625810group/providers/Microsoft.Compute/virtualMachines/vm625810/providers/Microsoft.Authorization/locks/vmlock","type":"Microsoft.Authorization/locks","name":"vmlock"},{"properties":{"level":"ReadOnly"},"id":"/subscriptions/00000000-0000-0000-0000-000000000000/resourceGroups/rged92722916/providers/Microsoft.Network/virtualNetworks/nete1352643ac/subnets/subnet1/providers/Microsoft.Authorization/locks/subnetLock","type":"Microsoft.Authorization/locks","name":"subnetLock"},{"properties":{"level":"CanNotDelete"},"id":"/subscriptions/00000000-0000-0000-0000-000000000000/resourceGroups/anu-tc/providers/Microsoft.Authorization/locks/myLock","type":"Microsoft.Authorization/locks","name":"myLock"},{"properties":{"level":"CanNotDelete"},"id":"/subscriptions/00000000-0000-0000-0000-000000000000/resourceGroups/javacsmrg8678/providers/Microsoft.Authorization/locks/myLock4","type":"Microsoft.Authorization/locks","name":"myLock4"},{"properties":{"level":"CanNotDelete"},"id":"/subscriptions/00000000-0000-0000-0000-000000000000/resourceGroups/javacsmrg8678/providers/Microsoft.Storage/storageAccounts/stg24699/providers/Microsoft.Authorization/locks/myLock3","type":"Microsoft.Authorization/locks","name":"myLock3"},{"properties":{"level":"CanNotDelete"},"id":"/subscriptions/00000000-0000-0000-0000-000000000000/resourcegroups/javacsmrg8678/providers/Microsoft.Storage/storageAccounts/stg24699/providers/Microsoft.Authorization/locks/myLock6","type":"Microsoft.Authorization/locks","name":"myLock6"},{"properties":{"level":"CanNotDelete","notes":"please
        keep"},"id":"/subscriptions/00000000-0000-0000-0000-000000000000/resourceGroups/sdk-test/providers/Microsoft.Authorization/locks/sdk-test-lock","type":"Microsoft.Authorization/locks","name":"sdk-test-lock"},{"properties":{"level":"CanNotDelete","notes":"Reserved
        resource locked by ''cliautomationlab'' lab."},"id":"/subscriptions/00000000-0000-0000-0000-000000000000/resourcegroups/cliautomation/providers/Microsoft.Storage/storageAccounts/acliautomationlab2987/providers/Microsoft.Authorization/locks/DevTestLabs
        Lock","type":"Microsoft.Authorization/locks","name":"DevTestLabs Lock"},{"properties":{"level":"CanNotDelete","notes":"Reserved
        resource locked by ''cliautomationlab'' lab."},"id":"/subscriptions/00000000-0000-0000-0000-000000000000/resourcegroups/cliautomation/providers/Microsoft.KeyVault/vaults/cliautomationlab786/providers/Microsoft.Authorization/locks/DevTestLabs
        Lock","type":"Microsoft.Authorization/locks","name":"DevTestLabs Lock"},{"properties":{"level":"CanNotDelete","notes":"Reserved
        resource locked by ''cliautomationlab'' lab."},"id":"/subscriptions/00000000-0000-0000-0000-000000000000/resourcegroups/cliautomation/providers/Microsoft.Network/virtualNetworks/Dtlcliautomationlab/providers/Microsoft.Authorization/locks/DevTestLabs
        Lock","type":"Microsoft.Authorization/locks","name":"DevTestLabs Lock"},{"properties":{"level":"CanNotDelete","notes":"Pending
        support ticket: REG:117080316140410"},"id":"/subscriptions/00000000-0000-0000-0000-000000000000/resourceGroups/rg2del/providers/Microsoft.Authorization/locks/nottodelete","type":"Microsoft.Authorization/locks","name":"nottodelete"},{"properties":{"level":"ReadOnly","notes":"vm
        readonly lock"},"id":"/subscriptions/00000000-0000-0000-0000-000000000000/resourceGroups/vm795032group/providers/Microsoft.Compute/virtualMachines/vm795032/providers/Microsoft.Authorization/locks/vmlock","type":"Microsoft.Authorization/locks","name":"vmlock"},{"properties":{"level":"CanNotDelete"},"id":"/subscriptions/00000000-0000-0000-0000-000000000000/resourceGroups/wilxgroup/providers/Microsoft.Authorization/locks/mylock","type":"Microsoft.Authorization/locks","name":"mylock"},{"properties":{"level":"CanNotDelete","notes":"Reserved
        resource locked by ''cliautomationlab'' lab."},"id":"/subscriptions/00000000-0000-0000-0000-000000000000/resourcegroups/cliautomation01/providers/Microsoft.Storage/storageAccounts/acliautomationlab2281/providers/Microsoft.Authorization/locks/DevTestLabs
        Lock","type":"Microsoft.Authorization/locks","name":"DevTestLabs Lock"},{"properties":{"level":"CanNotDelete","notes":"Reserved
        resource locked by ''cliautomationlab'' lab."},"id":"/subscriptions/00000000-0000-0000-0000-000000000000/resourcegroups/cliautomation01/providers/Microsoft.KeyVault/vaults/cliautomationlab6073/providers/Microsoft.Authorization/locks/DevTestLabs
        Lock","type":"Microsoft.Authorization/locks","name":"DevTestLabs Lock"},{"properties":{"level":"CanNotDelete","notes":"Reserved
        resource locked by ''cliautomationlab'' lab."},"id":"/subscriptions/00000000-0000-0000-0000-000000000000/resourcegroups/cliautomation01/providers/Microsoft.Network/virtualNetworks/Dtlcliautomationlab/providers/Microsoft.Authorization/locks/DevTestLabs
        Lock","type":"Microsoft.Authorization/locks","name":"DevTestLabs Lock"},{"properties":{"level":"CanNotDelete"},"id":"/subscriptions/00000000-0000-0000-0000-000000000000/resourceGroups/anu-abc/providers/Microsoft.Authorization/locks/lock-1","type":"Microsoft.Authorization/locks","name":"lock-1"},{"properties":{"level":"CanNotDelete"},"id":"/subscriptions/00000000-0000-0000-0000-000000000000/resourceGroups/anu-abc/providers/Microsoft.Storage/storageAccounts/anustg234/providers/Microsoft.Authorization/locks/lock-2","type":"Microsoft.Authorization/locks","name":"lock-2"},{"properties":{"level":"CanNotDelete","notes":""},"id":"/subscriptions/00000000-0000-0000-0000-000000000000/resourceGroups/yugangw/providers/Microsoft.Authorization/locks/nodel","type":"Microsoft.Authorization/locks","name":"nodel"}]}'}
    headers:
      cache-control: [no-cache]
      content-length: ['6448']
      content-type: [application/json; charset=utf-8]
      date: ['Wed, 29 Nov 2017 21:39:11 GMT']
      expires: ['-1']
      pragma: [no-cache]
      strict-transport-security: [max-age=31536000; includeSubDomains]
      transfer-encoding: [chunked]
      vary: ['Accept-Encoding,Accept-Encoding']
    status: {code: 200, message: OK}
- request:
    body: null
    headers:
      Accept: [application/json]
      Accept-Encoding: ['gzip, deflate']
      CommandName: [lock update]
      Connection: [keep-alive]
      Content-Type: [application/json; charset=utf-8]
      User-Agent: [python/3.5.3 (Windows-10-10.0.16299-SP0) requests/2.18.4 msrest/0.4.19
          msrest_azure/0.4.17 managementlockclient/1.2.1 Azure-SDK-For-Python AZURECLI/2.0.22]
      accept-language: [en-US]
    method: GET
    uri: https://management.azure.com/subscriptions/00000000-0000-0000-0000-000000000000/providers/Microsoft.Authorization/locks?api-version=2016-09-01
  response:
    body: {string: '{"value":[{"properties":{"level":"CanNotDelete"},"id":"/subscriptions/00000000-0000-0000-0000-000000000000/resourcegroups/cli_test_cannotdelete_resource_lock000001/providers/Microsoft.Network/virtualNetworks/cli.lock.rsrc000002/providers/Microsoft.Authorization/locks/cli-test-lock000003","type":"Microsoft.Authorization/locks","name":"cli-test-lock000003"},{"properties":{"level":"CanNotDelete"},"id":"/subscriptions/00000000-0000-0000-0000-000000000000/resourceGroups/vm625810group/providers/Microsoft.Authorization/locks/rglock","type":"Microsoft.Authorization/locks","name":"rglock"},{"properties":{"level":"ReadOnly","notes":"vm
        readonly lock"},"id":"/subscriptions/00000000-0000-0000-0000-000000000000/resourceGroups/vm625810group/providers/Microsoft.Compute/virtualMachines/vm625810/providers/Microsoft.Authorization/locks/vmlock","type":"Microsoft.Authorization/locks","name":"vmlock"},{"properties":{"level":"ReadOnly"},"id":"/subscriptions/00000000-0000-0000-0000-000000000000/resourceGroups/rged92722916/providers/Microsoft.Network/virtualNetworks/nete1352643ac/subnets/subnet1/providers/Microsoft.Authorization/locks/subnetLock","type":"Microsoft.Authorization/locks","name":"subnetLock"},{"properties":{"level":"CanNotDelete"},"id":"/subscriptions/00000000-0000-0000-0000-000000000000/resourceGroups/anu-tc/providers/Microsoft.Authorization/locks/myLock","type":"Microsoft.Authorization/locks","name":"myLock"},{"properties":{"level":"CanNotDelete"},"id":"/subscriptions/00000000-0000-0000-0000-000000000000/resourceGroups/javacsmrg8678/providers/Microsoft.Authorization/locks/myLock4","type":"Microsoft.Authorization/locks","name":"myLock4"},{"properties":{"level":"CanNotDelete"},"id":"/subscriptions/00000000-0000-0000-0000-000000000000/resourceGroups/javacsmrg8678/providers/Microsoft.Storage/storageAccounts/stg24699/providers/Microsoft.Authorization/locks/myLock3","type":"Microsoft.Authorization/locks","name":"myLock3"},{"properties":{"level":"CanNotDelete"},"id":"/subscriptions/00000000-0000-0000-0000-000000000000/resourcegroups/javacsmrg8678/providers/Microsoft.Storage/storageAccounts/stg24699/providers/Microsoft.Authorization/locks/myLock6","type":"Microsoft.Authorization/locks","name":"myLock6"},{"properties":{"level":"CanNotDelete","notes":"please
        keep"},"id":"/subscriptions/00000000-0000-0000-0000-000000000000/resourceGroups/sdk-test/providers/Microsoft.Authorization/locks/sdk-test-lock","type":"Microsoft.Authorization/locks","name":"sdk-test-lock"},{"properties":{"level":"CanNotDelete","notes":"Reserved
        resource locked by ''cliautomationlab'' lab."},"id":"/subscriptions/00000000-0000-0000-0000-000000000000/resourcegroups/cliautomation/providers/Microsoft.Storage/storageAccounts/acliautomationlab2987/providers/Microsoft.Authorization/locks/DevTestLabs
        Lock","type":"Microsoft.Authorization/locks","name":"DevTestLabs Lock"},{"properties":{"level":"CanNotDelete","notes":"Reserved
        resource locked by ''cliautomationlab'' lab."},"id":"/subscriptions/00000000-0000-0000-0000-000000000000/resourcegroups/cliautomation/providers/Microsoft.KeyVault/vaults/cliautomationlab786/providers/Microsoft.Authorization/locks/DevTestLabs
        Lock","type":"Microsoft.Authorization/locks","name":"DevTestLabs Lock"},{"properties":{"level":"CanNotDelete","notes":"Reserved
        resource locked by ''cliautomationlab'' lab."},"id":"/subscriptions/00000000-0000-0000-0000-000000000000/resourcegroups/cliautomation/providers/Microsoft.Network/virtualNetworks/Dtlcliautomationlab/providers/Microsoft.Authorization/locks/DevTestLabs
        Lock","type":"Microsoft.Authorization/locks","name":"DevTestLabs Lock"},{"properties":{"level":"CanNotDelete","notes":"Pending
        support ticket: REG:117080316140410"},"id":"/subscriptions/00000000-0000-0000-0000-000000000000/resourceGroups/rg2del/providers/Microsoft.Authorization/locks/nottodelete","type":"Microsoft.Authorization/locks","name":"nottodelete"},{"properties":{"level":"ReadOnly","notes":"vm
        readonly lock"},"id":"/subscriptions/00000000-0000-0000-0000-000000000000/resourceGroups/vm795032group/providers/Microsoft.Compute/virtualMachines/vm795032/providers/Microsoft.Authorization/locks/vmlock","type":"Microsoft.Authorization/locks","name":"vmlock"},{"properties":{"level":"CanNotDelete"},"id":"/subscriptions/00000000-0000-0000-0000-000000000000/resourceGroups/wilxgroup/providers/Microsoft.Authorization/locks/mylock","type":"Microsoft.Authorization/locks","name":"mylock"},{"properties":{"level":"CanNotDelete","notes":"Reserved
        resource locked by ''cliautomationlab'' lab."},"id":"/subscriptions/00000000-0000-0000-0000-000000000000/resourcegroups/cliautomation01/providers/Microsoft.Storage/storageAccounts/acliautomationlab2281/providers/Microsoft.Authorization/locks/DevTestLabs
        Lock","type":"Microsoft.Authorization/locks","name":"DevTestLabs Lock"},{"properties":{"level":"CanNotDelete","notes":"Reserved
        resource locked by ''cliautomationlab'' lab."},"id":"/subscriptions/00000000-0000-0000-0000-000000000000/resourcegroups/cliautomation01/providers/Microsoft.KeyVault/vaults/cliautomationlab6073/providers/Microsoft.Authorization/locks/DevTestLabs
        Lock","type":"Microsoft.Authorization/locks","name":"DevTestLabs Lock"},{"properties":{"level":"CanNotDelete","notes":"Reserved
        resource locked by ''cliautomationlab'' lab."},"id":"/subscriptions/00000000-0000-0000-0000-000000000000/resourcegroups/cliautomation01/providers/Microsoft.Network/virtualNetworks/Dtlcliautomationlab/providers/Microsoft.Authorization/locks/DevTestLabs
        Lock","type":"Microsoft.Authorization/locks","name":"DevTestLabs Lock"},{"properties":{"level":"CanNotDelete"},"id":"/subscriptions/00000000-0000-0000-0000-000000000000/resourceGroups/anu-abc/providers/Microsoft.Authorization/locks/lock-1","type":"Microsoft.Authorization/locks","name":"lock-1"},{"properties":{"level":"CanNotDelete"},"id":"/subscriptions/00000000-0000-0000-0000-000000000000/resourceGroups/anu-abc/providers/Microsoft.Storage/storageAccounts/anustg234/providers/Microsoft.Authorization/locks/lock-2","type":"Microsoft.Authorization/locks","name":"lock-2"},{"properties":{"level":"CanNotDelete","notes":""},"id":"/subscriptions/00000000-0000-0000-0000-000000000000/resourceGroups/yugangw/providers/Microsoft.Authorization/locks/nodel","type":"Microsoft.Authorization/locks","name":"nodel"}]}'}
    headers:
      cache-control: [no-cache]
      content-length: ['6448']
      content-type: [application/json; charset=utf-8]
      date: ['Wed, 29 Nov 2017 21:39:11 GMT']
      expires: ['-1']
      pragma: [no-cache]
      strict-transport-security: [max-age=31536000; includeSubDomains]
      transfer-encoding: [chunked]
      vary: ['Accept-Encoding,Accept-Encoding']
    status: {code: 200, message: OK}
- request:
    body: null
    headers:
      Accept: [application/json]
      Accept-Encoding: ['gzip, deflate']
      CommandName: [lock update]
      Connection: [keep-alive]
      Content-Type: [application/json; charset=utf-8]
      User-Agent: [python/3.5.3 (Windows-10-10.0.16299-SP0) requests/2.18.4 msrest/0.4.19
          msrest_azure/0.4.17 managementlockclient/1.2.1 Azure-SDK-For-Python AZURECLI/2.0.22]
      accept-language: [en-US]
    method: GET
    uri: https://management.azure.com/subscriptions/00000000-0000-0000-0000-000000000000/resourcegroups/cli_test_cannotdelete_resource_lock000001/providers/Microsoft.Network/virtualNetworks/cli.lock.rsrc000002/providers/Microsoft.Authorization/locks/cli-test-lock000003?api-version=2016-09-01
  response:
    body: {string: '{"properties":{"level":"CanNotDelete"},"id":"/subscriptions/00000000-0000-0000-0000-000000000000/resourcegroups/cli_test_cannotdelete_resource_lock000001/providers/Microsoft.Network/virtualNetworks/cli.lock.rsrc000002/providers/Microsoft.Authorization/locks/cli-test-lock000003","type":"Microsoft.Authorization/locks","name":"cli-test-lock000003"}'}
    headers:
      cache-control: [no-cache]
      content-length: ['502']
      content-type: [application/json; charset=utf-8]
      date: ['Wed, 29 Nov 2017 21:39:12 GMT']
      expires: ['-1']
      pragma: [no-cache]
      strict-transport-security: [max-age=31536000; includeSubDomains]
      transfer-encoding: [chunked]
      vary: ['Accept-Encoding,Accept-Encoding']
    status: {code: 200, message: OK}
- request:
    body: 'b''b\''{"name": "cli-test-lock000003", "properties": {"notes": "notes000004",
      "level": "ReadOnly"}}\'''''
    headers:
      Accept: [application/json]
      Accept-Encoding: ['gzip, deflate']
      CommandName: [lock update]
      Connection: [keep-alive]
      Content-Length: ['156']
      Content-Type: [application/json; charset=utf-8]
      User-Agent: [python/3.5.3 (Windows-10-10.0.16299-SP0) requests/2.18.4 msrest/0.4.19
          msrest_azure/0.4.17 managementlockclient/1.2.1 Azure-SDK-For-Python AZURECLI/2.0.22]
      accept-language: [en-US]
    method: PUT
    uri: https://management.azure.com/subscriptions/00000000-0000-0000-0000-000000000000/resourcegroups/cli_test_cannotdelete_resource_lock000001/providers/Microsoft.Network/virtualNetworks/cli.lock.rsrc000002/providers/Microsoft.Authorization/locks/cli-test-lock000003?api-version=2016-09-01
  response:
    body: {string: '{"properties":{"level":"ReadOnly","notes":"notes000004"},"id":"/subscriptions/00000000-0000-0000-0000-000000000000/resourcegroups/cli_test_cannotdelete_resource_lock000001/providers/Microsoft.Network/virtualNetworks/cli.lock.rsrc000002/providers/Microsoft.Authorization/locks/cli-test-lock000003","type":"Microsoft.Authorization/locks","name":"cli-test-lock000003"}'}
    headers:
      cache-control: [no-cache]
      content-length: ['529']
      content-type: [application/json; charset=utf-8]
      date: ['Wed, 29 Nov 2017 21:39:12 GMT']
      expires: ['-1']
      pragma: [no-cache]
      strict-transport-security: [max-age=31536000; includeSubDomains]
      transfer-encoding: [chunked]
      vary: ['Accept-Encoding,Accept-Encoding']
      x-ms-ratelimit-remaining-subscription-writes: ['1199']
    status: {code: 200, message: OK}
- request:
    body: null
    headers:
      Accept: [application/json]
      Accept-Encoding: ['gzip, deflate']
      CommandName: [lock delete]
      Connection: [keep-alive]
      Content-Type: [application/json; charset=utf-8]
      User-Agent: [python/3.5.3 (Windows-10-10.0.16299-SP0) requests/2.18.4 msrest/0.4.19
          msrest_azure/0.4.17 managementlockclient/1.2.1 Azure-SDK-For-Python AZURECLI/2.0.22]
      accept-language: [en-US]
    method: GET
    uri: https://management.azure.com/subscriptions/00000000-0000-0000-0000-000000000000/providers/Microsoft.Authorization/locks?api-version=2016-09-01
  response:
    body: {string: '{"value":[{"properties":{"level":"ReadOnly","notes":"notes000004"},"id":"/subscriptions/00000000-0000-0000-0000-000000000000/resourcegroups/cli_test_cannotdelete_resource_lock000001/providers/Microsoft.Network/virtualNetworks/cli.lock.rsrc000002/providers/Microsoft.Authorization/locks/cli-test-lock000003","type":"Microsoft.Authorization/locks","name":"cli-test-lock000003"},{"properties":{"level":"CanNotDelete"},"id":"/subscriptions/00000000-0000-0000-0000-000000000000/resourceGroups/vm625810group/providers/Microsoft.Authorization/locks/rglock","type":"Microsoft.Authorization/locks","name":"rglock"},{"properties":{"level":"ReadOnly","notes":"vm
        readonly lock"},"id":"/subscriptions/00000000-0000-0000-0000-000000000000/resourceGroups/vm625810group/providers/Microsoft.Compute/virtualMachines/vm625810/providers/Microsoft.Authorization/locks/vmlock","type":"Microsoft.Authorization/locks","name":"vmlock"},{"properties":{"level":"ReadOnly"},"id":"/subscriptions/00000000-0000-0000-0000-000000000000/resourceGroups/rged92722916/providers/Microsoft.Network/virtualNetworks/nete1352643ac/subnets/subnet1/providers/Microsoft.Authorization/locks/subnetLock","type":"Microsoft.Authorization/locks","name":"subnetLock"},{"properties":{"level":"CanNotDelete"},"id":"/subscriptions/00000000-0000-0000-0000-000000000000/resourceGroups/anu-tc/providers/Microsoft.Authorization/locks/myLock","type":"Microsoft.Authorization/locks","name":"myLock"},{"properties":{"level":"CanNotDelete"},"id":"/subscriptions/00000000-0000-0000-0000-000000000000/resourceGroups/javacsmrg8678/providers/Microsoft.Authorization/locks/myLock4","type":"Microsoft.Authorization/locks","name":"myLock4"},{"properties":{"level":"CanNotDelete"},"id":"/subscriptions/00000000-0000-0000-0000-000000000000/resourceGroups/javacsmrg8678/providers/Microsoft.Storage/storageAccounts/stg24699/providers/Microsoft.Authorization/locks/myLock3","type":"Microsoft.Authorization/locks","name":"myLock3"},{"properties":{"level":"CanNotDelete"},"id":"/subscriptions/00000000-0000-0000-0000-000000000000/resourcegroups/javacsmrg8678/providers/Microsoft.Storage/storageAccounts/stg24699/providers/Microsoft.Authorization/locks/myLock6","type":"Microsoft.Authorization/locks","name":"myLock6"},{"properties":{"level":"CanNotDelete","notes":"please
        keep"},"id":"/subscriptions/00000000-0000-0000-0000-000000000000/resourceGroups/sdk-test/providers/Microsoft.Authorization/locks/sdk-test-lock","type":"Microsoft.Authorization/locks","name":"sdk-test-lock"},{"properties":{"level":"CanNotDelete","notes":"Reserved
        resource locked by ''cliautomationlab'' lab."},"id":"/subscriptions/00000000-0000-0000-0000-000000000000/resourcegroups/cliautomation/providers/Microsoft.Storage/storageAccounts/acliautomationlab2987/providers/Microsoft.Authorization/locks/DevTestLabs
        Lock","type":"Microsoft.Authorization/locks","name":"DevTestLabs Lock"},{"properties":{"level":"CanNotDelete","notes":"Reserved
        resource locked by ''cliautomationlab'' lab."},"id":"/subscriptions/00000000-0000-0000-0000-000000000000/resourcegroups/cliautomation/providers/Microsoft.KeyVault/vaults/cliautomationlab786/providers/Microsoft.Authorization/locks/DevTestLabs
        Lock","type":"Microsoft.Authorization/locks","name":"DevTestLabs Lock"},{"properties":{"level":"CanNotDelete","notes":"Reserved
        resource locked by ''cliautomationlab'' lab."},"id":"/subscriptions/00000000-0000-0000-0000-000000000000/resourcegroups/cliautomation/providers/Microsoft.Network/virtualNetworks/Dtlcliautomationlab/providers/Microsoft.Authorization/locks/DevTestLabs
        Lock","type":"Microsoft.Authorization/locks","name":"DevTestLabs Lock"},{"properties":{"level":"CanNotDelete","notes":"Pending
        support ticket: REG:117080316140410"},"id":"/subscriptions/00000000-0000-0000-0000-000000000000/resourceGroups/rg2del/providers/Microsoft.Authorization/locks/nottodelete","type":"Microsoft.Authorization/locks","name":"nottodelete"},{"properties":{"level":"ReadOnly","notes":"vm
        readonly lock"},"id":"/subscriptions/00000000-0000-0000-0000-000000000000/resourceGroups/vm795032group/providers/Microsoft.Compute/virtualMachines/vm795032/providers/Microsoft.Authorization/locks/vmlock","type":"Microsoft.Authorization/locks","name":"vmlock"},{"properties":{"level":"CanNotDelete"},"id":"/subscriptions/00000000-0000-0000-0000-000000000000/resourceGroups/wilxgroup/providers/Microsoft.Authorization/locks/mylock","type":"Microsoft.Authorization/locks","name":"mylock"},{"properties":{"level":"CanNotDelete","notes":"Reserved
        resource locked by ''cliautomationlab'' lab."},"id":"/subscriptions/00000000-0000-0000-0000-000000000000/resourcegroups/cliautomation01/providers/Microsoft.Storage/storageAccounts/acliautomationlab2281/providers/Microsoft.Authorization/locks/DevTestLabs
        Lock","type":"Microsoft.Authorization/locks","name":"DevTestLabs Lock"},{"properties":{"level":"CanNotDelete","notes":"Reserved
        resource locked by ''cliautomationlab'' lab."},"id":"/subscriptions/00000000-0000-0000-0000-000000000000/resourcegroups/cliautomation01/providers/Microsoft.KeyVault/vaults/cliautomationlab6073/providers/Microsoft.Authorization/locks/DevTestLabs
        Lock","type":"Microsoft.Authorization/locks","name":"DevTestLabs Lock"},{"properties":{"level":"CanNotDelete","notes":"Reserved
        resource locked by ''cliautomationlab'' lab."},"id":"/subscriptions/00000000-0000-0000-0000-000000000000/resourcegroups/cliautomation01/providers/Microsoft.Network/virtualNetworks/Dtlcliautomationlab/providers/Microsoft.Authorization/locks/DevTestLabs
        Lock","type":"Microsoft.Authorization/locks","name":"DevTestLabs Lock"},{"properties":{"level":"CanNotDelete"},"id":"/subscriptions/00000000-0000-0000-0000-000000000000/resourceGroups/anu-abc/providers/Microsoft.Authorization/locks/lock-1","type":"Microsoft.Authorization/locks","name":"lock-1"},{"properties":{"level":"CanNotDelete"},"id":"/subscriptions/00000000-0000-0000-0000-000000000000/resourceGroups/anu-abc/providers/Microsoft.Storage/storageAccounts/anustg234/providers/Microsoft.Authorization/locks/lock-2","type":"Microsoft.Authorization/locks","name":"lock-2"},{"properties":{"level":"CanNotDelete","notes":""},"id":"/subscriptions/00000000-0000-0000-0000-000000000000/resourceGroups/yugangw/providers/Microsoft.Authorization/locks/nodel","type":"Microsoft.Authorization/locks","name":"nodel"}]}'}
    headers:
      cache-control: [no-cache]
      content-length: ['6475']
      content-type: [application/json; charset=utf-8]
      date: ['Wed, 29 Nov 2017 21:39:13 GMT']
      expires: ['-1']
      pragma: [no-cache]
      strict-transport-security: [max-age=31536000; includeSubDomains]
      transfer-encoding: [chunked]
      vary: ['Accept-Encoding,Accept-Encoding']
    status: {code: 200, message: OK}
- request:
    body: null
    headers:
      Accept: [application/json]
      Accept-Encoding: ['gzip, deflate']
      CommandName: [lock delete]
      Connection: [keep-alive]
      Content-Length: ['0']
      Content-Type: [application/json; charset=utf-8]
      User-Agent: [python/3.5.3 (Windows-10-10.0.16299-SP0) requests/2.18.4 msrest/0.4.19
          msrest_azure/0.4.17 managementlockclient/1.2.1 Azure-SDK-For-Python AZURECLI/2.0.22]
      accept-language: [en-US]
    method: DELETE
    uri: https://management.azure.com/subscriptions/00000000-0000-0000-0000-000000000000/resourcegroups/cli_test_cannotdelete_resource_lock000001/providers/Microsoft.Network/virtualNetworks/cli.lock.rsrc000002/providers/Microsoft.Authorization/locks/cli-test-lock000003?api-version=2016-09-01
  response:
    body: {string: ''}
    headers:
      cache-control: [no-cache]
      content-length: ['0']
      date: ['Wed, 29 Nov 2017 21:39:13 GMT']
      expires: ['-1']
      pragma: [no-cache]
      strict-transport-security: [max-age=31536000; includeSubDomains]
      x-ms-ratelimit-remaining-subscription-writes: ['1197']
    status: {code: 200, message: OK}
- request:
    body: null
    headers:
      Accept: [application/json]
      Accept-Encoding: ['gzip, deflate']
      CommandName: [group delete]
      Connection: [keep-alive]
      Content-Length: ['0']
      Content-Type: [application/json; charset=utf-8]
      User-Agent: [python/3.5.3 (Windows-10-10.0.16299-SP0) requests/2.18.4 msrest/0.4.19
          msrest_azure/0.4.17 resourcemanagementclient/1.2.1 Azure-SDK-For-Python
          AZURECLI/2.0.22]
      accept-language: [en-US]
    method: DELETE
    uri: https://management.azure.com/subscriptions/00000000-0000-0000-0000-000000000000/resourcegroups/cli_test_cannotdelete_resource_lock000001?api-version=2017-05-10
  response:
    body: {string: ''}
    headers:
      cache-control: [no-cache]
      content-length: ['0']
      date: ['Wed, 29 Nov 2017 21:39:15 GMT']
      expires: ['-1']
      location: ['https://management.azure.com/subscriptions/00000000-0000-0000-0000-000000000000/operationresults/eyJqb2JJZCI6IlJFU09VUkNFR1JPVVBERUxFVElPTkpPQi1DTEk6NUZURVNUOjVGQ0FOTk9UREVMRVRFOjVGUkVTT1VSQ0U6NUZMT0NLMk9YV3w3OTI2QUZCQzE2Mzc2Q0I3LVdFU1RVUyIsImpvYkxvY2F0aW9uIjoid2VzdHVzIn0?api-version=2017-05-10']
      pragma: [no-cache]
      strict-transport-security: [max-age=31536000; includeSubDomains]
      x-ms-ratelimit-remaining-subscription-writes: ['1187']
    status: {code: 202, message: Accepted}
version: 1
