interactions:
- request:
    body: !!python/unicode '{"location": "westus", "tags": {"date": "2018-08-17T17:03:22Z",
      "product": "azurecli", "cause": "automation"}}'
    headers:
      Accept: [application/json]
      Accept-Encoding: ['gzip, deflate']
      CommandName: [group create]
      Connection: [keep-alive]
      Content-Length: ['110']
      Content-Type: [application/json; charset=utf-8]
      User-Agent: [python/2.7.14 (Windows-10-10.0.17134) requests/2.19.1 msrest/0.5.4
          msrest_azure/0.4.34 resourcemanagementclient/2.0.0 Azure-SDK-For-Python
          AZURECLI/2.0.45]
      accept-language: [en-US]
    method: PUT
    uri: https://management.azure.com/subscriptions/00000000-0000-0000-0000-000000000000/resourcegroups/cli_test_cannotdelete_resource_lock000001?api-version=2018-02-01
  response:
    body: {string: !!python/unicode '{"id":"/subscriptions/00000000-0000-0000-0000-000000000000/resourceGroups/cli_test_cannotdelete_resource_lock000001","name":"cli_test_cannotdelete_resource_lock000001","location":"westus","tags":{"date":"2018-08-17T17:03:22Z","product":"azurecli","cause":"automation"},"properties":{"provisioningState":"Succeeded"}}'}
    headers:
      cache-control: [no-cache]
      content-length: ['384']
      content-type: [application/json; charset=utf-8]
      date: ['Fri, 17 Aug 2018 17:03:24 GMT']
      expires: ['-1']
      pragma: [no-cache]
      strict-transport-security: [max-age=31536000; includeSubDomains]
      x-content-type-options: [nosniff]
      x-ms-ratelimit-remaining-subscription-writes: ['1199']
    status: {code: 201, message: Created}
- request:
    body: null
    headers:
      Accept: [application/json]
      Accept-Encoding: ['gzip, deflate']
      CommandName: [network vnet create]
      Connection: [keep-alive]
      Content-Type: [application/json; charset=utf-8]
      User-Agent: [python/2.7.14 (Windows-10-10.0.17134) requests/2.19.1 msrest/0.5.4
          msrest_azure/0.4.34 resourcemanagementclient/2.0.0 Azure-SDK-For-Python
          AZURECLI/2.0.45]
      accept-language: [en-US]
    method: GET
    uri: https://management.azure.com/subscriptions/00000000-0000-0000-0000-000000000000/resourcegroups/cli_test_cannotdelete_resource_lock000001?api-version=2018-02-01
  response:
    body: {string: !!python/unicode '{"id":"/subscriptions/00000000-0000-0000-0000-000000000000/resourceGroups/cli_test_cannotdelete_resource_lock000001","name":"cli_test_cannotdelete_resource_lock000001","location":"westus","tags":{"date":"2018-08-17T17:03:22Z","product":"azurecli","cause":"automation"},"properties":{"provisioningState":"Succeeded"}}'}
    headers:
      cache-control: [no-cache]
      content-length: ['384']
      content-type: [application/json; charset=utf-8]
      date: ['Fri, 17 Aug 2018 17:03:25 GMT']
      expires: ['-1']
      pragma: [no-cache]
      strict-transport-security: [max-age=31536000; includeSubDomains]
      vary: [Accept-Encoding]
      x-content-type-options: [nosniff]
    status: {code: 200, message: OK}
- request:
    body: !!python/unicode '{"location": "westus", "properties": {"dhcpOptions": {},
      "addressSpace": {"addressPrefixes": ["10.0.0.0/16"]}}, "tags": {}}'
    headers:
      Accept: [application/json]
      Accept-Encoding: ['gzip, deflate']
      CommandName: [network vnet create]
      Connection: [keep-alive]
      Content-Length: ['123']
      Content-Type: [application/json; charset=utf-8]
      User-Agent: [python/2.7.14 (Windows-10-10.0.17134) requests/2.19.1 msrest/0.5.4
          msrest_azure/0.4.34 networkmanagementclient/2.0.0rc3 Azure-SDK-For-Python
          AZURECLI/2.0.45]
      accept-language: [en-US]
    method: PUT
    uri: https://management.azure.com/subscriptions/00000000-0000-0000-0000-000000000000/resourceGroups/cli_test_cannotdelete_resource_lock000001/providers/Microsoft.Network/virtualNetworks/cli.lock.rsrc000002?api-version=2017-10-01
  response:
    body: {string: !!python/unicode "{\r\n  \"name\": \"cli.lock.rsrc000002\",\r\n
        \ \"id\": \"/subscriptions/00000000-0000-0000-0000-000000000000/resourceGroups/cli_test_cannotdelete_resource_lock000001/providers/Microsoft.Network/virtualNetworks/cli.lock.rsrc000002\",\r\n
        \ \"etag\": \"W/\\\"658624dc-4abf-45de-8f7f-63ba3a64bbf9\\\"\",\r\n  \"type\":
        \"Microsoft.Network/virtualNetworks\",\r\n  \"location\": \"westus\",\r\n
        \ \"tags\": {},\r\n  \"properties\": {\r\n    \"provisioningState\": \"Updating\",\r\n
        \   \"resourceGuid\": \"b962d29e-8d54-4ec4-809c-9afadd3ebdc8\",\r\n    \"addressSpace\":
        {\r\n      \"addressPrefixes\": [\r\n        \"10.0.0.0/16\"\r\n      ]\r\n
        \   },\r\n    \"dhcpOptions\": {\r\n      \"dnsServers\": []\r\n    },\r\n
        \   \"subnets\": [],\r\n    \"virtualNetworkPeerings\": [],\r\n    \"enableDdosProtection\":
        false,\r\n    \"enableVmProtection\": false\r\n  }\r\n}"}
    headers:
      azure-asyncoperation: ['https://management.azure.com/subscriptions/00000000-0000-0000-0000-000000000000/providers/Microsoft.Network/locations/westus/operations/3c7461a2-07a7-4a36-890c-195cdec914cc?api-version=2017-10-01']
      cache-control: [no-cache]
      content-length: ['816']
      content-type: [application/json; charset=utf-8]
      date: ['Fri, 17 Aug 2018 17:03:25 GMT']
      expires: ['-1']
      pragma: [no-cache]
      server: [Microsoft-HTTPAPI/2.0, Microsoft-HTTPAPI/2.0]
      strict-transport-security: [max-age=31536000; includeSubDomains]
      x-content-type-options: [nosniff]
      x-ms-ratelimit-remaining-subscription-writes: ['1198']
    status: {code: 201, message: Created}
- request:
    body: null
    headers:
      Accept: [application/json]
      Accept-Encoding: ['gzip, deflate']
      CommandName: [network vnet create]
      Connection: [keep-alive]
      User-Agent: [python/2.7.14 (Windows-10-10.0.17134) requests/2.19.1 msrest/0.5.4
          msrest_azure/0.4.34 networkmanagementclient/2.0.0rc3 Azure-SDK-For-Python
          AZURECLI/2.0.45]
    method: GET
    uri: https://management.azure.com/subscriptions/00000000-0000-0000-0000-000000000000/providers/Microsoft.Network/locations/westus/operations/3c7461a2-07a7-4a36-890c-195cdec914cc?api-version=2017-10-01
  response:
    body: {string: !!python/unicode "{\r\n  \"status\": \"InProgress\"\r\n}"}
    headers:
      cache-control: [no-cache]
      content-length: ['30']
      content-type: [application/json; charset=utf-8]
      date: ['Fri, 17 Aug 2018 17:03:28 GMT']
      expires: ['-1']
      pragma: [no-cache]
      server: [Microsoft-HTTPAPI/2.0, Microsoft-HTTPAPI/2.0]
      strict-transport-security: [max-age=31536000; includeSubDomains]
      transfer-encoding: [chunked]
      vary: [Accept-Encoding]
      x-content-type-options: [nosniff]
    status: {code: 200, message: OK}
- request:
    body: null
    headers:
      Accept: [application/json]
      Accept-Encoding: ['gzip, deflate']
      CommandName: [network vnet create]
      Connection: [keep-alive]
      User-Agent: [python/2.7.14 (Windows-10-10.0.17134) requests/2.19.1 msrest/0.5.4
          msrest_azure/0.4.34 networkmanagementclient/2.0.0rc3 Azure-SDK-For-Python
          AZURECLI/2.0.45]
    method: GET
    uri: https://management.azure.com/subscriptions/00000000-0000-0000-0000-000000000000/providers/Microsoft.Network/locations/westus/operations/3c7461a2-07a7-4a36-890c-195cdec914cc?api-version=2017-10-01
  response:
    body: {string: !!python/unicode "{\r\n  \"status\": \"Succeeded\"\r\n}"}
    headers:
      cache-control: [no-cache]
      content-length: ['29']
      content-type: [application/json; charset=utf-8]
      date: ['Fri, 17 Aug 2018 17:03:40 GMT']
      expires: ['-1']
      pragma: [no-cache]
      server: [Microsoft-HTTPAPI/2.0, Microsoft-HTTPAPI/2.0]
      strict-transport-security: [max-age=31536000; includeSubDomains]
      transfer-encoding: [chunked]
      vary: [Accept-Encoding]
      x-content-type-options: [nosniff]
    status: {code: 200, message: OK}
- request:
    body: null
    headers:
      Accept: [application/json]
      Accept-Encoding: ['gzip, deflate']
      CommandName: [network vnet create]
      Connection: [keep-alive]
      User-Agent: [python/2.7.14 (Windows-10-10.0.17134) requests/2.19.1 msrest/0.5.4
          msrest_azure/0.4.34 networkmanagementclient/2.0.0rc3 Azure-SDK-For-Python
          AZURECLI/2.0.45]
    method: GET
    uri: https://management.azure.com/subscriptions/00000000-0000-0000-0000-000000000000/resourceGroups/cli_test_cannotdelete_resource_lock000001/providers/Microsoft.Network/virtualNetworks/cli.lock.rsrc000002?api-version=2017-10-01
  response:
    body: {string: !!python/unicode "{\r\n  \"name\": \"cli.lock.rsrc000002\",\r\n
        \ \"id\": \"/subscriptions/00000000-0000-0000-0000-000000000000/resourceGroups/cli_test_cannotdelete_resource_lock000001/providers/Microsoft.Network/virtualNetworks/cli.lock.rsrc000002\",\r\n
        \ \"etag\": \"W/\\\"4ce8f64a-0b97-4c9a-bd2d-0769ae7ba55c\\\"\",\r\n  \"type\":
        \"Microsoft.Network/virtualNetworks\",\r\n  \"location\": \"westus\",\r\n
        \ \"tags\": {},\r\n  \"properties\": {\r\n    \"provisioningState\": \"Succeeded\",\r\n
        \   \"resourceGuid\": \"b962d29e-8d54-4ec4-809c-9afadd3ebdc8\",\r\n    \"addressSpace\":
        {\r\n      \"addressPrefixes\": [\r\n        \"10.0.0.0/16\"\r\n      ]\r\n
        \   },\r\n    \"dhcpOptions\": {\r\n      \"dnsServers\": []\r\n    },\r\n
        \   \"subnets\": [],\r\n    \"virtualNetworkPeerings\": [],\r\n    \"enableDdosProtection\":
        false,\r\n    \"enableVmProtection\": false\r\n  }\r\n}"}
    headers:
      cache-control: [no-cache]
      content-length: ['817']
      content-type: [application/json; charset=utf-8]
      date: ['Fri, 17 Aug 2018 17:03:40 GMT']
      etag: [W/"4ce8f64a-0b97-4c9a-bd2d-0769ae7ba55c"]
      expires: ['-1']
      pragma: [no-cache]
      server: [Microsoft-HTTPAPI/2.0, Microsoft-HTTPAPI/2.0]
      strict-transport-security: [max-age=31536000; includeSubDomains]
      transfer-encoding: [chunked]
      vary: [Accept-Encoding]
      x-content-type-options: [nosniff]
    status: {code: 200, message: OK}
- request:
    body: !!python/unicode '{"name": "cli-test-lock000003", "properties": {"level":
      "CanNotDelete"}}'
    headers:
      Accept: [application/json]
      Accept-Encoding: ['gzip, deflate']
      CommandName: [lock create]
      Connection: [keep-alive]
      Content-Length: ['127']
      Content-Type: [application/json; charset=utf-8]
      User-Agent: [python/2.7.14 (Windows-10-10.0.17134) requests/2.19.1 msrest/0.5.4
          msrest_azure/0.4.34 managementlockclient/2.0.0 Azure-SDK-For-Python AZURECLI/2.0.45]
      accept-language: [en-US]
    method: PUT
    uri: https://management.azure.com/subscriptions/00000000-0000-0000-0000-000000000000/resourcegroups/cli_test_cannotdelete_resource_lock000001/providers/Microsoft.Network/virtualNetworks/cli.lock.rsrc000002/providers/Microsoft.Authorization/locks/cli-test-lock000003?api-version=2016-09-01
  response:
    body: {string: !!python/unicode '{"properties":{"level":"CanNotDelete"},"id":"/subscriptions/00000000-0000-0000-0000-000000000000/resourcegroups/cli_test_cannotdelete_resource_lock000001/providers/Microsoft.Network/virtualNetworks/cli.lock.rsrc000002/providers/Microsoft.Authorization/locks/cli-test-lock000003","type":"Microsoft.Authorization/locks","name":"cli-test-lock000003"}'}
    headers:
      cache-control: [no-cache]
      content-length: ['502']
      content-type: [application/json; charset=utf-8]
      date: ['Fri, 17 Aug 2018 17:03:41 GMT']
      expires: ['-1']
      pragma: [no-cache]
      strict-transport-security: [max-age=31536000; includeSubDomains]
      x-content-type-options: [nosniff]
      x-ms-ratelimit-remaining-subscription-writes: ['1199']
    status: {code: 201, message: Created}
- request:
    body: null
    headers:
      Accept: [application/json]
      Accept-Encoding: ['gzip, deflate']
      CommandName: [lock show]
      Connection: [keep-alive]
      Content-Type: [application/json; charset=utf-8]
      User-Agent: [python/2.7.14 (Windows-10-10.0.17134) requests/2.19.1 msrest/0.5.4
          msrest_azure/0.4.34 managementlockclient/2.0.0 Azure-SDK-For-Python AZURECLI/2.0.45]
      accept-language: [en-US]
    method: GET
    uri: https://management.azure.com/subscriptions/00000000-0000-0000-0000-000000000000/providers/Microsoft.Authorization/locks?api-version=2016-09-01
  response:
    body: {string: !!python/unicode '{"value":[{"properties":{"level":"CanNotDelete"},"id":"/subscriptions/00000000-0000-0000-0000-000000000000/resourcegroups/cli_test_cannotdelete_resource_lock000001/providers/Microsoft.Network/virtualNetworks/cli.lock.rsrc000002/providers/Microsoft.Authorization/locks/cli-test-lock000003","type":"Microsoft.Authorization/locks","name":"cli-test-lock000003"}]}'}
    headers:
      cache-control: [no-cache]
      content-length: ['514']
      content-type: [application/json; charset=utf-8]
      date: ['Fri, 17 Aug 2018 17:03:41 GMT']
      expires: ['-1']
      pragma: [no-cache]
      strict-transport-security: [max-age=31536000; includeSubDomains]
      transfer-encoding: [chunked]
      vary: ['Accept-Encoding,Accept-Encoding']
      x-content-type-options: [nosniff]
    status: {code: 200, message: OK}
- request:
    body: null
    headers:
      Accept: [application/json]
      Accept-Encoding: ['gzip, deflate']
      CommandName: [lock show]
      Connection: [keep-alive]
      Content-Type: [application/json; charset=utf-8]
      User-Agent: [python/2.7.14 (Windows-10-10.0.17134) requests/2.19.1 msrest/0.5.4
          msrest_azure/0.4.34 managementlockclient/2.0.0 Azure-SDK-For-Python AZURECLI/2.0.45]
      accept-language: [en-US]
    method: GET
    uri: https://management.azure.com/subscriptions/00000000-0000-0000-0000-000000000000/resourcegroups/cli_test_cannotdelete_resource_lock000001/providers/Microsoft.Network/virtualNetworks/cli.lock.rsrc000002/providers/Microsoft.Authorization/locks/cli-test-lock000003?api-version=2016-09-01
  response:
    body: {string: !!python/unicode '{"properties":{"level":"CanNotDelete"},"id":"/subscriptions/00000000-0000-0000-0000-000000000000/resourcegroups/cli_test_cannotdelete_resource_lock000001/providers/Microsoft.Network/virtualNetworks/cli.lock.rsrc000002/providers/Microsoft.Authorization/locks/cli-test-lock000003","type":"Microsoft.Authorization/locks","name":"cli-test-lock000003"}'}
    headers:
      cache-control: [no-cache]
      content-length: ['502']
      content-type: [application/json; charset=utf-8]
      date: ['Fri, 17 Aug 2018 17:03:42 GMT']
      expires: ['-1']
      pragma: [no-cache]
      strict-transport-security: [max-age=31536000; includeSubDomains]
      transfer-encoding: [chunked]
      vary: ['Accept-Encoding,Accept-Encoding']
      x-content-type-options: [nosniff]
    status: {code: 200, message: OK}
- request:
    body: null
    headers:
      Accept: [application/json]
      Accept-Encoding: ['gzip, deflate']
      CommandName: [lock list]
      Connection: [keep-alive]
      Content-Type: [application/json; charset=utf-8]
      User-Agent: [python/2.7.14 (Windows-10-10.0.17134) requests/2.19.1 msrest/0.5.4
          msrest_azure/0.4.34 managementlockclient/2.0.0 Azure-SDK-For-Python AZURECLI/2.0.45]
      accept-language: [en-US]
    method: GET
    uri: https://management.azure.com/subscriptions/00000000-0000-0000-0000-000000000000/providers/Microsoft.Authorization/locks?api-version=2016-09-01
  response:
    body: {string: !!python/unicode '{"value":[{"properties":{"level":"CanNotDelete"},"id":"/subscriptions/00000000-0000-0000-0000-000000000000/resourcegroups/cli_test_cannotdelete_resource_lock000001/providers/Microsoft.Network/virtualNetworks/cli.lock.rsrc000002/providers/Microsoft.Authorization/locks/cli-test-lock000003","type":"Microsoft.Authorization/locks","name":"cli-test-lock000003"}]}'}
    headers:
      cache-control: [no-cache]
      content-length: ['514']
      content-type: [application/json; charset=utf-8]
      date: ['Fri, 17 Aug 2018 17:03:42 GMT']
      expires: ['-1']
      pragma: [no-cache]
      strict-transport-security: [max-age=31536000; includeSubDomains]
      transfer-encoding: [chunked]
      vary: ['Accept-Encoding,Accept-Encoding']
      x-content-type-options: [nosniff]
    status: {code: 200, message: OK}
- request:
    body: null
    headers:
      Accept: [application/json]
      Accept-Encoding: ['gzip, deflate']
      CommandName: [lock update]
      Connection: [keep-alive]
      Content-Type: [application/json; charset=utf-8]
      User-Agent: [python/2.7.14 (Windows-10-10.0.17134) requests/2.19.1 msrest/0.5.4
          msrest_azure/0.4.34 managementlockclient/2.0.0 Azure-SDK-For-Python AZURECLI/2.0.45]
      accept-language: [en-US]
    method: GET
    uri: https://management.azure.com/subscriptions/00000000-0000-0000-0000-000000000000/providers/Microsoft.Authorization/locks?api-version=2016-09-01
  response:
    body: {string: !!python/unicode '{"value":[{"properties":{"level":"CanNotDelete"},"id":"/subscriptions/00000000-0000-0000-0000-000000000000/resourcegroups/cli_test_cannotdelete_resource_lock000001/providers/Microsoft.Network/virtualNetworks/cli.lock.rsrc000002/providers/Microsoft.Authorization/locks/cli-test-lock000003","type":"Microsoft.Authorization/locks","name":"cli-test-lock000003"}]}'}
    headers:
      cache-control: [no-cache]
      content-length: ['514']
      content-type: [application/json; charset=utf-8]
      date: ['Fri, 17 Aug 2018 17:03:42 GMT']
      expires: ['-1']
      pragma: [no-cache]
      strict-transport-security: [max-age=31536000; includeSubDomains]
      transfer-encoding: [chunked]
      vary: ['Accept-Encoding,Accept-Encoding']
      x-content-type-options: [nosniff]
    status: {code: 200, message: OK}
- request:
    body: null
    headers:
      Accept: [application/json]
      Accept-Encoding: ['gzip, deflate']
      CommandName: [lock update]
      Connection: [keep-alive]
      Content-Type: [application/json; charset=utf-8]
      User-Agent: [python/2.7.14 (Windows-10-10.0.17134) requests/2.19.1 msrest/0.5.4
          msrest_azure/0.4.34 managementlockclient/2.0.0 Azure-SDK-For-Python AZURECLI/2.0.45]
      accept-language: [en-US]
    method: GET
    uri: https://management.azure.com/subscriptions/00000000-0000-0000-0000-000000000000/resourcegroups/cli_test_cannotdelete_resource_lock000001/providers/Microsoft.Network/virtualNetworks/cli.lock.rsrc000002/providers/Microsoft.Authorization/locks/cli-test-lock000003?api-version=2016-09-01
  response:
    body: {string: !!python/unicode '{"properties":{"level":"CanNotDelete"},"id":"/subscriptions/00000000-0000-0000-0000-000000000000/resourcegroups/cli_test_cannotdelete_resource_lock000001/providers/Microsoft.Network/virtualNetworks/cli.lock.rsrc000002/providers/Microsoft.Authorization/locks/cli-test-lock000003","type":"Microsoft.Authorization/locks","name":"cli-test-lock000003"}'}
    headers:
      cache-control: [no-cache]
      content-length: ['502']
      content-type: [application/json; charset=utf-8]
      date: ['Fri, 17 Aug 2018 17:03:43 GMT']
      expires: ['-1']
      pragma: [no-cache]
      strict-transport-security: [max-age=31536000; includeSubDomains]
      transfer-encoding: [chunked]
      vary: ['Accept-Encoding,Accept-Encoding']
      x-content-type-options: [nosniff]
    status: {code: 200, message: OK}
- request:
    body: !!python/unicode '{"name": "cli-test-lock000003", "properties": {"notes":
      "notes000004", "level": "ReadOnly"}}'
    headers:
      Accept: [application/json]
      Accept-Encoding: ['gzip, deflate']
      CommandName: [lock update]
      Connection: [keep-alive]
      Content-Length: ['156']
      Content-Type: [application/json; charset=utf-8]
      User-Agent: [python/2.7.14 (Windows-10-10.0.17134) requests/2.19.1 msrest/0.5.4
          msrest_azure/0.4.34 managementlockclient/2.0.0 Azure-SDK-For-Python AZURECLI/2.0.45]
      accept-language: [en-US]
    method: PUT
    uri: https://management.azure.com/subscriptions/00000000-0000-0000-0000-000000000000/resourcegroups/cli_test_cannotdelete_resource_lock000001/providers/Microsoft.Network/virtualNetworks/cli.lock.rsrc000002/providers/Microsoft.Authorization/locks/cli-test-lock000003?api-version=2016-09-01
  response:
    body: {string: !!python/unicode '{"properties":{"level":"ReadOnly","notes":"notes000004"},"id":"/subscriptions/00000000-0000-0000-0000-000000000000/resourcegroups/cli_test_cannotdelete_resource_lock000001/providers/Microsoft.Network/virtualNetworks/cli.lock.rsrc000002/providers/Microsoft.Authorization/locks/cli-test-lock000003","type":"Microsoft.Authorization/locks","name":"cli-test-lock000003"}'}
    headers:
      cache-control: [no-cache]
      content-length: ['529']
      content-type: [application/json; charset=utf-8]
      date: ['Fri, 17 Aug 2018 17:03:44 GMT']
      expires: ['-1']
      pragma: [no-cache]
      strict-transport-security: [max-age=31536000; includeSubDomains]
      transfer-encoding: [chunked]
      vary: ['Accept-Encoding,Accept-Encoding']
      x-content-type-options: [nosniff]
      x-ms-ratelimit-remaining-subscription-writes: ['1199']
    status: {code: 200, message: OK}
- request:
    body: null
    headers:
      Accept: [application/json]
      Accept-Encoding: ['gzip, deflate']
      CommandName: [lock delete]
      Connection: [keep-alive]
      Content-Type: [application/json; charset=utf-8]
      User-Agent: [python/2.7.14 (Windows-10-10.0.17134) requests/2.19.1 msrest/0.5.4
          msrest_azure/0.4.34 managementlockclient/2.0.0 Azure-SDK-For-Python AZURECLI/2.0.45]
      accept-language: [en-US]
    method: GET
    uri: https://management.azure.com/subscriptions/00000000-0000-0000-0000-000000000000/providers/Microsoft.Authorization/locks?api-version=2016-09-01
  response:
    body: {string: !!python/unicode '{"value":[{"properties":{"level":"ReadOnly","notes":"notes000004"},"id":"/subscriptions/00000000-0000-0000-0000-000000000000/resourcegroups/cli_test_cannotdelete_resource_lock000001/providers/Microsoft.Network/virtualNetworks/cli.lock.rsrc000002/providers/Microsoft.Authorization/locks/cli-test-lock000003","type":"Microsoft.Authorization/locks","name":"cli-test-lock000003"}]}'}
    headers:
      cache-control: [no-cache]
      content-length: ['541']
      content-type: [application/json; charset=utf-8]
      date: ['Fri, 17 Aug 2018 17:03:45 GMT']
      expires: ['-1']
      pragma: [no-cache]
      strict-transport-security: [max-age=31536000; includeSubDomains]
      transfer-encoding: [chunked]
      vary: ['Accept-Encoding,Accept-Encoding']
      x-content-type-options: [nosniff]
    status: {code: 200, message: OK}
- request:
    body: null
    headers:
      Accept: [application/json]
      Accept-Encoding: ['gzip, deflate']
      CommandName: [lock delete]
      Connection: [keep-alive]
      Content-Length: ['0']
      Content-Type: [application/json; charset=utf-8]
      User-Agent: [python/2.7.14 (Windows-10-10.0.17134) requests/2.19.1 msrest/0.5.4
          msrest_azure/0.4.34 managementlockclient/2.0.0 Azure-SDK-For-Python AZURECLI/2.0.45]
      accept-language: [en-US]
    method: DELETE
    uri: https://management.azure.com/subscriptions/00000000-0000-0000-0000-000000000000/resourcegroups/cli_test_cannotdelete_resource_lock000001/providers/Microsoft.Network/virtualNetworks/cli.lock.rsrc000002/providers/Microsoft.Authorization/locks/cli-test-lock000003?api-version=2016-09-01
  response:
    body: {string: !!python/unicode ''}
    headers:
      cache-control: [no-cache]
      content-length: ['0']
      date: ['Fri, 17 Aug 2018 17:03:44 GMT']
      expires: ['-1']
      pragma: [no-cache]
      strict-transport-security: [max-age=31536000; includeSubDomains]
      x-content-type-options: [nosniff]
      x-ms-ratelimit-remaining-subscription-deletes: ['14998']
    status: {code: 200, message: OK}
- request:
    body: null
    headers:
      Accept: [application/json]
      Accept-Encoding: ['gzip, deflate']
      CommandName: [group delete]
      Connection: [keep-alive]
      Content-Length: ['0']
      Content-Type: [application/json; charset=utf-8]
      User-Agent: [python/2.7.14 (Windows-10-10.0.17134) requests/2.19.1 msrest/0.5.4
          msrest_azure/0.4.34 resourcemanagementclient/2.0.0 Azure-SDK-For-Python
          AZURECLI/2.0.45]
      accept-language: [en-US]
    method: DELETE
    uri: https://management.azure.com/subscriptions/00000000-0000-0000-0000-000000000000/resourcegroups/cli_test_cannotdelete_resource_lock000001?api-version=2018-02-01
  response:
    body: {string: !!python/unicode ''}
    headers:
      cache-control: [no-cache]
      content-length: ['0']
      date: ['Fri, 17 Aug 2018 17:03:45 GMT']
      expires: ['-1']
      location: ['https://management.azure.com/subscriptions/00000000-0000-0000-0000-000000000000/operationresults/eyJqb2JJZCI6IlJFU09VUkNFR1JPVVBERUxFVElPTkpPQi1DTEk6NUZURVNUOjVGQ0FOTk9UREVMRVRFOjVGUkVTT1VSQ0U6NUZMT0NLWTI3VHwxMUNDRTI2MEQ0RDM5RDQyLVdFU1RVUyIsImpvYkxvY2F0aW9uIjoid2VzdHVzIn0?api-version=2018-02-01']
      pragma: [no-cache]
      strict-transport-security: [max-age=31536000; includeSubDomains]
      x-content-type-options: [nosniff]
      x-ms-ratelimit-remaining-subscription-deletes: ['14998']
    status: {code: 202, message: Accepted}
version: 1
